
Microsoft Visual Studio Solution File, Format Version 9.00
# Visual Studio 2005
Project("{FAE04EC0-301F-11D3-BF4B-00C04F79EFBC}") = "AutoSessionScheduler", "AutoSessionScheduler.csproj", "{AE8EEF95-3C3A-4171-AF44-00C4E8FA3E9A}"
EndProject
Project("{FAE04EC0-301F-11D3-BF4B-00C04F79EFBC}") = "OpenSkieScheduler", "..\OpenSkieScheduler\OpenSkieScheduler.csproj", "{7AA21CBF-336D-4815-A2A6-55AC5694A241}"
EndProject
Project("{FAE04EC0-301F-11D3-BF4B-00C04F79EFBC}") = "xperdex.classes", "..\..\xperdex.classes\xperdex.classes.csproj", "{041E5A37-8678-451E-9500-EE3D7864C092}"
EndProject
Project("{FAE04EC0-301F-11D3-BF4B-00C04F79EFBC}") = "AutoSessionGenerator", "..\AutoSessionGenerator\AutoSessionGenerator.csproj", "{AA95E60C-4854-4EEE-87EA-C94A08924286}"
EndProject
Project("{FAE04EC0-301F-11D3-BF4B-00C04F79EFBC}") = "Csx", "..\..\..\Libs\Csx\Csx.csproj", "{2D8297BB-6251-4CBA-9805-CB73954221AB}"
EndProject
Project("{FAE04EC0-301F-11D3-BF4B-00C04F79EFBC}") = "MonthCalendar", "..\..\..\Libs\CUIC\MonthCalendar_src_vs2005\MonthCalendar.csproj", "{898ECB12-D464-4514-AE2E-45FE430FE04E}"
EndProject
Global
	GlobalSection(SolutionConfigurationPlatforms) = preSolution
		Debug|Any CPU = Debug|Any CPU
		Release|Any CPU = Release|Any CPU
	EndGlobalSection
	GlobalSection(ProjectConfigurationPlatforms) = postSolution
		{AE8EEF95-3C3A-4171-AF44-00C4E8FA3E9A}.Debug|Any CPU.ActiveCfg = Debug|Any CPU
		{AE8EEF95-3C3A-4171-AF44-00C4E8FA3E9A}.Debug|Any CPU.Build.0 = Debug|Any CPU
		{AE8EEF95-3C3A-4171-AF44-00C4E8FA3E9A}.Release|Any CPU.ActiveCfg = Release|Any CPU
		{AE8EEF95-3C3A-4171-AF44-00C4E8FA3E9A}.Release|Any CPU.Build.0 = Release|Any CPU
		{7AA21CBF-336D-4815-A2A6-55AC5694A241}.Debug|Any CPU.ActiveCfg = Debug|Any CPU
		{7AA21CBF-336D-4815-A2A6-55AC5694A241}.Debug|Any CPU.Build.0 = Debug|Any CPU
		{7AA21CBF-336D-4815-A2A6-55AC5694A241}.Release|Any CPU.ActiveCfg = Release|Any CPU
		{7AA21CBF-336D-4815-A2A6-55AC5694A241}.Release|Any CPU.Build.0 = Release|Any CPU
		{041E5A37-8678-451E-9500-EE3D7864C092}.Debug|Any CPU.ActiveCfg = Debug|Any CPU
		{041E5A37-8678-451E-9500-EE3D7864C092}.Debug|Any CPU.Build.0 = Debug|Any CPU
		{041E5A37-8678-451E-9500-EE3D7864C092}.Release|Any CPU.ActiveCfg = Release|Any CPU
		{041E5A37-8678-451E-9500-EE3D7864C092}.Release|Any CPU.Build.0 = Release|Any CPU
		{AA95E60C-4854-4EEE-87EA-C94A08924286}.Debug|Any CPU.ActiveCfg = Debug|Any CPU
		{AA95E60C-4854-4EEE-87EA-C94A08924286}.Debug|Any CPU.Build.0 = Debug|Any CPU
		{AA95E60C-4854-4EEE-87EA-C94A08924286}.Release|Any CPU.ActiveCfg = Release|Any CPU
		{AA95E60C-4854-4EEE-87EA-C94A08924286}.Release|Any CPU.Build.0 = Release|Any CPU
		{2D8297BB-6251-4CBA-9805-CB73954221AB}.Debug|Any CPU.ActiveCfg = Debug|Any CPU
		{2D8297BB-6251-4CBA-9805-CB73954221AB}.Debug|Any CPU.Build.0 = Debug|Any CPU
		{2D8297BB-6251-4CBA-9805-CB73954221AB}.Release|Any CPU.ActiveCfg = Release|Any CPU
		{2D8297BB-6251-4CBA-9805-CB73954221AB}.Release|Any CPU.Build.0 = Release|Any CPU
		{898ECB12-D464-4514-AE2E-45FE430FE04E}.Debug|Any CPU.ActiveCfg = Debug|Any CPU
		{898ECB12-D464-4514-AE2E-45FE430FE04E}.Debug|Any CPU.Build.0 = Debug|Any CPU
		{898ECB12-D464-4514-AE2E-45FE430FE04E}.Release|Any CPU.ActiveCfg = Release|Any CPU
		{898ECB12-D464-4514-AE2E-45FE430FE04E}.Release|Any CPU.Build.0 = Release|Any CPU
	EndGlobalSection
	GlobalSection(SolutionProperties) = preSolution
		HideSolutionNode = FALSE
	EndGlobalSection
EndGlobal
