
Microsoft Visual Studio Solution File, Format Version 11.00
# Visual Studio 2010
Project("{FAE04EC0-301F-11D3-BF4B-00C04F79EFBC}") = "OpenSkieTransactionServer", "OpenSkieTransactionServer.csproj", "{E65DCA43-F520-40F9-8F9A-C9293EE2DF31}"
EndProject
Project("{FAE04EC0-301F-11D3-BF4B-00C04F79EFBC}") = "xperdex.classes.vs10.4.0", "..\..\xperdex.classes.2\xperdex.classes.vs10.4.0.csproj", "{041E5A37-8678-451E-9500-EE3D7864C092}"
EndProject
Project("{FAE04EC0-301F-11D3-BF4B-00C04F79EFBC}") = "System.Data.SQLite.Module.2010.4.0", "..\..\SQLite\1.0.80.0\System.Data.SQLite\System.Data.SQLite.Module.2010.4.0.csproj", "{AC139952-261A-4463-B6FA-AEBC25284A66}"
EndProject
Project("{FAE04EC0-301F-11D3-BF4B-00C04F79EFBC}") = "System.Data.SQLite.2010", "..\..\SQLite\1.0.80.0\System.Data.SQLite\System.Data.SQLite.2010.csproj", "{AC139952-261A-4463-B6FA-AEBC25283A66}"
	ProjectSection(ProjectDependencies) = postProject
		{490CBC51-A3B2-4397-89F9-16E858DCB4F8} = {490CBC51-A3B2-4397-89F9-16E858DCB4F8}
	EndProjectSection
EndProject
Project("{8BC9CEB8-8B4A-11D0-8D11-00A0C91BC942}") = "SQLite.Interop.Static.2010", "..\..\SQLite\1.0.80.0\SQLite.Interop\SQLite.Interop.Static.2010.4.0.vcxproj", "{490CBC51-A3B2-4397-89F9-16E858DCB4F8}"
	ProjectSection(ProjectDependencies) = postProject
		{AC139952-261A-4463-B6FA-AEBC25284A66} = {AC139952-261A-4463-B6FA-AEBC25284A66}
	EndProjectSection
EndProject
Project("{FAE04EC0-301F-11D3-BF4B-00C04F79EFBC}") = "WebInterfaces", "WebInterfaces\WebInterfaces.csproj", "{23DD573E-8EAD-4E1F-B28B-3E990667632B}"
EndProject
Global
	GlobalSection(SolutionConfigurationPlatforms) = preSolution
		Debug|Any CPU = Debug|Any CPU
		Debug|Mixed Platforms = Debug|Mixed Platforms
		Debug|x64 = Debug|x64
		Debug|x86 = Debug|x86
		DebugNativeOnly|Any CPU = DebugNativeOnly|Any CPU
		DebugNativeOnly|Mixed Platforms = DebugNativeOnly|Mixed Platforms
		DebugNativeOnly|x64 = DebugNativeOnly|x64
		DebugNativeOnly|x86 = DebugNativeOnly|x86
		Release|Any CPU = Release|Any CPU
		Release|Mixed Platforms = Release|Mixed Platforms
		Release|x64 = Release|x64
		Release|x86 = Release|x86
		ReleaseNativeOnly|Any CPU = ReleaseNativeOnly|Any CPU
		ReleaseNativeOnly|Mixed Platforms = ReleaseNativeOnly|Mixed Platforms
		ReleaseNativeOnly|x64 = ReleaseNativeOnly|x64
		ReleaseNativeOnly|x86 = ReleaseNativeOnly|x86
	EndGlobalSection
	GlobalSection(ProjectConfigurationPlatforms) = postSolution
		{E65DCA43-F520-40F9-8F9A-C9293EE2DF31}.Debug|Any CPU.ActiveCfg = Debug|Any CPU
		{E65DCA43-F520-40F9-8F9A-C9293EE2DF31}.Debug|Any CPU.Build.0 = Debug|Any CPU
		{E65DCA43-F520-40F9-8F9A-C9293EE2DF31}.Debug|Mixed Platforms.ActiveCfg = Debug|x64
		{E65DCA43-F520-40F9-8F9A-C9293EE2DF31}.Debug|Mixed Platforms.Build.0 = Debug|x64
		{E65DCA43-F520-40F9-8F9A-C9293EE2DF31}.Debug|x64.ActiveCfg = Debug|x86
		{E65DCA43-F520-40F9-8F9A-C9293EE2DF31}.Debug|x64.Build.0 = Debug|x86
		{E65DCA43-F520-40F9-8F9A-C9293EE2DF31}.Debug|x86.ActiveCfg = Debug|x86
		{E65DCA43-F520-40F9-8F9A-C9293EE2DF31}.Debug|x86.Build.0 = Debug|x86
		{E65DCA43-F520-40F9-8F9A-C9293EE2DF31}.DebugNativeOnly|Any CPU.ActiveCfg = Debug|Any CPU
		{E65DCA43-F520-40F9-8F9A-C9293EE2DF31}.DebugNativeOnly|Any CPU.Build.0 = Debug|Any CPU
		{E65DCA43-F520-40F9-8F9A-C9293EE2DF31}.DebugNativeOnly|Mixed Platforms.ActiveCfg = Debug|x64
		{E65DCA43-F520-40F9-8F9A-C9293EE2DF31}.DebugNativeOnly|Mixed Platforms.Build.0 = Debug|x64
		{E65DCA43-F520-40F9-8F9A-C9293EE2DF31}.DebugNativeOnly|x64.ActiveCfg = Debug|Any CPU
		{E65DCA43-F520-40F9-8F9A-C9293EE2DF31}.DebugNativeOnly|x86.ActiveCfg = Debug|Any CPU
		{E65DCA43-F520-40F9-8F9A-C9293EE2DF31}.Release|Any CPU.ActiveCfg = Release|Any CPU
		{E65DCA43-F520-40F9-8F9A-C9293EE2DF31}.Release|Any CPU.Build.0 = Release|Any CPU
		{E65DCA43-F520-40F9-8F9A-C9293EE2DF31}.Release|Mixed Platforms.ActiveCfg = Release|x64
		{E65DCA43-F520-40F9-8F9A-C9293EE2DF31}.Release|Mixed Platforms.Build.0 = Release|x64
		{E65DCA43-F520-40F9-8F9A-C9293EE2DF31}.Release|x64.ActiveCfg = Release|Any CPU
		{E65DCA43-F520-40F9-8F9A-C9293EE2DF31}.Release|x64.Build.0 = Release|Any CPU
		{E65DCA43-F520-40F9-8F9A-C9293EE2DF31}.Release|x86.ActiveCfg = Release|Any CPU
		{E65DCA43-F520-40F9-8F9A-C9293EE2DF31}.Release|x86.Build.0 = Release|Any CPU
		{E65DCA43-F520-40F9-8F9A-C9293EE2DF31}.ReleaseNativeOnly|Any CPU.ActiveCfg = Release|Any CPU
		{E65DCA43-F520-40F9-8F9A-C9293EE2DF31}.ReleaseNativeOnly|Any CPU.Build.0 = Release|Any CPU
		{E65DCA43-F520-40F9-8F9A-C9293EE2DF31}.ReleaseNativeOnly|Mixed Platforms.ActiveCfg = Release|x64
		{E65DCA43-F520-40F9-8F9A-C9293EE2DF31}.ReleaseNativeOnly|Mixed Platforms.Build.0 = Release|x64
		{E65DCA43-F520-40F9-8F9A-C9293EE2DF31}.ReleaseNativeOnly|x64.ActiveCfg = Release|Any CPU
		{E65DCA43-F520-40F9-8F9A-C9293EE2DF31}.ReleaseNativeOnly|x86.ActiveCfg = Release|Any CPU
		{041E5A37-8678-451E-9500-EE3D7864C092}.Debug|Any CPU.ActiveCfg = Debug|Any CPU
		{041E5A37-8678-451E-9500-EE3D7864C092}.Debug|Any CPU.Build.0 = Debug|Any CPU
		{041E5A37-8678-451E-9500-EE3D7864C092}.Debug|Mixed Platforms.ActiveCfg = Debug|x64
		{041E5A37-8678-451E-9500-EE3D7864C092}.Debug|Mixed Platforms.Build.0 = Debug|x64
		{041E5A37-8678-451E-9500-EE3D7864C092}.Debug|x64.ActiveCfg = Debug|Any CPU
		{041E5A37-8678-451E-9500-EE3D7864C092}.Debug|x64.Build.0 = Debug|Any CPU
		{041E5A37-8678-451E-9500-EE3D7864C092}.Debug|x86.ActiveCfg = Debug|Any CPU
		{041E5A37-8678-451E-9500-EE3D7864C092}.Debug|x86.Build.0 = Debug|Any CPU
		{041E5A37-8678-451E-9500-EE3D7864C092}.DebugNativeOnly|Any CPU.ActiveCfg = Debug|x64
		{041E5A37-8678-451E-9500-EE3D7864C092}.DebugNativeOnly|Mixed Platforms.ActiveCfg = Debug|x64
		{041E5A37-8678-451E-9500-EE3D7864C092}.DebugNativeOnly|Mixed Platforms.Build.0 = Debug|x64
		{041E5A37-8678-451E-9500-EE3D7864C092}.DebugNativeOnly|x64.ActiveCfg = Debug|x64
		{041E5A37-8678-451E-9500-EE3D7864C092}.DebugNativeOnly|x64.Build.0 = Debug|x64
		{041E5A37-8678-451E-9500-EE3D7864C092}.DebugNativeOnly|x86.ActiveCfg = Debug|x64
		{041E5A37-8678-451E-9500-EE3D7864C092}.Release|Any CPU.ActiveCfg = Release|Any CPU
		{041E5A37-8678-451E-9500-EE3D7864C092}.Release|Any CPU.Build.0 = Release|Any CPU
		{041E5A37-8678-451E-9500-EE3D7864C092}.Release|Mixed Platforms.ActiveCfg = Release|x64
		{041E5A37-8678-451E-9500-EE3D7864C092}.Release|Mixed Platforms.Build.0 = Release|x64
		{041E5A37-8678-451E-9500-EE3D7864C092}.Release|x64.ActiveCfg = Release|Any CPU
		{041E5A37-8678-451E-9500-EE3D7864C092}.Release|x64.Build.0 = Release|Any CPU
		{041E5A37-8678-451E-9500-EE3D7864C092}.Release|x86.ActiveCfg = Release|Any CPU
		{041E5A37-8678-451E-9500-EE3D7864C092}.Release|x86.Build.0 = Release|Any CPU
		{041E5A37-8678-451E-9500-EE3D7864C092}.ReleaseNativeOnly|Any CPU.ActiveCfg = Release|x64
		{041E5A37-8678-451E-9500-EE3D7864C092}.ReleaseNativeOnly|Mixed Platforms.ActiveCfg = Release|x64
		{041E5A37-8678-451E-9500-EE3D7864C092}.ReleaseNativeOnly|Mixed Platforms.Build.0 = Release|x64
		{041E5A37-8678-451E-9500-EE3D7864C092}.ReleaseNativeOnly|x64.ActiveCfg = Release|x64
		{041E5A37-8678-451E-9500-EE3D7864C092}.ReleaseNativeOnly|x64.Build.0 = Release|x64
		{041E5A37-8678-451E-9500-EE3D7864C092}.ReleaseNativeOnly|x86.ActiveCfg = Release|x64
		{AC139952-261A-4463-B6FA-AEBC25284A66}.Debug|Any CPU.ActiveCfg = Debug|Any CPU
		{AC139952-261A-4463-B6FA-AEBC25284A66}.Debug|Any CPU.Build.0 = Debug|Any CPU
		{AC139952-261A-4463-B6FA-AEBC25284A66}.Debug|Mixed Platforms.ActiveCfg = Debug|Any CPU
		{AC139952-261A-4463-B6FA-AEBC25284A66}.Debug|Mixed Platforms.Build.0 = Debug|Any CPU
		{AC139952-261A-4463-B6FA-AEBC25284A66}.Debug|x64.ActiveCfg = Debug|Any CPU
		{AC139952-261A-4463-B6FA-AEBC25284A66}.Debug|x64.Build.0 = Debug|Any CPU
		{AC139952-261A-4463-B6FA-AEBC25284A66}.Debug|x86.ActiveCfg = Debug|Any CPU
		{AC139952-261A-4463-B6FA-AEBC25284A66}.Debug|x86.Build.0 = Debug|Any CPU
		{AC139952-261A-4463-B6FA-AEBC25284A66}.DebugNativeOnly|Any CPU.ActiveCfg = Debug|Any CPU
		{AC139952-261A-4463-B6FA-AEBC25284A66}.DebugNativeOnly|Any CPU.Build.0 = Debug|Any CPU
		{AC139952-261A-4463-B6FA-AEBC25284A66}.DebugNativeOnly|Mixed Platforms.ActiveCfg = Debug|Any CPU
		{AC139952-261A-4463-B6FA-AEBC25284A66}.DebugNativeOnly|Mixed Platforms.Build.0 = Debug|Any CPU
		{AC139952-261A-4463-B6FA-AEBC25284A66}.DebugNativeOnly|x64.ActiveCfg = Debug|Any CPU
		{AC139952-261A-4463-B6FA-AEBC25284A66}.DebugNativeOnly|x86.ActiveCfg = Debug|Any CPU
		{AC139952-261A-4463-B6FA-AEBC25284A66}.Release|Any CPU.ActiveCfg = Release|Any CPU
		{AC139952-261A-4463-B6FA-AEBC25284A66}.Release|Any CPU.Build.0 = Release|Any CPU
		{AC139952-261A-4463-B6FA-AEBC25284A66}.Release|Mixed Platforms.ActiveCfg = Release|Any CPU
		{AC139952-261A-4463-B6FA-AEBC25284A66}.Release|Mixed Platforms.Build.0 = Release|Any CPU
		{AC139952-261A-4463-B6FA-AEBC25284A66}.Release|x64.ActiveCfg = Release|Any CPU
		{AC139952-261A-4463-B6FA-AEBC25284A66}.Release|x64.Build.0 = Release|Any CPU
		{AC139952-261A-4463-B6FA-AEBC25284A66}.Release|x86.ActiveCfg = Release|Any CPU
		{AC139952-261A-4463-B6FA-AEBC25284A66}.Release|x86.Build.0 = Release|Any CPU
		{AC139952-261A-4463-B6FA-AEBC25284A66}.ReleaseNativeOnly|Any CPU.ActiveCfg = Release|Any CPU
		{AC139952-261A-4463-B6FA-AEBC25284A66}.ReleaseNativeOnly|Any CPU.Build.0 = Release|Any CPU
		{AC139952-261A-4463-B6FA-AEBC25284A66}.ReleaseNativeOnly|Mixed Platforms.ActiveCfg = Release|Any CPU
		{AC139952-261A-4463-B6FA-AEBC25284A66}.ReleaseNativeOnly|Mixed Platforms.Build.0 = Release|Any CPU
		{AC139952-261A-4463-B6FA-AEBC25284A66}.ReleaseNativeOnly|x64.ActiveCfg = Release|Any CPU
		{AC139952-261A-4463-B6FA-AEBC25284A66}.ReleaseNativeOnly|x86.ActiveCfg = Release|Any CPU
		{AC139952-261A-4463-B6FA-AEBC25283A66}.Debug|Any CPU.ActiveCfg = Debug|Any CPU
		{AC139952-261A-4463-B6FA-AEBC25283A66}.Debug|Any CPU.Build.0 = Debug|Any CPU
		{AC139952-261A-4463-B6FA-AEBC25283A66}.Debug|Mixed Platforms.ActiveCfg = Debug|Any CPU
		{AC139952-261A-4463-B6FA-AEBC25283A66}.Debug|Mixed Platforms.Build.0 = Debug|Any CPU
		{AC139952-261A-4463-B6FA-AEBC25283A66}.Debug|x64.ActiveCfg = Debug|Any CPU
		{AC139952-261A-4463-B6FA-AEBC25283A66}.Debug|x64.Build.0 = Debug|Any CPU
		{AC139952-261A-4463-B6FA-AEBC25283A66}.Debug|x86.ActiveCfg = Debug|Any CPU
		{AC139952-261A-4463-B6FA-AEBC25283A66}.Debug|x86.Build.0 = Debug|Any CPU
		{AC139952-261A-4463-B6FA-AEBC25283A66}.DebugNativeOnly|Any CPU.ActiveCfg = Debug|Any CPU
		{AC139952-261A-4463-B6FA-AEBC25283A66}.DebugNativeOnly|Any CPU.Build.0 = Debug|Any CPU
		{AC139952-261A-4463-B6FA-AEBC25283A66}.DebugNativeOnly|Mixed Platforms.ActiveCfg = Debug|Any CPU
		{AC139952-261A-4463-B6FA-AEBC25283A66}.DebugNativeOnly|Mixed Platforms.Build.0 = Debug|Any CPU
		{AC139952-261A-4463-B6FA-AEBC25283A66}.DebugNativeOnly|x64.ActiveCfg = Debug|Any CPU
		{AC139952-261A-4463-B6FA-AEBC25283A66}.DebugNativeOnly|x86.ActiveCfg = Debug|Any CPU
		{AC139952-261A-4463-B6FA-AEBC25283A66}.Release|Any CPU.ActiveCfg = Release|Any CPU
		{AC139952-261A-4463-B6FA-AEBC25283A66}.Release|Any CPU.Build.0 = Release|Any CPU
		{AC139952-261A-4463-B6FA-AEBC25283A66}.Release|Mixed Platforms.ActiveCfg = Release|Any CPU
		{AC139952-261A-4463-B6FA-AEBC25283A66}.Release|Mixed Platforms.Build.0 = Release|Any CPU
		{AC139952-261A-4463-B6FA-AEBC25283A66}.Release|x64.ActiveCfg = Release|Any CPU
		{AC139952-261A-4463-B6FA-AEBC25283A66}.Release|x64.Build.0 = Release|Any CPU
		{AC139952-261A-4463-B6FA-AEBC25283A66}.Release|x86.ActiveCfg = Release|Any CPU
		{AC139952-261A-4463-B6FA-AEBC25283A66}.Release|x86.Build.0 = Release|Any CPU
		{AC139952-261A-4463-B6FA-AEBC25283A66}.ReleaseNativeOnly|Any CPU.ActiveCfg = Release|Any CPU
		{AC139952-261A-4463-B6FA-AEBC25283A66}.ReleaseNativeOnly|Any CPU.Build.0 = Release|Any CPU
		{AC139952-261A-4463-B6FA-AEBC25283A66}.ReleaseNativeOnly|Mixed Platforms.ActiveCfg = Release|Any CPU
		{AC139952-261A-4463-B6FA-AEBC25283A66}.ReleaseNativeOnly|Mixed Platforms.Build.0 = Release|Any CPU
		{AC139952-261A-4463-B6FA-AEBC25283A66}.ReleaseNativeOnly|x64.ActiveCfg = Release|Any CPU
		{AC139952-261A-4463-B6FA-AEBC25283A66}.ReleaseNativeOnly|x86.ActiveCfg = Release|Any CPU
		{490CBC51-A3B2-4397-89F9-16E858DCB4F8}.Debug|Any CPU.ActiveCfg = Debug|Win32
		{490CBC51-A3B2-4397-89F9-16E858DCB4F8}.Debug|Any CPU.Build.0 = Debug|Win32
		{490CBC51-A3B2-4397-89F9-16E858DCB4F8}.Debug|Mixed Platforms.ActiveCfg = Debug|x64
		{490CBC51-A3B2-4397-89F9-16E858DCB4F8}.Debug|Mixed Platforms.Build.0 = Debug|x64
		{490CBC51-A3B2-4397-89F9-16E858DCB4F8}.Debug|x64.ActiveCfg = Debug|x64
		{490CBC51-A3B2-4397-89F9-16E858DCB4F8}.Debug|x64.Build.0 = Debug|x64
		{490CBC51-A3B2-4397-89F9-16E858DCB4F8}.Debug|x86.ActiveCfg = Debug|Win32
		{490CBC51-A3B2-4397-89F9-16E858DCB4F8}.Debug|x86.Build.0 = Debug|Win32
		{490CBC51-A3B2-4397-89F9-16E858DCB4F8}.DebugNativeOnly|Any CPU.ActiveCfg = DebugNativeOnly|Win32
		{490CBC51-A3B2-4397-89F9-16E858DCB4F8}.DebugNativeOnly|Mixed Platforms.ActiveCfg = DebugNativeOnly|Win32
		{490CBC51-A3B2-4397-89F9-16E858DCB4F8}.DebugNativeOnly|Mixed Platforms.Build.0 = DebugNativeOnly|Win32
		{490CBC51-A3B2-4397-89F9-16E858DCB4F8}.DebugNativeOnly|x64.ActiveCfg = DebugNativeOnly|x64
		{490CBC51-A3B2-4397-89F9-16E858DCB4F8}.DebugNativeOnly|x64.Build.0 = DebugNativeOnly|x64
		{490CBC51-A3B2-4397-89F9-16E858DCB4F8}.DebugNativeOnly|x86.ActiveCfg = DebugNativeOnly|x64
		{490CBC51-A3B2-4397-89F9-16E858DCB4F8}.Release|Any CPU.ActiveCfg = Release|x64
		{490CBC51-A3B2-4397-89F9-16E858DCB4F8}.Release|Mixed Platforms.ActiveCfg = Release|x64
		{490CBC51-A3B2-4397-89F9-16E858DCB4F8}.Release|Mixed Platforms.Build.0 = Release|x64
		{490CBC51-A3B2-4397-89F9-16E858DCB4F8}.Release|x64.ActiveCfg = Release|x64
		{490CBC51-A3B2-4397-89F9-16E858DCB4F8}.Release|x64.Build.0 = Release|x64
		{490CBC51-A3B2-4397-89F9-16E858DCB4F8}.Release|x86.ActiveCfg = Release|Win32
		{490CBC51-A3B2-4397-89F9-16E858DCB4F8}.Release|x86.Build.0 = Release|Win32
		{490CBC51-A3B2-4397-89F9-16E858DCB4F8}.ReleaseNativeOnly|Any CPU.ActiveCfg = ReleaseNativeOnly|Win32
		{490CBC51-A3B2-4397-89F9-16E858DCB4F8}.ReleaseNativeOnly|Mixed Platforms.ActiveCfg = ReleaseNativeOnly|Win32
		{490CBC51-A3B2-4397-89F9-16E858DCB4F8}.ReleaseNativeOnly|Mixed Platforms.Build.0 = ReleaseNativeOnly|Win32
		{490CBC51-A3B2-4397-89F9-16E858DCB4F8}.ReleaseNativeOnly|x64.ActiveCfg = ReleaseNativeOnly|x64
		{490CBC51-A3B2-4397-89F9-16E858DCB4F8}.ReleaseNativeOnly|x64.Build.0 = ReleaseNativeOnly|x64
		{490CBC51-A3B2-4397-89F9-16E858DCB4F8}.ReleaseNativeOnly|x86.ActiveCfg = ReleaseNativeOnly|x64
		{23DD573E-8EAD-4E1F-B28B-3E990667632B}.Debug|Any CPU.ActiveCfg = Debug|Any CPU
		{23DD573E-8EAD-4E1F-B28B-3E990667632B}.Debug|Any CPU.Build.0 = Debug|Any CPU
		{23DD573E-8EAD-4E1F-B28B-3E990667632B}.Debug|Mixed Platforms.ActiveCfg = Debug|x64
		{23DD573E-8EAD-4E1F-B28B-3E990667632B}.Debug|Mixed Platforms.Build.0 = Debug|x64
		{23DD573E-8EAD-4E1F-B28B-3E990667632B}.Debug|x64.ActiveCfg = Debug|x64
		{23DD573E-8EAD-4E1F-B28B-3E990667632B}.Debug|x64.Build.0 = Debug|x64
		{23DD573E-8EAD-4E1F-B28B-3E990667632B}.Debug|x86.ActiveCfg = Debug|x86
		{23DD573E-8EAD-4E1F-B28B-3E990667632B}.Debug|x86.Build.0 = Debug|x86
		{23DD573E-8EAD-4E1F-B28B-3E990667632B}.DebugNativeOnly|Any CPU.ActiveCfg = Debug|x64
		{23DD573E-8EAD-4E1F-B28B-3E990667632B}.DebugNativeOnly|Mixed Platforms.ActiveCfg = Debug|x64
		{23DD573E-8EAD-4E1F-B28B-3E990667632B}.DebugNativeOnly|Mixed Platforms.Build.0 = Debug|x64
		{23DD573E-8EAD-4E1F-B28B-3E990667632B}.DebugNativeOnly|x64.ActiveCfg = Debug|x64
		{23DD573E-8EAD-4E1F-B28B-3E990667632B}.DebugNativeOnly|x64.Build.0 = Debug|x64
		{23DD573E-8EAD-4E1F-B28B-3E990667632B}.DebugNativeOnly|x86.ActiveCfg = Debug|x64
		{23DD573E-8EAD-4E1F-B28B-3E990667632B}.Release|Any CPU.ActiveCfg = Release|Any CPU
		{23DD573E-8EAD-4E1F-B28B-3E990667632B}.Release|Any CPU.Build.0 = Release|Any CPU
		{23DD573E-8EAD-4E1F-B28B-3E990667632B}.Release|Mixed Platforms.ActiveCfg = Release|x64
		{23DD573E-8EAD-4E1F-B28B-3E990667632B}.Release|Mixed Platforms.Build.0 = Release|x64
		{23DD573E-8EAD-4E1F-B28B-3E990667632B}.Release|x64.ActiveCfg = Release|x64
		{23DD573E-8EAD-4E1F-B28B-3E990667632B}.Release|x64.Build.0 = Release|x64
		{23DD573E-8EAD-4E1F-B28B-3E990667632B}.Release|x86.ActiveCfg = Release|x86
		{23DD573E-8EAD-4E1F-B28B-3E990667632B}.Release|x86.Build.0 = Release|x86
		{23DD573E-8EAD-4E1F-B28B-3E990667632B}.ReleaseNativeOnly|Any CPU.ActiveCfg = Release|x64
		{23DD573E-8EAD-4E1F-B28B-3E990667632B}.ReleaseNativeOnly|Mixed Platforms.ActiveCfg = Release|x64
		{23DD573E-8EAD-4E1F-B28B-3E990667632B}.ReleaseNativeOnly|Mixed Platforms.Build.0 = Release|x64
		{23DD573E-8EAD-4E1F-B28B-3E990667632B}.ReleaseNativeOnly|x64.ActiveCfg = Release|x64
		{23DD573E-8EAD-4E1F-B28B-3E990667632B}.ReleaseNativeOnly|x64.Build.0 = Release|x64
		{23DD573E-8EAD-4E1F-B28B-3E990667632B}.ReleaseNativeOnly|x86.ActiveCfg = Release|x64
	EndGlobalSection
	GlobalSection(SolutionProperties) = preSolution
		HideSolutionNode = FALSE
	EndGlobalSection
EndGlobal
