
Microsoft Visual Studio Solution File, Format Version 11.00
# Visual Studio 2010
Project("{FAE04EC0-301F-11D3-BF4B-00C04F79EFBC}") = "CheckSolutionReferences", "CheckSolutionReferences.csproj", "{D85E8699-2D3B-4827-A026-71D1742F2E63}"
EndProject
Project("{FAE04EC0-301F-11D3-BF4B-00C04F79EFBC}") = "SetBuildOutput.vc10", "..\SetBuildOutput\SetBuildOutput\SetBuildOutput.vc10.csproj", "{5CB3C578-0A26-4842-B4EB-D8564FBF5601}"
EndProject
Project("{FAE04EC0-301F-11D3-BF4B-00C04F79EFBC}") = "xperdex.classes.vs10.4.0", "..\xperdex.classes.2\xperdex.classes.vs10.4.0.csproj", "{041E5A37-8678-451E-9500-EE3D7864C092}"
EndProject
Project("{FAE04EC0-301F-11D3-BF4B-00C04F79EFBC}") = "System.Data.SQLite.2010", "..\SQLite\1.0.80.0\System.Data.SQLite\System.Data.SQLite.2010.csproj", "{AC139952-261A-4463-B6FA-AEBC25283A66}"
	ProjectSection(ProjectDependencies) = postProject
		{490CBC51-A3B2-4397-89F9-16E858DCB4F8} = {490CBC51-A3B2-4397-89F9-16E858DCB4F8}
	EndProjectSection
EndProject
Project("{FAE04EC0-301F-11D3-BF4B-00C04F79EFBC}") = "System.Data.SQLite.Module.2010.4.0", "..\SQLite\1.0.80.0\System.Data.SQLite\System.Data.SQLite.Module.2010.4.0.csproj", "{AC139952-261A-4463-B6FA-AEBC25284A66}"
EndProject
Project("{8BC9CEB8-8B4A-11D0-8D11-00A0C91BC942}") = "SQLite.Interop.Static.2010", "..\SQLite\1.0.80.0\SQLite.Interop\SQLite.Interop.Static.2010.4.0.vcxproj", "{490CBC51-A3B2-4397-89F9-16E858DCB4F8}"
	ProjectSection(ProjectDependencies) = postProject
		{AC139952-261A-4463-B6FA-AEBC25284A66} = {AC139952-261A-4463-B6FA-AEBC25284A66}
	EndProjectSection
EndProject
Global
	GlobalSection(SolutionConfigurationPlatforms) = preSolution
		Debug|Any CPU = Debug|Any CPU
		Debug|Mixed Platforms = Debug|Mixed Platforms
		Debug|Win32 = Debug|Win32
		Debug|x64 = Debug|x64
		Debug|x86 = Debug|x86
		DebugNativeOnly|Any CPU = DebugNativeOnly|Any CPU
		DebugNativeOnly|Mixed Platforms = DebugNativeOnly|Mixed Platforms
		DebugNativeOnly|Win32 = DebugNativeOnly|Win32
		DebugNativeOnly|x64 = DebugNativeOnly|x64
		DebugNativeOnly|x86 = DebugNativeOnly|x86
		Release|Any CPU = Release|Any CPU
		Release|Mixed Platforms = Release|Mixed Platforms
		Release|Win32 = Release|Win32
		Release|x64 = Release|x64
		Release|x86 = Release|x86
		ReleaseNativeOnly|Any CPU = ReleaseNativeOnly|Any CPU
		ReleaseNativeOnly|Mixed Platforms = ReleaseNativeOnly|Mixed Platforms
		ReleaseNativeOnly|Win32 = ReleaseNativeOnly|Win32
		ReleaseNativeOnly|x64 = ReleaseNativeOnly|x64
		ReleaseNativeOnly|x86 = ReleaseNativeOnly|x86
	EndGlobalSection
	GlobalSection(ProjectConfigurationPlatforms) = postSolution
		{D85E8699-2D3B-4827-A026-71D1742F2E63}.Debug|Any CPU.ActiveCfg = Debug|x86
		{D85E8699-2D3B-4827-A026-71D1742F2E63}.Debug|Mixed Platforms.ActiveCfg = Debug|x86
		{D85E8699-2D3B-4827-A026-71D1742F2E63}.Debug|Mixed Platforms.Build.0 = Debug|x86
		{D85E8699-2D3B-4827-A026-71D1742F2E63}.Debug|Win32.ActiveCfg = Debug|x86
		{D85E8699-2D3B-4827-A026-71D1742F2E63}.Debug|x64.ActiveCfg = Debug|x86
		{D85E8699-2D3B-4827-A026-71D1742F2E63}.Debug|x86.ActiveCfg = Debug|x86
		{D85E8699-2D3B-4827-A026-71D1742F2E63}.Debug|x86.Build.0 = Debug|x86
		{D85E8699-2D3B-4827-A026-71D1742F2E63}.DebugNativeOnly|Any CPU.ActiveCfg = Debug|x86
		{D85E8699-2D3B-4827-A026-71D1742F2E63}.DebugNativeOnly|Mixed Platforms.ActiveCfg = Debug|x86
		{D85E8699-2D3B-4827-A026-71D1742F2E63}.DebugNativeOnly|Mixed Platforms.Build.0 = Debug|x86
		{D85E8699-2D3B-4827-A026-71D1742F2E63}.DebugNativeOnly|Win32.ActiveCfg = Debug|x86
		{D85E8699-2D3B-4827-A026-71D1742F2E63}.DebugNativeOnly|x64.ActiveCfg = Debug|x86
		{D85E8699-2D3B-4827-A026-71D1742F2E63}.DebugNativeOnly|x86.ActiveCfg = Debug|x86
		{D85E8699-2D3B-4827-A026-71D1742F2E63}.DebugNativeOnly|x86.Build.0 = Debug|x86
		{D85E8699-2D3B-4827-A026-71D1742F2E63}.Release|Any CPU.ActiveCfg = Release|x86
		{D85E8699-2D3B-4827-A026-71D1742F2E63}.Release|Mixed Platforms.ActiveCfg = Release|x86
		{D85E8699-2D3B-4827-A026-71D1742F2E63}.Release|Mixed Platforms.Build.0 = Release|x86
		{D85E8699-2D3B-4827-A026-71D1742F2E63}.Release|Win32.ActiveCfg = Release|x86
		{D85E8699-2D3B-4827-A026-71D1742F2E63}.Release|x64.ActiveCfg = Release|x86
		{D85E8699-2D3B-4827-A026-71D1742F2E63}.Release|x86.ActiveCfg = Release|x86
		{D85E8699-2D3B-4827-A026-71D1742F2E63}.Release|x86.Build.0 = Release|x86
		{D85E8699-2D3B-4827-A026-71D1742F2E63}.ReleaseNativeOnly|Any CPU.ActiveCfg = Release|x86
		{D85E8699-2D3B-4827-A026-71D1742F2E63}.ReleaseNativeOnly|Mixed Platforms.ActiveCfg = Release|x86
		{D85E8699-2D3B-4827-A026-71D1742F2E63}.ReleaseNativeOnly|Mixed Platforms.Build.0 = Release|x86
		{D85E8699-2D3B-4827-A026-71D1742F2E63}.ReleaseNativeOnly|Win32.ActiveCfg = Release|x86
		{D85E8699-2D3B-4827-A026-71D1742F2E63}.ReleaseNativeOnly|x64.ActiveCfg = Release|x86
		{D85E8699-2D3B-4827-A026-71D1742F2E63}.ReleaseNativeOnly|x86.ActiveCfg = Release|x86
		{D85E8699-2D3B-4827-A026-71D1742F2E63}.ReleaseNativeOnly|x86.Build.0 = Release|x86
		{5CB3C578-0A26-4842-B4EB-D8564FBF5601}.Debug|Any CPU.ActiveCfg = Debug|Any CPU
		{5CB3C578-0A26-4842-B4EB-D8564FBF5601}.Debug|Any CPU.Build.0 = Debug|Any CPU
		{5CB3C578-0A26-4842-B4EB-D8564FBF5601}.Debug|Mixed Platforms.ActiveCfg = Debug|x86
		{5CB3C578-0A26-4842-B4EB-D8564FBF5601}.Debug|Mixed Platforms.Build.0 = Debug|x86
		{5CB3C578-0A26-4842-B4EB-D8564FBF5601}.Debug|Win32.ActiveCfg = Debug|x86
		{5CB3C578-0A26-4842-B4EB-D8564FBF5601}.Debug|x64.ActiveCfg = Debug|x64
		{5CB3C578-0A26-4842-B4EB-D8564FBF5601}.Debug|x64.Build.0 = Debug|x64
		{5CB3C578-0A26-4842-B4EB-D8564FBF5601}.Debug|x86.ActiveCfg = Debug|x86
		{5CB3C578-0A26-4842-B4EB-D8564FBF5601}.Debug|x86.Build.0 = Debug|x86
		{5CB3C578-0A26-4842-B4EB-D8564FBF5601}.DebugNativeOnly|Any CPU.ActiveCfg = Debug|x86
		{5CB3C578-0A26-4842-B4EB-D8564FBF5601}.DebugNativeOnly|Mixed Platforms.ActiveCfg = Debug|x86
		{5CB3C578-0A26-4842-B4EB-D8564FBF5601}.DebugNativeOnly|Mixed Platforms.Build.0 = Debug|x86
		{5CB3C578-0A26-4842-B4EB-D8564FBF5601}.DebugNativeOnly|Win32.ActiveCfg = Debug|x86
		{5CB3C578-0A26-4842-B4EB-D8564FBF5601}.DebugNativeOnly|x64.ActiveCfg = Debug|x86
		{5CB3C578-0A26-4842-B4EB-D8564FBF5601}.DebugNativeOnly|x86.ActiveCfg = Debug|x86
		{5CB3C578-0A26-4842-B4EB-D8564FBF5601}.DebugNativeOnly|x86.Build.0 = Debug|x86
		{5CB3C578-0A26-4842-B4EB-D8564FBF5601}.Release|Any CPU.ActiveCfg = Release|Any CPU
		{5CB3C578-0A26-4842-B4EB-D8564FBF5601}.Release|Any CPU.Build.0 = Release|Any CPU
		{5CB3C578-0A26-4842-B4EB-D8564FBF5601}.Release|Mixed Platforms.ActiveCfg = Release|x86
		{5CB3C578-0A26-4842-B4EB-D8564FBF5601}.Release|Mixed Platforms.Build.0 = Release|x86
		{5CB3C578-0A26-4842-B4EB-D8564FBF5601}.Release|Win32.ActiveCfg = Release|x86
		{5CB3C578-0A26-4842-B4EB-D8564FBF5601}.Release|x64.ActiveCfg = Release|x64
		{5CB3C578-0A26-4842-B4EB-D8564FBF5601}.Release|x64.Build.0 = Release|x64
		{5CB3C578-0A26-4842-B4EB-D8564FBF5601}.Release|x86.ActiveCfg = Release|x86
		{5CB3C578-0A26-4842-B4EB-D8564FBF5601}.Release|x86.Build.0 = Release|x86
		{5CB3C578-0A26-4842-B4EB-D8564FBF5601}.ReleaseNativeOnly|Any CPU.ActiveCfg = Release|x86
		{5CB3C578-0A26-4842-B4EB-D8564FBF5601}.ReleaseNativeOnly|Mixed Platforms.ActiveCfg = Release|x86
		{5CB3C578-0A26-4842-B4EB-D8564FBF5601}.ReleaseNativeOnly|Mixed Platforms.Build.0 = Release|x86
		{5CB3C578-0A26-4842-B4EB-D8564FBF5601}.ReleaseNativeOnly|Win32.ActiveCfg = Release|x86
		{5CB3C578-0A26-4842-B4EB-D8564FBF5601}.ReleaseNativeOnly|x64.ActiveCfg = Release|x86
		{5CB3C578-0A26-4842-B4EB-D8564FBF5601}.ReleaseNativeOnly|x86.ActiveCfg = Release|x86
		{5CB3C578-0A26-4842-B4EB-D8564FBF5601}.ReleaseNativeOnly|x86.Build.0 = Release|x86
		{041E5A37-8678-451E-9500-EE3D7864C092}.Debug|Any CPU.ActiveCfg = Debug|Any CPU
		{041E5A37-8678-451E-9500-EE3D7864C092}.Debug|Any CPU.Build.0 = Debug|Any CPU
		{041E5A37-8678-451E-9500-EE3D7864C092}.Debug|Mixed Platforms.ActiveCfg = Debug|x64
		{041E5A37-8678-451E-9500-EE3D7864C092}.Debug|Mixed Platforms.Build.0 = Debug|x64
		{041E5A37-8678-451E-9500-EE3D7864C092}.Debug|Win32.ActiveCfg = Debug|x64
		{041E5A37-8678-451E-9500-EE3D7864C092}.Debug|x64.ActiveCfg = Debug|x64
		{041E5A37-8678-451E-9500-EE3D7864C092}.Debug|x64.Build.0 = Debug|x64
		{041E5A37-8678-451E-9500-EE3D7864C092}.Debug|x86.ActiveCfg = Debug|x86
		{041E5A37-8678-451E-9500-EE3D7864C092}.Debug|x86.Build.0 = Debug|x86
		{041E5A37-8678-451E-9500-EE3D7864C092}.DebugNativeOnly|Any CPU.ActiveCfg = Debug|x64
		{041E5A37-8678-451E-9500-EE3D7864C092}.DebugNativeOnly|Mixed Platforms.ActiveCfg = Debug|x64
		{041E5A37-8678-451E-9500-EE3D7864C092}.DebugNativeOnly|Mixed Platforms.Build.0 = Debug|x64
		{041E5A37-8678-451E-9500-EE3D7864C092}.DebugNativeOnly|Win32.ActiveCfg = Debug|x64
		{041E5A37-8678-451E-9500-EE3D7864C092}.DebugNativeOnly|x64.ActiveCfg = Debug|x64
		{041E5A37-8678-451E-9500-EE3D7864C092}.DebugNativeOnly|x64.Build.0 = Debug|x64
		{041E5A37-8678-451E-9500-EE3D7864C092}.DebugNativeOnly|x86.ActiveCfg = Debug|x64
		{041E5A37-8678-451E-9500-EE3D7864C092}.Release|Any CPU.ActiveCfg = Release|Any CPU
		{041E5A37-8678-451E-9500-EE3D7864C092}.Release|Any CPU.Build.0 = Release|Any CPU
		{041E5A37-8678-451E-9500-EE3D7864C092}.Release|Mixed Platforms.ActiveCfg = Release|x64
		{041E5A37-8678-451E-9500-EE3D7864C092}.Release|Mixed Platforms.Build.0 = Release|x64
		{041E5A37-8678-451E-9500-EE3D7864C092}.Release|Win32.ActiveCfg = Release|x64
		{041E5A37-8678-451E-9500-EE3D7864C092}.Release|x64.ActiveCfg = Release|x64
		{041E5A37-8678-451E-9500-EE3D7864C092}.Release|x64.Build.0 = Release|x64
		{041E5A37-8678-451E-9500-EE3D7864C092}.Release|x86.ActiveCfg = Release|x86
		{041E5A37-8678-451E-9500-EE3D7864C092}.Release|x86.Build.0 = Release|x86
		{041E5A37-8678-451E-9500-EE3D7864C092}.ReleaseNativeOnly|Any CPU.ActiveCfg = Release|x64
		{041E5A37-8678-451E-9500-EE3D7864C092}.ReleaseNativeOnly|Mixed Platforms.ActiveCfg = Release|x64
		{041E5A37-8678-451E-9500-EE3D7864C092}.ReleaseNativeOnly|Mixed Platforms.Build.0 = Release|x64
		{041E5A37-8678-451E-9500-EE3D7864C092}.ReleaseNativeOnly|Win32.ActiveCfg = Release|x64
		{041E5A37-8678-451E-9500-EE3D7864C092}.ReleaseNativeOnly|x64.ActiveCfg = Release|x64
		{041E5A37-8678-451E-9500-EE3D7864C092}.ReleaseNativeOnly|x64.Build.0 = Release|x64
		{041E5A37-8678-451E-9500-EE3D7864C092}.ReleaseNativeOnly|x86.ActiveCfg = Release|x64
		{AC139952-261A-4463-B6FA-AEBC25283A66}.Debug|Any CPU.ActiveCfg = Debug|Any CPU
		{AC139952-261A-4463-B6FA-AEBC25283A66}.Debug|Any CPU.Build.0 = Debug|Any CPU
		{AC139952-261A-4463-B6FA-AEBC25283A66}.Debug|Mixed Platforms.ActiveCfg = Debug|Any CPU
		{AC139952-261A-4463-B6FA-AEBC25283A66}.Debug|Mixed Platforms.Build.0 = Debug|Any CPU
		{AC139952-261A-4463-B6FA-AEBC25283A66}.Debug|Win32.ActiveCfg = Debug|Any CPU
		{AC139952-261A-4463-B6FA-AEBC25283A66}.Debug|x64.ActiveCfg = Debug|Any CPU
		{AC139952-261A-4463-B6FA-AEBC25283A66}.Debug|x86.ActiveCfg = Debug|Any CPU
		{AC139952-261A-4463-B6FA-AEBC25283A66}.Debug|x86.Build.0 = Debug|Any CPU
		{AC139952-261A-4463-B6FA-AEBC25283A66}.DebugNativeOnly|Any CPU.ActiveCfg = Debug|Any CPU
		{AC139952-261A-4463-B6FA-AEBC25283A66}.DebugNativeOnly|Any CPU.Build.0 = Debug|Any CPU
		{AC139952-261A-4463-B6FA-AEBC25283A66}.DebugNativeOnly|Mixed Platforms.ActiveCfg = Debug|Any CPU
		{AC139952-261A-4463-B6FA-AEBC25283A66}.DebugNativeOnly|Mixed Platforms.Build.0 = Debug|Any CPU
		{AC139952-261A-4463-B6FA-AEBC25283A66}.DebugNativeOnly|Win32.ActiveCfg = Debug|Any CPU
		{AC139952-261A-4463-B6FA-AEBC25283A66}.DebugNativeOnly|x64.ActiveCfg = Debug|Any CPU
		{AC139952-261A-4463-B6FA-AEBC25283A66}.DebugNativeOnly|x86.ActiveCfg = Debug|Any CPU
		{AC139952-261A-4463-B6FA-AEBC25283A66}.Release|Any CPU.ActiveCfg = Release|Any CPU
		{AC139952-261A-4463-B6FA-AEBC25283A66}.Release|Any CPU.Build.0 = Release|Any CPU
		{AC139952-261A-4463-B6FA-AEBC25283A66}.Release|Mixed Platforms.ActiveCfg = Release|Any CPU
		{AC139952-261A-4463-B6FA-AEBC25283A66}.Release|Mixed Platforms.Build.0 = Release|Any CPU
		{AC139952-261A-4463-B6FA-AEBC25283A66}.Release|Win32.ActiveCfg = Release|Any CPU
		{AC139952-261A-4463-B6FA-AEBC25283A66}.Release|x64.ActiveCfg = Release|Any CPU
		{AC139952-261A-4463-B6FA-AEBC25283A66}.Release|x86.ActiveCfg = Release|Any CPU
		{AC139952-261A-4463-B6FA-AEBC25283A66}.ReleaseNativeOnly|Any CPU.ActiveCfg = Release|Any CPU
		{AC139952-261A-4463-B6FA-AEBC25283A66}.ReleaseNativeOnly|Any CPU.Build.0 = Release|Any CPU
		{AC139952-261A-4463-B6FA-AEBC25283A66}.ReleaseNativeOnly|Mixed Platforms.ActiveCfg = Release|Any CPU
		{AC139952-261A-4463-B6FA-AEBC25283A66}.ReleaseNativeOnly|Mixed Platforms.Build.0 = Release|Any CPU
		{AC139952-261A-4463-B6FA-AEBC25283A66}.ReleaseNativeOnly|Win32.ActiveCfg = Release|Any CPU
		{AC139952-261A-4463-B6FA-AEBC25283A66}.ReleaseNativeOnly|x64.ActiveCfg = Release|Any CPU
		{AC139952-261A-4463-B6FA-AEBC25283A66}.ReleaseNativeOnly|x86.ActiveCfg = Release|Any CPU
		{AC139952-261A-4463-B6FA-AEBC25284A66}.Debug|Any CPU.ActiveCfg = Debug|Any CPU
		{AC139952-261A-4463-B6FA-AEBC25284A66}.Debug|Any CPU.Build.0 = Debug|Any CPU
		{AC139952-261A-4463-B6FA-AEBC25284A66}.Debug|Mixed Platforms.ActiveCfg = Debug|Any CPU
		{AC139952-261A-4463-B6FA-AEBC25284A66}.Debug|Mixed Platforms.Build.0 = Debug|Any CPU
		{AC139952-261A-4463-B6FA-AEBC25284A66}.Debug|Win32.ActiveCfg = Debug|Any CPU
		{AC139952-261A-4463-B6FA-AEBC25284A66}.Debug|x64.ActiveCfg = Debug|Any CPU
		{AC139952-261A-4463-B6FA-AEBC25284A66}.Debug|x86.ActiveCfg = Debug|Any CPU
		{AC139952-261A-4463-B6FA-AEBC25284A66}.Debug|x86.Build.0 = Debug|Any CPU
		{AC139952-261A-4463-B6FA-AEBC25284A66}.DebugNativeOnly|Any CPU.ActiveCfg = Debug|Any CPU
		{AC139952-261A-4463-B6FA-AEBC25284A66}.DebugNativeOnly|Any CPU.Build.0 = Debug|Any CPU
		{AC139952-261A-4463-B6FA-AEBC25284A66}.DebugNativeOnly|Mixed Platforms.ActiveCfg = Debug|Any CPU
		{AC139952-261A-4463-B6FA-AEBC25284A66}.DebugNativeOnly|Mixed Platforms.Build.0 = Debug|Any CPU
		{AC139952-261A-4463-B6FA-AEBC25284A66}.DebugNativeOnly|Win32.ActiveCfg = Debug|Any CPU
		{AC139952-261A-4463-B6FA-AEBC25284A66}.DebugNativeOnly|x64.ActiveCfg = Debug|Any CPU
		{AC139952-261A-4463-B6FA-AEBC25284A66}.DebugNativeOnly|x86.ActiveCfg = Debug|Any CPU
		{AC139952-261A-4463-B6FA-AEBC25284A66}.Release|Any CPU.ActiveCfg = Release|Any CPU
		{AC139952-261A-4463-B6FA-AEBC25284A66}.Release|Any CPU.Build.0 = Release|Any CPU
		{AC139952-261A-4463-B6FA-AEBC25284A66}.Release|Mixed Platforms.ActiveCfg = Release|Any CPU
		{AC139952-261A-4463-B6FA-AEBC25284A66}.Release|Mixed Platforms.Build.0 = Release|Any CPU
		{AC139952-261A-4463-B6FA-AEBC25284A66}.Release|Win32.ActiveCfg = Release|Any CPU
		{AC139952-261A-4463-B6FA-AEBC25284A66}.Release|x64.ActiveCfg = Release|Any CPU
		{AC139952-261A-4463-B6FA-AEBC25284A66}.Release|x86.ActiveCfg = Release|Any CPU
		{AC139952-261A-4463-B6FA-AEBC25284A66}.ReleaseNativeOnly|Any CPU.ActiveCfg = Release|Any CPU
		{AC139952-261A-4463-B6FA-AEBC25284A66}.ReleaseNativeOnly|Any CPU.Build.0 = Release|Any CPU
		{AC139952-261A-4463-B6FA-AEBC25284A66}.ReleaseNativeOnly|Mixed Platforms.ActiveCfg = Release|Any CPU
		{AC139952-261A-4463-B6FA-AEBC25284A66}.ReleaseNativeOnly|Mixed Platforms.Build.0 = Release|Any CPU
		{AC139952-261A-4463-B6FA-AEBC25284A66}.ReleaseNativeOnly|Win32.ActiveCfg = Release|Any CPU
		{AC139952-261A-4463-B6FA-AEBC25284A66}.ReleaseNativeOnly|x64.ActiveCfg = Release|Any CPU
		{AC139952-261A-4463-B6FA-AEBC25284A66}.ReleaseNativeOnly|x86.ActiveCfg = Release|Any CPU
		{490CBC51-A3B2-4397-89F9-16E858DCB4F8}.Debug|Any CPU.ActiveCfg = Debug|x64
		{490CBC51-A3B2-4397-89F9-16E858DCB4F8}.Debug|Mixed Platforms.ActiveCfg = Debug|x64
		{490CBC51-A3B2-4397-89F9-16E858DCB4F8}.Debug|Mixed Platforms.Build.0 = Debug|x64
		{490CBC51-A3B2-4397-89F9-16E858DCB4F8}.Debug|Win32.ActiveCfg = Debug|Win32
		{490CBC51-A3B2-4397-89F9-16E858DCB4F8}.Debug|Win32.Build.0 = Debug|Win32
		{490CBC51-A3B2-4397-89F9-16E858DCB4F8}.Debug|x64.ActiveCfg = Debug|x64
		{490CBC51-A3B2-4397-89F9-16E858DCB4F8}.Debug|x64.Build.0 = Debug|x64
		{490CBC51-A3B2-4397-89F9-16E858DCB4F8}.Debug|x86.ActiveCfg = Debug|Win32
		{490CBC51-A3B2-4397-89F9-16E858DCB4F8}.Debug|x86.Build.0 = Debug|Win32
		{490CBC51-A3B2-4397-89F9-16E858DCB4F8}.DebugNativeOnly|Any CPU.ActiveCfg = DebugNativeOnly|Win32
		{490CBC51-A3B2-4397-89F9-16E858DCB4F8}.DebugNativeOnly|Mixed Platforms.ActiveCfg = DebugNativeOnly|Win32
		{490CBC51-A3B2-4397-89F9-16E858DCB4F8}.DebugNativeOnly|Mixed Platforms.Build.0 = DebugNativeOnly|Win32
		{490CBC51-A3B2-4397-89F9-16E858DCB4F8}.DebugNativeOnly|Win32.ActiveCfg = DebugNativeOnly|Win32
		{490CBC51-A3B2-4397-89F9-16E858DCB4F8}.DebugNativeOnly|Win32.Build.0 = DebugNativeOnly|Win32
		{490CBC51-A3B2-4397-89F9-16E858DCB4F8}.DebugNativeOnly|x64.ActiveCfg = DebugNativeOnly|x64
		{490CBC51-A3B2-4397-89F9-16E858DCB4F8}.DebugNativeOnly|x64.Build.0 = DebugNativeOnly|x64
		{490CBC51-A3B2-4397-89F9-16E858DCB4F8}.DebugNativeOnly|x86.ActiveCfg = DebugNativeOnly|x64
		{490CBC51-A3B2-4397-89F9-16E858DCB4F8}.Release|Any CPU.ActiveCfg = Release|x64
		{490CBC51-A3B2-4397-89F9-16E858DCB4F8}.Release|Mixed Platforms.ActiveCfg = Release|x64
		{490CBC51-A3B2-4397-89F9-16E858DCB4F8}.Release|Mixed Platforms.Build.0 = Release|x64
		{490CBC51-A3B2-4397-89F9-16E858DCB4F8}.Release|Win32.ActiveCfg = Release|Win32
		{490CBC51-A3B2-4397-89F9-16E858DCB4F8}.Release|Win32.Build.0 = Release|Win32
		{490CBC51-A3B2-4397-89F9-16E858DCB4F8}.Release|x64.ActiveCfg = Release|x64
		{490CBC51-A3B2-4397-89F9-16E858DCB4F8}.Release|x64.Build.0 = Release|x64
		{490CBC51-A3B2-4397-89F9-16E858DCB4F8}.Release|x86.ActiveCfg = Release|x64
		{490CBC51-A3B2-4397-89F9-16E858DCB4F8}.ReleaseNativeOnly|Any CPU.ActiveCfg = ReleaseNativeOnly|Win32
		{490CBC51-A3B2-4397-89F9-16E858DCB4F8}.ReleaseNativeOnly|Mixed Platforms.ActiveCfg = ReleaseNativeOnly|Win32
		{490CBC51-A3B2-4397-89F9-16E858DCB4F8}.ReleaseNativeOnly|Mixed Platforms.Build.0 = ReleaseNativeOnly|Win32
		{490CBC51-A3B2-4397-89F9-16E858DCB4F8}.ReleaseNativeOnly|Win32.ActiveCfg = ReleaseNativeOnly|Win32
		{490CBC51-A3B2-4397-89F9-16E858DCB4F8}.ReleaseNativeOnly|Win32.Build.0 = ReleaseNativeOnly|Win32
		{490CBC51-A3B2-4397-89F9-16E858DCB4F8}.ReleaseNativeOnly|x64.ActiveCfg = ReleaseNativeOnly|x64
		{490CBC51-A3B2-4397-89F9-16E858DCB4F8}.ReleaseNativeOnly|x64.Build.0 = ReleaseNativeOnly|x64
		{490CBC51-A3B2-4397-89F9-16E858DCB4F8}.ReleaseNativeOnly|x86.ActiveCfg = ReleaseNativeOnly|x64
	EndGlobalSection
	GlobalSection(SolutionProperties) = preSolution
		HideSolutionNode = FALSE
	EndGlobalSection
EndGlobal
