
Microsoft Visual Studio Solution File, Format Version 11.00
# Visual Studio 2010
Project("{FAE04EC0-301F-11D3-BF4B-00C04F79EFBC}") = "xperdex.classes.p2p.vc10", "..\xperdex.classes\xperdex.classes.p2p.vc10.csproj", "{041E5A37-8678-451E-9500-EE3D7864C092}"
EndProject
Project("{FAE04EC0-301F-11D3-BF4B-00C04F79EFBC}") = "ScheduleDesigner.vc10-3.5", "..\OpenSkiePOS\ScheduleDesigner\ScheduleDesigner.vc10-3.5.csproj", "{13D39DC3-F88D-4714-A9EF-FE41F4C4802E}"
EndProject
Project("{FAE04EC0-301F-11D3-BF4B-00C04F79EFBC}") = "OpenSkie.Scheduler.Controls.vc10-3.5", "..\OpenSkiePOS\OpenSkieScheduler\OpenSkie.Scheduler.Controls\OpenSkie.Scheduler.Controls.vc10-3.5.csproj", "{AD184E84-45AD-4DF6-BB3D-FB56EEDE2F31}"
EndProject
Project("{FAE04EC0-301F-11D3-BF4B-00C04F79EFBC}") = "OpenSkieScheduler.vc10-3.5", "..\OpenSkiePOS\OpenSkieScheduler\OpenSkieScheduler.vc10-3.5.csproj", "{7AA21CBF-336D-4815-A2A6-55AC5694A241}"
EndProject
Project("{FAE04EC0-301F-11D3-BF4B-00C04F79EFBC}") = "BingoGameCore3.vc10-3.5", "..\games\bingo_odds\BingoGameCore3\BingoGameCore3.vc10-3.5.csproj", "{C197504C-9F93-4A3A-B17A-CF56E1366536}"
EndProject
Project("{FAE04EC0-301F-11D3-BF4B-00C04F79EFBC}") = "BingoSQLTracking.vs10-3.5", "..\games\bingo_odds\BingoSQLTracking\BingoSQLTracking.vs10-3.5.csproj", "{E5772D71-07ED-4038-9C13-48CC12CBD8E3}"
EndProject
Project("{FAE04EC0-301F-11D3-BF4B-00C04F79EFBC}") = "xperdex.gui.vs10-3.5", "..\xperdex.gui\xperdex.gui.vs10-3.5.csproj", "{EF313F61-2DB4-461B-9F89-B6BC53C96BA4}"
EndProject
Project("{FAE04EC0-301F-11D3-BF4B-00C04F79EFBC}") = "xperdex.eltanin.vc10-3.5", "..\xperdex.eltanin\xperdex.eltanin.vc10-3.5.csproj", "{7E95DBA8-8DC1-4477-91F0-BA2E2F7BACC3}"
EndProject
Project("{FAE04EC0-301F-11D3-BF4B-00C04F79EFBC}") = "PatternEditor.vs10-3.5", "..\Bingo\PatternEditor\PatternEditor.vs10-3.5.csproj", "{C2893772-CC74-4062-8B07-C986973D1DF7}"
EndProject
Project("{FAE04EC0-301F-11D3-BF4B-00C04F79EFBC}") = "MonthCalendar.vc10-3.5", "..\MonthCalendar\MonthCalendar.vc10-3.5.csproj", "{898ECB12-D464-4514-AE2E-45FE430FE04E}"
EndProject
Global
	GlobalSection(SolutionConfigurationPlatforms) = preSolution
		Debug 2.0|Any CPU = Debug 2.0|Any CPU
		Debug 2.0|Itanium = Debug 2.0|Itanium
		Debug 2.0|x64 = Debug 2.0|x64
		Debug 2.0|x86 = Debug 2.0|x86
		Debug 2|Any CPU = Debug 2|Any CPU
		Debug 2|Itanium = Debug 2|Itanium
		Debug 2|x64 = Debug 2|x64
		Debug 2|x86 = Debug 2|x86
		Debug|Any CPU = Debug|Any CPU
		Debug|Itanium = Debug|Itanium
		Debug|x64 = Debug|x64
		Debug|x86 = Debug|x86
		Release|Any CPU = Release|Any CPU
		Release|Itanium = Release|Itanium
		Release|x64 = Release|x64
		Release|x86 = Release|x86
	EndGlobalSection
	GlobalSection(ProjectConfigurationPlatforms) = postSolution
		{041E5A37-8678-451E-9500-EE3D7864C092}.Debug 2.0|Any CPU.ActiveCfg = Debug|x64
		{041E5A37-8678-451E-9500-EE3D7864C092}.Debug 2.0|Itanium.ActiveCfg = Debug|x64
		{041E5A37-8678-451E-9500-EE3D7864C092}.Debug 2.0|x64.ActiveCfg = Debug|x64
		{041E5A37-8678-451E-9500-EE3D7864C092}.Debug 2.0|x64.Build.0 = Debug|x64
		{041E5A37-8678-451E-9500-EE3D7864C092}.Debug 2.0|x86.ActiveCfg = Debug|x64
		{041E5A37-8678-451E-9500-EE3D7864C092}.Debug 2|Any CPU.ActiveCfg = Debug|x64
		{041E5A37-8678-451E-9500-EE3D7864C092}.Debug 2|Itanium.ActiveCfg = Debug|x64
		{041E5A37-8678-451E-9500-EE3D7864C092}.Debug 2|x64.ActiveCfg = Debug|x64
		{041E5A37-8678-451E-9500-EE3D7864C092}.Debug 2|x64.Build.0 = Debug|x64
		{041E5A37-8678-451E-9500-EE3D7864C092}.Debug 2|x86.ActiveCfg = Debug|x64
		{041E5A37-8678-451E-9500-EE3D7864C092}.Debug|Any CPU.ActiveCfg = Debug|Any CPU
		{041E5A37-8678-451E-9500-EE3D7864C092}.Debug|Any CPU.Build.0 = Debug|Any CPU
		{041E5A37-8678-451E-9500-EE3D7864C092}.Debug|Itanium.ActiveCfg = Debug|x64
		{041E5A37-8678-451E-9500-EE3D7864C092}.Debug|x64.ActiveCfg = Debug|x64
		{041E5A37-8678-451E-9500-EE3D7864C092}.Debug|x64.Build.0 = Debug|x64
		{041E5A37-8678-451E-9500-EE3D7864C092}.Debug|x86.ActiveCfg = Debug|x86
		{041E5A37-8678-451E-9500-EE3D7864C092}.Debug|x86.Build.0 = Debug|x86
		{041E5A37-8678-451E-9500-EE3D7864C092}.Release|Any CPU.ActiveCfg = Release|Any CPU
		{041E5A37-8678-451E-9500-EE3D7864C092}.Release|Any CPU.Build.0 = Release|Any CPU
		{041E5A37-8678-451E-9500-EE3D7864C092}.Release|Itanium.ActiveCfg = Release|x64
		{041E5A37-8678-451E-9500-EE3D7864C092}.Release|x64.ActiveCfg = Release|x64
		{041E5A37-8678-451E-9500-EE3D7864C092}.Release|x64.Build.0 = Release|x64
		{041E5A37-8678-451E-9500-EE3D7864C092}.Release|x86.ActiveCfg = Release|x86
		{041E5A37-8678-451E-9500-EE3D7864C092}.Release|x86.Build.0 = Release|x86
		{13D39DC3-F88D-4714-A9EF-FE41F4C4802E}.Debug 2.0|Any CPU.ActiveCfg = Debug|x64
		{13D39DC3-F88D-4714-A9EF-FE41F4C4802E}.Debug 2.0|Itanium.ActiveCfg = Debug|x64
		{13D39DC3-F88D-4714-A9EF-FE41F4C4802E}.Debug 2.0|x64.ActiveCfg = Debug|x64
		{13D39DC3-F88D-4714-A9EF-FE41F4C4802E}.Debug 2.0|x64.Build.0 = Debug|x64
		{13D39DC3-F88D-4714-A9EF-FE41F4C4802E}.Debug 2.0|x86.ActiveCfg = Debug|x64
		{13D39DC3-F88D-4714-A9EF-FE41F4C4802E}.Debug 2|Any CPU.ActiveCfg = Debug|x64
		{13D39DC3-F88D-4714-A9EF-FE41F4C4802E}.Debug 2|Itanium.ActiveCfg = Debug|x64
		{13D39DC3-F88D-4714-A9EF-FE41F4C4802E}.Debug 2|x64.ActiveCfg = Debug|x64
		{13D39DC3-F88D-4714-A9EF-FE41F4C4802E}.Debug 2|x64.Build.0 = Debug|x64
		{13D39DC3-F88D-4714-A9EF-FE41F4C4802E}.Debug 2|x86.ActiveCfg = Debug|x64
		{13D39DC3-F88D-4714-A9EF-FE41F4C4802E}.Debug|Any CPU.ActiveCfg = Debug|Any CPU
		{13D39DC3-F88D-4714-A9EF-FE41F4C4802E}.Debug|Any CPU.Build.0 = Debug|Any CPU
		{13D39DC3-F88D-4714-A9EF-FE41F4C4802E}.Debug|Itanium.ActiveCfg = Debug|x64
		{13D39DC3-F88D-4714-A9EF-FE41F4C4802E}.Debug|x64.ActiveCfg = Debug|x64
		{13D39DC3-F88D-4714-A9EF-FE41F4C4802E}.Debug|x64.Build.0 = Debug|x64
		{13D39DC3-F88D-4714-A9EF-FE41F4C4802E}.Debug|x86.ActiveCfg = Debug|x86
		{13D39DC3-F88D-4714-A9EF-FE41F4C4802E}.Debug|x86.Build.0 = Debug|x86
		{13D39DC3-F88D-4714-A9EF-FE41F4C4802E}.Release|Any CPU.ActiveCfg = Release|Any CPU
		{13D39DC3-F88D-4714-A9EF-FE41F4C4802E}.Release|Any CPU.Build.0 = Release|Any CPU
		{13D39DC3-F88D-4714-A9EF-FE41F4C4802E}.Release|Itanium.ActiveCfg = Release|x64
		{13D39DC3-F88D-4714-A9EF-FE41F4C4802E}.Release|x64.ActiveCfg = Release|x64
		{13D39DC3-F88D-4714-A9EF-FE41F4C4802E}.Release|x64.Build.0 = Release|x64
		{13D39DC3-F88D-4714-A9EF-FE41F4C4802E}.Release|x86.ActiveCfg = Release|x86
		{13D39DC3-F88D-4714-A9EF-FE41F4C4802E}.Release|x86.Build.0 = Release|x86
		{AD184E84-45AD-4DF6-BB3D-FB56EEDE2F31}.Debug 2.0|Any CPU.ActiveCfg = Debug|x64
		{AD184E84-45AD-4DF6-BB3D-FB56EEDE2F31}.Debug 2.0|Itanium.ActiveCfg = Debug|x64
		{AD184E84-45AD-4DF6-BB3D-FB56EEDE2F31}.Debug 2.0|x64.ActiveCfg = Debug|x64
		{AD184E84-45AD-4DF6-BB3D-FB56EEDE2F31}.Debug 2.0|x64.Build.0 = Debug|x64
		{AD184E84-45AD-4DF6-BB3D-FB56EEDE2F31}.Debug 2.0|x86.ActiveCfg = Debug|x64
		{AD184E84-45AD-4DF6-BB3D-FB56EEDE2F31}.Debug 2|Any CPU.ActiveCfg = Debug|x64
		{AD184E84-45AD-4DF6-BB3D-FB56EEDE2F31}.Debug 2|Itanium.ActiveCfg = Debug|x64
		{AD184E84-45AD-4DF6-BB3D-FB56EEDE2F31}.Debug 2|x64.ActiveCfg = Debug|x64
		{AD184E84-45AD-4DF6-BB3D-FB56EEDE2F31}.Debug 2|x64.Build.0 = Debug|x64
		{AD184E84-45AD-4DF6-BB3D-FB56EEDE2F31}.Debug 2|x86.ActiveCfg = Debug|x64
		{AD184E84-45AD-4DF6-BB3D-FB56EEDE2F31}.Debug|Any CPU.ActiveCfg = Debug|Any CPU
		{AD184E84-45AD-4DF6-BB3D-FB56EEDE2F31}.Debug|Any CPU.Build.0 = Debug|Any CPU
		{AD184E84-45AD-4DF6-BB3D-FB56EEDE2F31}.Debug|Itanium.ActiveCfg = Debug|x64
		{AD184E84-45AD-4DF6-BB3D-FB56EEDE2F31}.Debug|x64.ActiveCfg = Debug|x64
		{AD184E84-45AD-4DF6-BB3D-FB56EEDE2F31}.Debug|x64.Build.0 = Debug|x64
		{AD184E84-45AD-4DF6-BB3D-FB56EEDE2F31}.Debug|x86.ActiveCfg = Debug|x86
		{AD184E84-45AD-4DF6-BB3D-FB56EEDE2F31}.Debug|x86.Build.0 = Debug|x86
		{AD184E84-45AD-4DF6-BB3D-FB56EEDE2F31}.Release|Any CPU.ActiveCfg = Release|Any CPU
		{AD184E84-45AD-4DF6-BB3D-FB56EEDE2F31}.Release|Any CPU.Build.0 = Release|Any CPU
		{AD184E84-45AD-4DF6-BB3D-FB56EEDE2F31}.Release|Itanium.ActiveCfg = Release|x64
		{AD184E84-45AD-4DF6-BB3D-FB56EEDE2F31}.Release|x64.ActiveCfg = Release|x64
		{AD184E84-45AD-4DF6-BB3D-FB56EEDE2F31}.Release|x64.Build.0 = Release|x64
		{AD184E84-45AD-4DF6-BB3D-FB56EEDE2F31}.Release|x86.ActiveCfg = Release|x86
		{AD184E84-45AD-4DF6-BB3D-FB56EEDE2F31}.Release|x86.Build.0 = Release|x86
		{7AA21CBF-336D-4815-A2A6-55AC5694A241}.Debug 2.0|Any CPU.ActiveCfg = Debug|x64
		{7AA21CBF-336D-4815-A2A6-55AC5694A241}.Debug 2.0|Itanium.ActiveCfg = Debug|x64
		{7AA21CBF-336D-4815-A2A6-55AC5694A241}.Debug 2.0|x64.ActiveCfg = Debug|x64
		{7AA21CBF-336D-4815-A2A6-55AC5694A241}.Debug 2.0|x64.Build.0 = Debug|x64
		{7AA21CBF-336D-4815-A2A6-55AC5694A241}.Debug 2.0|x86.ActiveCfg = Debug|x64
		{7AA21CBF-336D-4815-A2A6-55AC5694A241}.Debug 2|Any CPU.ActiveCfg = Debug|x64
		{7AA21CBF-336D-4815-A2A6-55AC5694A241}.Debug 2|Itanium.ActiveCfg = Debug|x64
		{7AA21CBF-336D-4815-A2A6-55AC5694A241}.Debug 2|x64.ActiveCfg = Debug|x64
		{7AA21CBF-336D-4815-A2A6-55AC5694A241}.Debug 2|x64.Build.0 = Debug|x64
		{7AA21CBF-336D-4815-A2A6-55AC5694A241}.Debug 2|x86.ActiveCfg = Debug|x64
		{7AA21CBF-336D-4815-A2A6-55AC5694A241}.Debug|Any CPU.ActiveCfg = Debug|Any CPU
		{7AA21CBF-336D-4815-A2A6-55AC5694A241}.Debug|Any CPU.Build.0 = Debug|Any CPU
		{7AA21CBF-336D-4815-A2A6-55AC5694A241}.Debug|Itanium.ActiveCfg = Debug|x64
		{7AA21CBF-336D-4815-A2A6-55AC5694A241}.Debug|x64.ActiveCfg = Debug|x64
		{7AA21CBF-336D-4815-A2A6-55AC5694A241}.Debug|x64.Build.0 = Debug|x64
		{7AA21CBF-336D-4815-A2A6-55AC5694A241}.Debug|x86.ActiveCfg = Debug|x86
		{7AA21CBF-336D-4815-A2A6-55AC5694A241}.Debug|x86.Build.0 = Debug|x86
		{7AA21CBF-336D-4815-A2A6-55AC5694A241}.Release|Any CPU.ActiveCfg = Release|Any CPU
		{7AA21CBF-336D-4815-A2A6-55AC5694A241}.Release|Any CPU.Build.0 = Release|Any CPU
		{7AA21CBF-336D-4815-A2A6-55AC5694A241}.Release|Itanium.ActiveCfg = Release|x64
		{7AA21CBF-336D-4815-A2A6-55AC5694A241}.Release|x64.ActiveCfg = Release|x64
		{7AA21CBF-336D-4815-A2A6-55AC5694A241}.Release|x64.Build.0 = Release|x64
		{7AA21CBF-336D-4815-A2A6-55AC5694A241}.Release|x86.ActiveCfg = Release|x86
		{7AA21CBF-336D-4815-A2A6-55AC5694A241}.Release|x86.Build.0 = Release|x86
		{C197504C-9F93-4A3A-B17A-CF56E1366536}.Debug 2.0|Any CPU.ActiveCfg = Debug|x86
		{C197504C-9F93-4A3A-B17A-CF56E1366536}.Debug 2.0|Itanium.ActiveCfg = Debug|x86
		{C197504C-9F93-4A3A-B17A-CF56E1366536}.Debug 2.0|x64.ActiveCfg = Debug|x86
		{C197504C-9F93-4A3A-B17A-CF56E1366536}.Debug 2.0|x86.ActiveCfg = Debug|x86
		{C197504C-9F93-4A3A-B17A-CF56E1366536}.Debug 2.0|x86.Build.0 = Debug|x86
		{C197504C-9F93-4A3A-B17A-CF56E1366536}.Debug 2|Any CPU.ActiveCfg = Debug|x86
		{C197504C-9F93-4A3A-B17A-CF56E1366536}.Debug 2|Itanium.ActiveCfg = Debug|x86
		{C197504C-9F93-4A3A-B17A-CF56E1366536}.Debug 2|x64.ActiveCfg = Debug|x86
		{C197504C-9F93-4A3A-B17A-CF56E1366536}.Debug 2|x86.ActiveCfg = Debug|x86
		{C197504C-9F93-4A3A-B17A-CF56E1366536}.Debug 2|x86.Build.0 = Debug|x86
		{C197504C-9F93-4A3A-B17A-CF56E1366536}.Debug|Any CPU.ActiveCfg = Debug|Any CPU
		{C197504C-9F93-4A3A-B17A-CF56E1366536}.Debug|Any CPU.Build.0 = Debug|Any CPU
		{C197504C-9F93-4A3A-B17A-CF56E1366536}.Debug|Itanium.ActiveCfg = Debug|x86
		{C197504C-9F93-4A3A-B17A-CF56E1366536}.Debug|x64.ActiveCfg = Debug|x64
		{C197504C-9F93-4A3A-B17A-CF56E1366536}.Debug|x64.Build.0 = Debug|x64
		{C197504C-9F93-4A3A-B17A-CF56E1366536}.Debug|x86.ActiveCfg = Debug|x86
		{C197504C-9F93-4A3A-B17A-CF56E1366536}.Debug|x86.Build.0 = Debug|x86
		{C197504C-9F93-4A3A-B17A-CF56E1366536}.Release|Any CPU.ActiveCfg = Release|Any CPU
		{C197504C-9F93-4A3A-B17A-CF56E1366536}.Release|Any CPU.Build.0 = Release|Any CPU
		{C197504C-9F93-4A3A-B17A-CF56E1366536}.Release|Itanium.ActiveCfg = Release|x86
		{C197504C-9F93-4A3A-B17A-CF56E1366536}.Release|x64.ActiveCfg = Release|x64
		{C197504C-9F93-4A3A-B17A-CF56E1366536}.Release|x64.Build.0 = Release|x64
		{C197504C-9F93-4A3A-B17A-CF56E1366536}.Release|x86.ActiveCfg = Release|x86
		{C197504C-9F93-4A3A-B17A-CF56E1366536}.Release|x86.Build.0 = Release|x86
		{E5772D71-07ED-4038-9C13-48CC12CBD8E3}.Debug 2.0|Any CPU.ActiveCfg = Debug|x86
		{E5772D71-07ED-4038-9C13-48CC12CBD8E3}.Debug 2.0|Itanium.ActiveCfg = Debug|x86
		{E5772D71-07ED-4038-9C13-48CC12CBD8E3}.Debug 2.0|x64.ActiveCfg = Debug|x86
		{E5772D71-07ED-4038-9C13-48CC12CBD8E3}.Debug 2.0|x86.ActiveCfg = Debug|x86
		{E5772D71-07ED-4038-9C13-48CC12CBD8E3}.Debug 2.0|x86.Build.0 = Debug|x86
		{E5772D71-07ED-4038-9C13-48CC12CBD8E3}.Debug 2|Any CPU.ActiveCfg = Debug|x86
		{E5772D71-07ED-4038-9C13-48CC12CBD8E3}.Debug 2|Itanium.ActiveCfg = Debug|x86
		{E5772D71-07ED-4038-9C13-48CC12CBD8E3}.Debug 2|x64.ActiveCfg = Debug|x86
		{E5772D71-07ED-4038-9C13-48CC12CBD8E3}.Debug 2|x86.ActiveCfg = Debug|x86
		{E5772D71-07ED-4038-9C13-48CC12CBD8E3}.Debug 2|x86.Build.0 = Debug|x86
		{E5772D71-07ED-4038-9C13-48CC12CBD8E3}.Debug|Any CPU.ActiveCfg = Debug|Any CPU
		{E5772D71-07ED-4038-9C13-48CC12CBD8E3}.Debug|Any CPU.Build.0 = Debug|Any CPU
		{E5772D71-07ED-4038-9C13-48CC12CBD8E3}.Debug|Itanium.ActiveCfg = Debug|x86
		{E5772D71-07ED-4038-9C13-48CC12CBD8E3}.Debug|x64.ActiveCfg = Debug|x86
		{E5772D71-07ED-4038-9C13-48CC12CBD8E3}.Debug|x86.ActiveCfg = Debug|x86
		{E5772D71-07ED-4038-9C13-48CC12CBD8E3}.Debug|x86.Build.0 = Debug|x86
		{E5772D71-07ED-4038-9C13-48CC12CBD8E3}.Release|Any CPU.ActiveCfg = Release|Any CPU
		{E5772D71-07ED-4038-9C13-48CC12CBD8E3}.Release|Any CPU.Build.0 = Release|Any CPU
		{E5772D71-07ED-4038-9C13-48CC12CBD8E3}.Release|Itanium.ActiveCfg = Release|x86
		{E5772D71-07ED-4038-9C13-48CC12CBD8E3}.Release|x64.ActiveCfg = Release|x86
		{E5772D71-07ED-4038-9C13-48CC12CBD8E3}.Release|x86.ActiveCfg = Release|x86
		{E5772D71-07ED-4038-9C13-48CC12CBD8E3}.Release|x86.Build.0 = Release|x86
		{EF313F61-2DB4-461B-9F89-B6BC53C96BA4}.Debug 2.0|Any CPU.ActiveCfg = Debug|x86
		{EF313F61-2DB4-461B-9F89-B6BC53C96BA4}.Debug 2.0|Itanium.ActiveCfg = Debug|x86
		{EF313F61-2DB4-461B-9F89-B6BC53C96BA4}.Debug 2.0|x64.ActiveCfg = Debug|x86
		{EF313F61-2DB4-461B-9F89-B6BC53C96BA4}.Debug 2.0|x86.ActiveCfg = Debug|x86
		{EF313F61-2DB4-461B-9F89-B6BC53C96BA4}.Debug 2.0|x86.Build.0 = Debug|x86
		{EF313F61-2DB4-461B-9F89-B6BC53C96BA4}.Debug 2|Any CPU.ActiveCfg = Debug|x86
		{EF313F61-2DB4-461B-9F89-B6BC53C96BA4}.Debug 2|Itanium.ActiveCfg = Debug|x86
		{EF313F61-2DB4-461B-9F89-B6BC53C96BA4}.Debug 2|x64.ActiveCfg = Debug|x86
		{EF313F61-2DB4-461B-9F89-B6BC53C96BA4}.Debug 2|x86.ActiveCfg = Debug|x86
		{EF313F61-2DB4-461B-9F89-B6BC53C96BA4}.Debug 2|x86.Build.0 = Debug|x86
		{EF313F61-2DB4-461B-9F89-B6BC53C96BA4}.Debug|Any CPU.ActiveCfg = Debug|Any CPU
		{EF313F61-2DB4-461B-9F89-B6BC53C96BA4}.Debug|Any CPU.Build.0 = Debug|Any CPU
		{EF313F61-2DB4-461B-9F89-B6BC53C96BA4}.Debug|Itanium.ActiveCfg = Debug|x86
		{EF313F61-2DB4-461B-9F89-B6BC53C96BA4}.Debug|x64.ActiveCfg = Debug|x86
		{EF313F61-2DB4-461B-9F89-B6BC53C96BA4}.Debug|x86.ActiveCfg = Debug|x86
		{EF313F61-2DB4-461B-9F89-B6BC53C96BA4}.Debug|x86.Build.0 = Debug|x86
		{EF313F61-2DB4-461B-9F89-B6BC53C96BA4}.Release|Any CPU.ActiveCfg = Release|Any CPU
		{EF313F61-2DB4-461B-9F89-B6BC53C96BA4}.Release|Any CPU.Build.0 = Release|Any CPU
		{EF313F61-2DB4-461B-9F89-B6BC53C96BA4}.Release|Itanium.ActiveCfg = Release|x86
		{EF313F61-2DB4-461B-9F89-B6BC53C96BA4}.Release|x64.ActiveCfg = Release|x86
		{EF313F61-2DB4-461B-9F89-B6BC53C96BA4}.Release|x86.ActiveCfg = Release|x86
		{EF313F61-2DB4-461B-9F89-B6BC53C96BA4}.Release|x86.Build.0 = Release|x86
		{7E95DBA8-8DC1-4477-91F0-BA2E2F7BACC3}.Debug 2.0|Any CPU.ActiveCfg = Debug 2.0|Any CPU
		{7E95DBA8-8DC1-4477-91F0-BA2E2F7BACC3}.Debug 2.0|Any CPU.Build.0 = Debug 2.0|Any CPU
		{7E95DBA8-8DC1-4477-91F0-BA2E2F7BACC3}.Debug 2.0|Itanium.ActiveCfg = Debug 2.0|x86
		{7E95DBA8-8DC1-4477-91F0-BA2E2F7BACC3}.Debug 2.0|x64.ActiveCfg = Debug 2.0|x64
		{7E95DBA8-8DC1-4477-91F0-BA2E2F7BACC3}.Debug 2.0|x64.Build.0 = Debug 2.0|x64
		{7E95DBA8-8DC1-4477-91F0-BA2E2F7BACC3}.Debug 2.0|x86.ActiveCfg = Debug 2.0|x86
		{7E95DBA8-8DC1-4477-91F0-BA2E2F7BACC3}.Debug 2.0|x86.Build.0 = Debug 2.0|x86
		{7E95DBA8-8DC1-4477-91F0-BA2E2F7BACC3}.Debug 2|Any CPU.ActiveCfg = Debug 2|Any CPU
		{7E95DBA8-8DC1-4477-91F0-BA2E2F7BACC3}.Debug 2|Any CPU.Build.0 = Debug 2|Any CPU
		{7E95DBA8-8DC1-4477-91F0-BA2E2F7BACC3}.Debug 2|Itanium.ActiveCfg = Debug 2|x86
		{7E95DBA8-8DC1-4477-91F0-BA2E2F7BACC3}.Debug 2|x64.ActiveCfg = Debug 2|x64
		{7E95DBA8-8DC1-4477-91F0-BA2E2F7BACC3}.Debug 2|x64.Build.0 = Debug 2|x64
		{7E95DBA8-8DC1-4477-91F0-BA2E2F7BACC3}.Debug 2|x86.ActiveCfg = Debug 2|x86
		{7E95DBA8-8DC1-4477-91F0-BA2E2F7BACC3}.Debug 2|x86.Build.0 = Debug 2|x86
		{7E95DBA8-8DC1-4477-91F0-BA2E2F7BACC3}.Debug|Any CPU.ActiveCfg = Debug|Any CPU
		{7E95DBA8-8DC1-4477-91F0-BA2E2F7BACC3}.Debug|Any CPU.Build.0 = Debug|Any CPU
		{7E95DBA8-8DC1-4477-91F0-BA2E2F7BACC3}.Debug|Itanium.ActiveCfg = Debug|x86
		{7E95DBA8-8DC1-4477-91F0-BA2E2F7BACC3}.Debug|x64.ActiveCfg = Debug|x64
		{7E95DBA8-8DC1-4477-91F0-BA2E2F7BACC3}.Debug|x64.Build.0 = Debug|x64
		{7E95DBA8-8DC1-4477-91F0-BA2E2F7BACC3}.Debug|x86.ActiveCfg = Debug|x86
		{7E95DBA8-8DC1-4477-91F0-BA2E2F7BACC3}.Debug|x86.Build.0 = Debug|x86
		{7E95DBA8-8DC1-4477-91F0-BA2E2F7BACC3}.Release|Any CPU.ActiveCfg = Release|Any CPU
		{7E95DBA8-8DC1-4477-91F0-BA2E2F7BACC3}.Release|Any CPU.Build.0 = Release|Any CPU
		{7E95DBA8-8DC1-4477-91F0-BA2E2F7BACC3}.Release|Itanium.ActiveCfg = Release|x86
		{7E95DBA8-8DC1-4477-91F0-BA2E2F7BACC3}.Release|x64.ActiveCfg = Release|x64
		{7E95DBA8-8DC1-4477-91F0-BA2E2F7BACC3}.Release|x64.Build.0 = Release|x64
		{7E95DBA8-8DC1-4477-91F0-BA2E2F7BACC3}.Release|x86.ActiveCfg = Release|x86
		{7E95DBA8-8DC1-4477-91F0-BA2E2F7BACC3}.Release|x86.Build.0 = Release|x86
		{C2893772-CC74-4062-8B07-C986973D1DF7}.Debug 2.0|Any CPU.ActiveCfg = Debug|x86
		{C2893772-CC74-4062-8B07-C986973D1DF7}.Debug 2.0|Itanium.ActiveCfg = Debug|x86
		{C2893772-CC74-4062-8B07-C986973D1DF7}.Debug 2.0|x64.ActiveCfg = Debug|x86
		{C2893772-CC74-4062-8B07-C986973D1DF7}.Debug 2.0|x86.ActiveCfg = Debug|x86
		{C2893772-CC74-4062-8B07-C986973D1DF7}.Debug 2.0|x86.Build.0 = Debug|x86
		{C2893772-CC74-4062-8B07-C986973D1DF7}.Debug 2|Any CPU.ActiveCfg = Debug|x86
		{C2893772-CC74-4062-8B07-C986973D1DF7}.Debug 2|Itanium.ActiveCfg = Debug|x86
		{C2893772-CC74-4062-8B07-C986973D1DF7}.Debug 2|x64.ActiveCfg = Debug|x86
		{C2893772-CC74-4062-8B07-C986973D1DF7}.Debug 2|x86.ActiveCfg = Debug|x86
		{C2893772-CC74-4062-8B07-C986973D1DF7}.Debug 2|x86.Build.0 = Debug|x86
		{C2893772-CC74-4062-8B07-C986973D1DF7}.Debug|Any CPU.ActiveCfg = Debug|Any CPU
		{C2893772-CC74-4062-8B07-C986973D1DF7}.Debug|Any CPU.Build.0 = Debug|Any CPU
		{C2893772-CC74-4062-8B07-C986973D1DF7}.Debug|Itanium.ActiveCfg = Debug|x86
		{C2893772-CC74-4062-8B07-C986973D1DF7}.Debug|x64.ActiveCfg = Debug|x86
		{C2893772-CC74-4062-8B07-C986973D1DF7}.Debug|x86.ActiveCfg = Debug|x86
		{C2893772-CC74-4062-8B07-C986973D1DF7}.Debug|x86.Build.0 = Debug|x86
		{C2893772-CC74-4062-8B07-C986973D1DF7}.Release|Any CPU.ActiveCfg = Release|Any CPU
		{C2893772-CC74-4062-8B07-C986973D1DF7}.Release|Any CPU.Build.0 = Release|Any CPU
		{C2893772-CC74-4062-8B07-C986973D1DF7}.Release|Itanium.ActiveCfg = Release|x86
		{C2893772-CC74-4062-8B07-C986973D1DF7}.Release|x64.ActiveCfg = Release|x86
		{C2893772-CC74-4062-8B07-C986973D1DF7}.Release|x86.ActiveCfg = Release|x86
		{C2893772-CC74-4062-8B07-C986973D1DF7}.Release|x86.Build.0 = Release|x86
		{898ECB12-D464-4514-AE2E-45FE430FE04E}.Debug 2.0|Any CPU.ActiveCfg = Debug 2.0|Any CPU
		{898ECB12-D464-4514-AE2E-45FE430FE04E}.Debug 2.0|Any CPU.Build.0 = Debug 2.0|Any CPU
		{898ECB12-D464-4514-AE2E-45FE430FE04E}.Debug 2.0|Itanium.ActiveCfg = Debug 2.0|Itanium
		{898ECB12-D464-4514-AE2E-45FE430FE04E}.Debug 2.0|Itanium.Build.0 = Debug 2.0|Itanium
		{898ECB12-D464-4514-AE2E-45FE430FE04E}.Debug 2.0|x64.ActiveCfg = Debug 2.0|x64
		{898ECB12-D464-4514-AE2E-45FE430FE04E}.Debug 2.0|x64.Build.0 = Debug 2.0|x64
		{898ECB12-D464-4514-AE2E-45FE430FE04E}.Debug 2.0|x86.ActiveCfg = Debug 2.0|x86
		{898ECB12-D464-4514-AE2E-45FE430FE04E}.Debug 2.0|x86.Build.0 = Debug 2.0|x86
		{898ECB12-D464-4514-AE2E-45FE430FE04E}.Debug 2|Any CPU.ActiveCfg = Debug 2|Any CPU
		{898ECB12-D464-4514-AE2E-45FE430FE04E}.Debug 2|Any CPU.Build.0 = Debug 2|Any CPU
		{898ECB12-D464-4514-AE2E-45FE430FE04E}.Debug 2|Itanium.ActiveCfg = Debug 2|Itanium
		{898ECB12-D464-4514-AE2E-45FE430FE04E}.Debug 2|Itanium.Build.0 = Debug 2|Itanium
		{898ECB12-D464-4514-AE2E-45FE430FE04E}.Debug 2|x64.ActiveCfg = Debug 2|x64
		{898ECB12-D464-4514-AE2E-45FE430FE04E}.Debug 2|x64.Build.0 = Debug 2|x64
		{898ECB12-D464-4514-AE2E-45FE430FE04E}.Debug 2|x86.ActiveCfg = Debug 2|x86
		{898ECB12-D464-4514-AE2E-45FE430FE04E}.Debug 2|x86.Build.0 = Debug 2|x86
		{898ECB12-D464-4514-AE2E-45FE430FE04E}.Debug|Any CPU.ActiveCfg = Debug|Any CPU
		{898ECB12-D464-4514-AE2E-45FE430FE04E}.Debug|Any CPU.Build.0 = Debug|Any CPU
		{898ECB12-D464-4514-AE2E-45FE430FE04E}.Debug|Itanium.ActiveCfg = Debug|Itanium
		{898ECB12-D464-4514-AE2E-45FE430FE04E}.Debug|Itanium.Build.0 = Debug|Itanium
		{898ECB12-D464-4514-AE2E-45FE430FE04E}.Debug|x64.ActiveCfg = Debug|x64
		{898ECB12-D464-4514-AE2E-45FE430FE04E}.Debug|x64.Build.0 = Debug|x64
		{898ECB12-D464-4514-AE2E-45FE430FE04E}.Debug|x86.ActiveCfg = Debug|x86
		{898ECB12-D464-4514-AE2E-45FE430FE04E}.Debug|x86.Build.0 = Debug|x86
		{898ECB12-D464-4514-AE2E-45FE430FE04E}.Release|Any CPU.ActiveCfg = Release|Any CPU
		{898ECB12-D464-4514-AE2E-45FE430FE04E}.Release|Any CPU.Build.0 = Release|Any CPU
		{898ECB12-D464-4514-AE2E-45FE430FE04E}.Release|Itanium.ActiveCfg = Release|Itanium
		{898ECB12-D464-4514-AE2E-45FE430FE04E}.Release|Itanium.Build.0 = Release|Itanium
		{898ECB12-D464-4514-AE2E-45FE430FE04E}.Release|x64.ActiveCfg = Release|x64
		{898ECB12-D464-4514-AE2E-45FE430FE04E}.Release|x64.Build.0 = Release|x64
		{898ECB12-D464-4514-AE2E-45FE430FE04E}.Release|x86.ActiveCfg = Release|x86
		{898ECB12-D464-4514-AE2E-45FE430FE04E}.Release|x86.Build.0 = Release|x86
	EndGlobalSection
	GlobalSection(SolutionProperties) = preSolution
		HideSolutionNode = FALSE
	EndGlobalSection
EndGlobal
