
Microsoft Visual Studio Solution File, Format Version 9.00
# Visual Studio 2005
Project("{FAE04EC0-301F-11D3-BF4B-00C04F79EFBC}") = "bingo_odds", "bingo_odds.csproj", "{5DD2B9DF-CB40-4CFE-9324-CE24E1647BF7}"
	ProjectSection(WebsiteProperties) = preProject
		Debug.AspNetCompiler.Debug = "True"
		Release.AspNetCompiler.Debug = "False"
	EndProjectSection
EndProject
Project("{8BC9CEB8-8B4A-11D0-8D11-00A0C91BC942}") = "sack_bag", "..\..\..\..\sack\vc8\sack_bag.vcproj", "{CE932DB0-A729-4B0D-A2BE-E835A89764AD}"
	ProjectSection(WebsiteProperties) = preProject
		Debug.AspNetCompiler.Debug = "True"
		Release.AspNetCompiler.Debug = "False"
	EndProjectSection
EndProject
Project("{FAE04EC0-301F-11D3-BF4B-00C04F79EFBC}") = "xperdex.classes", "..\..\..\..\xperdex.sf\xperdex.classes\xperdex.classes.csproj", "{041E5A37-8678-451E-9500-EE3D7864C092}"
	ProjectSection(WebsiteProperties) = preProject
		Debug.AspNetCompiler.Debug = "True"
		Release.AspNetCompiler.Debug = "False"
	EndProjectSection
EndProject
Project("{FAE04EC0-301F-11D3-BF4B-00C04F79EFBC}") = "GDAL.BingoSessions", "..\..\..\..\..\..\clapps\Libs\GDAL\GDAL.BingoSessions\GDAL.BingoSessions.csproj", "{66EE6638-A4F4-4E08-886C-374C87D48935}"
	ProjectSection(WebsiteProperties) = preProject
		Debug.AspNetCompiler.Debug = "True"
		Release.AspNetCompiler.Debug = "False"
	EndProjectSection
EndProject
Project("{FAE04EC0-301F-11D3-BF4B-00C04F79EFBC}") = "RateRank", "..\RateRank\RateRank.csproj", "{A7A40D2B-7CD5-4A9B-8B65-F24BAE8EA278}"
	ProjectSection(WebsiteProperties) = preProject
		Debug.AspNetCompiler.Debug = "True"
		Release.AspNetCompiler.Debug = "False"
	EndProjectSection
EndProject
Project("{FAE04EC0-301F-11D3-BF4B-00C04F79EFBC}") = "BingoGameCore", "..\BingoGameCore\BingoGameCore.csproj", "{64CB49E6-965B-4A00-823B-4D5FF1702898}"
	ProjectSection(WebsiteProperties) = preProject
		Debug.AspNetCompiler.Debug = "True"
		Release.AspNetCompiler.Debug = "False"
	EndProjectSection
EndProject
Project("{FAE04EC0-301F-11D3-BF4B-00C04F79EFBC}") = "MonthCalendar", "..\..\..\..\..\..\clapps\Libs\CUIC\MonthCalendar_src_vs2005\MonthCalendar.csproj", "{898ECB12-D464-4514-AE2E-45FE430FE04E}"
	ProjectSection(WebsiteProperties) = preProject
		Debug.AspNetCompiler.Debug = "True"
		Release.AspNetCompiler.Debug = "False"
	EndProjectSection
EndProject
Project("{54435603-DBB4-11D2-8724-00A0C9A8B90C}") = "rate_rank_setup", "..\RateRankSetup\rate_rank_setup.vdproj", "{02476342-19F6-4CC8-9D1B-B888076BB1F7}"
	ProjectSection(WebsiteProperties) = preProject
		Debug.AspNetCompiler.Debug = "True"
		Release.AspNetCompiler.Debug = "False"
	EndProjectSection
EndProject
Project("{FAE04EC0-301F-11D3-BF4B-00C04F79EFBC}") = "RateBrowser", "..\RateBrowser\RateBrowser.csproj", "{35C176F5-FCB8-4311-874C-D2D630DFD5A0}"
	ProjectSection(WebsiteProperties) = preProject
		Debug.AspNetCompiler.Debug = "True"
		Release.AspNetCompiler.Debug = "False"
	EndProjectSection
EndProject
Project("{FAE04EC0-301F-11D3-BF4B-00C04F79EFBC}") = "ActiveDirectoryTest", "..\..\..\..\..\..\temp\ActiveDirectoryTest\ActiveDirectoryTest.csproj", "{C846E374-31C0-4D4F-841B-429284D87EBD}"
	ProjectSection(WebsiteProperties) = preProject
		Debug.AspNetCompiler.Debug = "True"
		Release.AspNetCompiler.Debug = "False"
	EndProjectSection
EndProject
Project("{FAE04EC0-301F-11D3-BF4B-00C04F79EFBC}") = "GDAL.BingoPackages", "..\..\..\..\..\..\clapps\Libs\GDAL\GDAL.BingoPackages\GDAL.BingoPackages.csproj", "{AE1DE6A9-5658-4E0B-B2E5-0A5B4F6EC60E}"
	ProjectSection(WebsiteProperties) = preProject
		Debug.AspNetCompiler.Debug = "True"
		Release.AspNetCompiler.Debug = "False"
	EndProjectSection
EndProject
Global
	GlobalSection(SolutionConfigurationPlatforms) = preSolution
		Debug C++|Any CPU = Debug C++|Any CPU
		Debug C++|Itanium = Debug C++|Itanium
		Debug C++|Mixed Platforms = Debug C++|Mixed Platforms
		Debug C++|Pocket PC 2003 (ARMV4) = Debug C++|Pocket PC 2003 (ARMV4)
		Debug C++|Win32 = Debug C++|Win32
		Debug C++|x64 = Debug C++|x64
		Debug CLR|Any CPU = Debug CLR|Any CPU
		Debug CLR|Itanium = Debug CLR|Itanium
		Debug CLR|Mixed Platforms = Debug CLR|Mixed Platforms
		Debug CLR|Pocket PC 2003 (ARMV4) = Debug CLR|Pocket PC 2003 (ARMV4)
		Debug CLR|Win32 = Debug CLR|Win32
		Debug CLR|x64 = Debug CLR|x64
		Debug|Any CPU = Debug|Any CPU
		Debug|Itanium = Debug|Itanium
		Debug|Mixed Platforms = Debug|Mixed Platforms
		Debug|Pocket PC 2003 (ARMV4) = Debug|Pocket PC 2003 (ARMV4)
		Debug|Win32 = Debug|Win32
		Debug|x64 = Debug|x64
		Release C++|Any CPU = Release C++|Any CPU
		Release C++|Itanium = Release C++|Itanium
		Release C++|Mixed Platforms = Release C++|Mixed Platforms
		Release C++|Pocket PC 2003 (ARMV4) = Release C++|Pocket PC 2003 (ARMV4)
		Release C++|Win32 = Release C++|Win32
		Release C++|x64 = Release C++|x64
		Release CLR|Any CPU = Release CLR|Any CPU
		Release CLR|Itanium = Release CLR|Itanium
		Release CLR|Mixed Platforms = Release CLR|Mixed Platforms
		Release CLR|Pocket PC 2003 (ARMV4) = Release CLR|Pocket PC 2003 (ARMV4)
		Release CLR|Win32 = Release CLR|Win32
		Release CLR|x64 = Release CLR|x64
		Release|Any CPU = Release|Any CPU
		Release|Itanium = Release|Itanium
		Release|Mixed Platforms = Release|Mixed Platforms
		Release|Pocket PC 2003 (ARMV4) = Release|Pocket PC 2003 (ARMV4)
		Release|Win32 = Release|Win32
		Release|x64 = Release|x64
	EndGlobalSection
	GlobalSection(ProjectConfigurationPlatforms) = postSolution
		{5DD2B9DF-CB40-4CFE-9324-CE24E1647BF7}.Debug C++|Any CPU.ActiveCfg = Debug|Any CPU
		{5DD2B9DF-CB40-4CFE-9324-CE24E1647BF7}.Debug C++|Any CPU.Build.0 = Debug|Any CPU
		{5DD2B9DF-CB40-4CFE-9324-CE24E1647BF7}.Debug C++|Itanium.ActiveCfg = Debug|Any CPU
		{5DD2B9DF-CB40-4CFE-9324-CE24E1647BF7}.Debug C++|Mixed Platforms.ActiveCfg = Debug|Any CPU
		{5DD2B9DF-CB40-4CFE-9324-CE24E1647BF7}.Debug C++|Mixed Platforms.Build.0 = Debug|Any CPU
		{5DD2B9DF-CB40-4CFE-9324-CE24E1647BF7}.Debug C++|Pocket PC 2003 (ARMV4).ActiveCfg = Debug|Any CPU
		{5DD2B9DF-CB40-4CFE-9324-CE24E1647BF7}.Debug C++|Win32.ActiveCfg = Debug|Any CPU
		{5DD2B9DF-CB40-4CFE-9324-CE24E1647BF7}.Debug C++|x64.ActiveCfg = Debug|Any CPU
		{5DD2B9DF-CB40-4CFE-9324-CE24E1647BF7}.Debug CLR|Any CPU.ActiveCfg = Debug|Any CPU
		{5DD2B9DF-CB40-4CFE-9324-CE24E1647BF7}.Debug CLR|Any CPU.Build.0 = Debug|Any CPU
		{5DD2B9DF-CB40-4CFE-9324-CE24E1647BF7}.Debug CLR|Itanium.ActiveCfg = Debug|Any CPU
		{5DD2B9DF-CB40-4CFE-9324-CE24E1647BF7}.Debug CLR|Mixed Platforms.ActiveCfg = Debug|Any CPU
		{5DD2B9DF-CB40-4CFE-9324-CE24E1647BF7}.Debug CLR|Mixed Platforms.Build.0 = Debug|Any CPU
		{5DD2B9DF-CB40-4CFE-9324-CE24E1647BF7}.Debug CLR|Pocket PC 2003 (ARMV4).ActiveCfg = Debug|Any CPU
		{5DD2B9DF-CB40-4CFE-9324-CE24E1647BF7}.Debug CLR|Win32.ActiveCfg = Debug|Any CPU
		{5DD2B9DF-CB40-4CFE-9324-CE24E1647BF7}.Debug CLR|x64.ActiveCfg = Debug|Any CPU
		{5DD2B9DF-CB40-4CFE-9324-CE24E1647BF7}.Debug|Any CPU.ActiveCfg = Debug|Any CPU
		{5DD2B9DF-CB40-4CFE-9324-CE24E1647BF7}.Debug|Any CPU.Build.0 = Debug|Any CPU
		{5DD2B9DF-CB40-4CFE-9324-CE24E1647BF7}.Debug|Itanium.ActiveCfg = Debug|Any CPU
		{5DD2B9DF-CB40-4CFE-9324-CE24E1647BF7}.Debug|Mixed Platforms.ActiveCfg = Debug|Any CPU
		{5DD2B9DF-CB40-4CFE-9324-CE24E1647BF7}.Debug|Mixed Platforms.Build.0 = Debug|Any CPU
		{5DD2B9DF-CB40-4CFE-9324-CE24E1647BF7}.Debug|Pocket PC 2003 (ARMV4).ActiveCfg = Debug|Any CPU
		{5DD2B9DF-CB40-4CFE-9324-CE24E1647BF7}.Debug|Win32.ActiveCfg = Debug|Any CPU
		{5DD2B9DF-CB40-4CFE-9324-CE24E1647BF7}.Debug|x64.ActiveCfg = Debug|Any CPU
		{5DD2B9DF-CB40-4CFE-9324-CE24E1647BF7}.Release C++|Any CPU.ActiveCfg = Release|Any CPU
		{5DD2B9DF-CB40-4CFE-9324-CE24E1647BF7}.Release C++|Any CPU.Build.0 = Release|Any CPU
		{5DD2B9DF-CB40-4CFE-9324-CE24E1647BF7}.Release C++|Itanium.ActiveCfg = Release|Any CPU
		{5DD2B9DF-CB40-4CFE-9324-CE24E1647BF7}.Release C++|Mixed Platforms.ActiveCfg = Release|Any CPU
		{5DD2B9DF-CB40-4CFE-9324-CE24E1647BF7}.Release C++|Mixed Platforms.Build.0 = Release|Any CPU
		{5DD2B9DF-CB40-4CFE-9324-CE24E1647BF7}.Release C++|Pocket PC 2003 (ARMV4).ActiveCfg = Release|Any CPU
		{5DD2B9DF-CB40-4CFE-9324-CE24E1647BF7}.Release C++|Win32.ActiveCfg = Release|Any CPU
		{5DD2B9DF-CB40-4CFE-9324-CE24E1647BF7}.Release C++|x64.ActiveCfg = Release|Any CPU
		{5DD2B9DF-CB40-4CFE-9324-CE24E1647BF7}.Release CLR|Any CPU.ActiveCfg = Release|Any CPU
		{5DD2B9DF-CB40-4CFE-9324-CE24E1647BF7}.Release CLR|Any CPU.Build.0 = Release|Any CPU
		{5DD2B9DF-CB40-4CFE-9324-CE24E1647BF7}.Release CLR|Itanium.ActiveCfg = Release|Any CPU
		{5DD2B9DF-CB40-4CFE-9324-CE24E1647BF7}.Release CLR|Mixed Platforms.ActiveCfg = Release|Any CPU
		{5DD2B9DF-CB40-4CFE-9324-CE24E1647BF7}.Release CLR|Mixed Platforms.Build.0 = Release|Any CPU
		{5DD2B9DF-CB40-4CFE-9324-CE24E1647BF7}.Release CLR|Pocket PC 2003 (ARMV4).ActiveCfg = Release|Any CPU
		{5DD2B9DF-CB40-4CFE-9324-CE24E1647BF7}.Release CLR|Win32.ActiveCfg = Release|Any CPU
		{5DD2B9DF-CB40-4CFE-9324-CE24E1647BF7}.Release CLR|x64.ActiveCfg = Release|Any CPU
		{5DD2B9DF-CB40-4CFE-9324-CE24E1647BF7}.Release|Any CPU.ActiveCfg = Release|Any CPU
		{5DD2B9DF-CB40-4CFE-9324-CE24E1647BF7}.Release|Any CPU.Build.0 = Release|Any CPU
		{5DD2B9DF-CB40-4CFE-9324-CE24E1647BF7}.Release|Itanium.ActiveCfg = Release|Any CPU
		{5DD2B9DF-CB40-4CFE-9324-CE24E1647BF7}.Release|Mixed Platforms.ActiveCfg = Release|Any CPU
		{5DD2B9DF-CB40-4CFE-9324-CE24E1647BF7}.Release|Mixed Platforms.Build.0 = Release|Any CPU
		{5DD2B9DF-CB40-4CFE-9324-CE24E1647BF7}.Release|Pocket PC 2003 (ARMV4).ActiveCfg = Release|Any CPU
		{5DD2B9DF-CB40-4CFE-9324-CE24E1647BF7}.Release|Win32.ActiveCfg = Release|Any CPU
		{5DD2B9DF-CB40-4CFE-9324-CE24E1647BF7}.Release|x64.ActiveCfg = Release|Any CPU
		{CE932DB0-A729-4B0D-A2BE-E835A89764AD}.Debug C++|Any CPU.ActiveCfg = Debug C++|Win32
		{CE932DB0-A729-4B0D-A2BE-E835A89764AD}.Debug C++|Itanium.ActiveCfg = Debug C++|Win32
		{CE932DB0-A729-4B0D-A2BE-E835A89764AD}.Debug C++|Mixed Platforms.ActiveCfg = Debug C++|Win32
		{CE932DB0-A729-4B0D-A2BE-E835A89764AD}.Debug C++|Mixed Platforms.Build.0 = Debug C++|Win32
		{CE932DB0-A729-4B0D-A2BE-E835A89764AD}.Debug C++|Pocket PC 2003 (ARMV4).ActiveCfg = Debug C++|Win32
		{CE932DB0-A729-4B0D-A2BE-E835A89764AD}.Debug C++|Win32.ActiveCfg = Debug C++|Win32
		{CE932DB0-A729-4B0D-A2BE-E835A89764AD}.Debug C++|Win32.Build.0 = Debug C++|Win32
		{CE932DB0-A729-4B0D-A2BE-E835A89764AD}.Debug C++|x64.ActiveCfg = Debug C++|Win32
		{CE932DB0-A729-4B0D-A2BE-E835A89764AD}.Debug CLR|Any CPU.ActiveCfg = Debug CLR|Win32
		{CE932DB0-A729-4B0D-A2BE-E835A89764AD}.Debug CLR|Itanium.ActiveCfg = Debug CLR|Win32
		{CE932DB0-A729-4B0D-A2BE-E835A89764AD}.Debug CLR|Mixed Platforms.ActiveCfg = Debug CLR|Win32
		{CE932DB0-A729-4B0D-A2BE-E835A89764AD}.Debug CLR|Mixed Platforms.Build.0 = Debug CLR|Win32
		{CE932DB0-A729-4B0D-A2BE-E835A89764AD}.Debug CLR|Pocket PC 2003 (ARMV4).ActiveCfg = Debug CLR|Win32
		{CE932DB0-A729-4B0D-A2BE-E835A89764AD}.Debug CLR|Win32.ActiveCfg = Debug CLR|Win32
		{CE932DB0-A729-4B0D-A2BE-E835A89764AD}.Debug CLR|Win32.Build.0 = Debug CLR|Win32
		{CE932DB0-A729-4B0D-A2BE-E835A89764AD}.Debug CLR|x64.ActiveCfg = Debug CLR|Win32
		{CE932DB0-A729-4B0D-A2BE-E835A89764AD}.Debug|Any CPU.ActiveCfg = Debug|Win32
		{CE932DB0-A729-4B0D-A2BE-E835A89764AD}.Debug|Itanium.ActiveCfg = Debug|Win32
		{CE932DB0-A729-4B0D-A2BE-E835A89764AD}.Debug|Mixed Platforms.ActiveCfg = Debug CLR|Win32
		{CE932DB0-A729-4B0D-A2BE-E835A89764AD}.Debug|Mixed Platforms.Build.0 = Debug CLR|Win32
		{CE932DB0-A729-4B0D-A2BE-E835A89764AD}.Debug|Pocket PC 2003 (ARMV4).ActiveCfg = Debug|Win32
		{CE932DB0-A729-4B0D-A2BE-E835A89764AD}.Debug|Win32.ActiveCfg = Debug|Win32
		{CE932DB0-A729-4B0D-A2BE-E835A89764AD}.Debug|Win32.Build.0 = Debug|Win32
		{CE932DB0-A729-4B0D-A2BE-E835A89764AD}.Debug|x64.ActiveCfg = Debug|Win32
		{CE932DB0-A729-4B0D-A2BE-E835A89764AD}.Release C++|Any CPU.ActiveCfg = Release C++|Win32
		{CE932DB0-A729-4B0D-A2BE-E835A89764AD}.Release C++|Itanium.ActiveCfg = Release C++|Win32
		{CE932DB0-A729-4B0D-A2BE-E835A89764AD}.Release C++|Mixed Platforms.ActiveCfg = Release C++|Win32
		{CE932DB0-A729-4B0D-A2BE-E835A89764AD}.Release C++|Mixed Platforms.Build.0 = Release C++|Win32
		{CE932DB0-A729-4B0D-A2BE-E835A89764AD}.Release C++|Pocket PC 2003 (ARMV4).ActiveCfg = Release C++|Win32
		{CE932DB0-A729-4B0D-A2BE-E835A89764AD}.Release C++|Win32.ActiveCfg = Release C++|Win32
		{CE932DB0-A729-4B0D-A2BE-E835A89764AD}.Release C++|Win32.Build.0 = Release C++|Win32
		{CE932DB0-A729-4B0D-A2BE-E835A89764AD}.Release C++|x64.ActiveCfg = Release C++|Win32
		{CE932DB0-A729-4B0D-A2BE-E835A89764AD}.Release CLR|Any CPU.ActiveCfg = Release CLR|Win32
		{CE932DB0-A729-4B0D-A2BE-E835A89764AD}.Release CLR|Itanium.ActiveCfg = Release CLR|Win32
		{CE932DB0-A729-4B0D-A2BE-E835A89764AD}.Release CLR|Mixed Platforms.ActiveCfg = Release CLR|Win32
		{CE932DB0-A729-4B0D-A2BE-E835A89764AD}.Release CLR|Mixed Platforms.Build.0 = Release CLR|Win32
		{CE932DB0-A729-4B0D-A2BE-E835A89764AD}.Release CLR|Pocket PC 2003 (ARMV4).ActiveCfg = Release CLR|Win32
		{CE932DB0-A729-4B0D-A2BE-E835A89764AD}.Release CLR|Win32.ActiveCfg = Release CLR|Win32
		{CE932DB0-A729-4B0D-A2BE-E835A89764AD}.Release CLR|Win32.Build.0 = Release CLR|Win32
		{CE932DB0-A729-4B0D-A2BE-E835A89764AD}.Release CLR|x64.ActiveCfg = Release CLR|Win32
		{CE932DB0-A729-4B0D-A2BE-E835A89764AD}.Release|Any CPU.ActiveCfg = Release|Win32
		{CE932DB0-A729-4B0D-A2BE-E835A89764AD}.Release|Itanium.ActiveCfg = Release|Win32
		{CE932DB0-A729-4B0D-A2BE-E835A89764AD}.Release|Mixed Platforms.ActiveCfg = Release CLR|Win32
		{CE932DB0-A729-4B0D-A2BE-E835A89764AD}.Release|Mixed Platforms.Build.0 = Release CLR|Win32
		{CE932DB0-A729-4B0D-A2BE-E835A89764AD}.Release|Pocket PC 2003 (ARMV4).ActiveCfg = Release|Win32
		{CE932DB0-A729-4B0D-A2BE-E835A89764AD}.Release|Win32.ActiveCfg = Release|Win32
		{CE932DB0-A729-4B0D-A2BE-E835A89764AD}.Release|Win32.Build.0 = Release|Win32
		{CE932DB0-A729-4B0D-A2BE-E835A89764AD}.Release|x64.ActiveCfg = Release|Win32
		{041E5A37-8678-451E-9500-EE3D7864C092}.Debug C++|Any CPU.ActiveCfg = Debug|Any CPU
		{041E5A37-8678-451E-9500-EE3D7864C092}.Debug C++|Any CPU.Build.0 = Debug|Any CPU
		{041E5A37-8678-451E-9500-EE3D7864C092}.Debug C++|Itanium.ActiveCfg = Debug|Any CPU
		{041E5A37-8678-451E-9500-EE3D7864C092}.Debug C++|Mixed Platforms.ActiveCfg = Debug|Any CPU
		{041E5A37-8678-451E-9500-EE3D7864C092}.Debug C++|Mixed Platforms.Build.0 = Debug|Any CPU
		{041E5A37-8678-451E-9500-EE3D7864C092}.Debug C++|Pocket PC 2003 (ARMV4).ActiveCfg = Debug|Any CPU
		{041E5A37-8678-451E-9500-EE3D7864C092}.Debug C++|Win32.ActiveCfg = Debug|Any CPU
		{041E5A37-8678-451E-9500-EE3D7864C092}.Debug C++|x64.ActiveCfg = Debug|Any CPU
		{041E5A37-8678-451E-9500-EE3D7864C092}.Debug CLR|Any CPU.ActiveCfg = Debug|Any CPU
		{041E5A37-8678-451E-9500-EE3D7864C092}.Debug CLR|Any CPU.Build.0 = Debug|Any CPU
		{041E5A37-8678-451E-9500-EE3D7864C092}.Debug CLR|Itanium.ActiveCfg = Debug|Any CPU
		{041E5A37-8678-451E-9500-EE3D7864C092}.Debug CLR|Mixed Platforms.ActiveCfg = Debug|Any CPU
		{041E5A37-8678-451E-9500-EE3D7864C092}.Debug CLR|Mixed Platforms.Build.0 = Debug|Any CPU
		{041E5A37-8678-451E-9500-EE3D7864C092}.Debug CLR|Pocket PC 2003 (ARMV4).ActiveCfg = Debug|Any CPU
		{041E5A37-8678-451E-9500-EE3D7864C092}.Debug CLR|Win32.ActiveCfg = Debug|Any CPU
		{041E5A37-8678-451E-9500-EE3D7864C092}.Debug CLR|x64.ActiveCfg = Debug|Any CPU
		{041E5A37-8678-451E-9500-EE3D7864C092}.Debug|Any CPU.ActiveCfg = Debug|Any CPU
		{041E5A37-8678-451E-9500-EE3D7864C092}.Debug|Any CPU.Build.0 = Debug|Any CPU
		{041E5A37-8678-451E-9500-EE3D7864C092}.Debug|Itanium.ActiveCfg = Debug|Any CPU
		{041E5A37-8678-451E-9500-EE3D7864C092}.Debug|Mixed Platforms.ActiveCfg = Debug|Any CPU
		{041E5A37-8678-451E-9500-EE3D7864C092}.Debug|Mixed Platforms.Build.0 = Debug|Any CPU
		{041E5A37-8678-451E-9500-EE3D7864C092}.Debug|Pocket PC 2003 (ARMV4).ActiveCfg = Debug|Any CPU
		{041E5A37-8678-451E-9500-EE3D7864C092}.Debug|Win32.ActiveCfg = Debug|Any CPU
		{041E5A37-8678-451E-9500-EE3D7864C092}.Debug|x64.ActiveCfg = Debug|Any CPU
		{041E5A37-8678-451E-9500-EE3D7864C092}.Release C++|Any CPU.ActiveCfg = Release|Any CPU
		{041E5A37-8678-451E-9500-EE3D7864C092}.Release C++|Any CPU.Build.0 = Release|Any CPU
		{041E5A37-8678-451E-9500-EE3D7864C092}.Release C++|Itanium.ActiveCfg = Release|Any CPU
		{041E5A37-8678-451E-9500-EE3D7864C092}.Release C++|Mixed Platforms.ActiveCfg = Release|Any CPU
		{041E5A37-8678-451E-9500-EE3D7864C092}.Release C++|Mixed Platforms.Build.0 = Release|Any CPU
		{041E5A37-8678-451E-9500-EE3D7864C092}.Release C++|Pocket PC 2003 (ARMV4).ActiveCfg = Release|Any CPU
		{041E5A37-8678-451E-9500-EE3D7864C092}.Release C++|Win32.ActiveCfg = Release|Any CPU
		{041E5A37-8678-451E-9500-EE3D7864C092}.Release C++|x64.ActiveCfg = Release|Any CPU
		{041E5A37-8678-451E-9500-EE3D7864C092}.Release CLR|Any CPU.ActiveCfg = Release|Any CPU
		{041E5A37-8678-451E-9500-EE3D7864C092}.Release CLR|Any CPU.Build.0 = Release|Any CPU
		{041E5A37-8678-451E-9500-EE3D7864C092}.Release CLR|Itanium.ActiveCfg = Release|Any CPU
		{041E5A37-8678-451E-9500-EE3D7864C092}.Release CLR|Mixed Platforms.ActiveCfg = Release|Any CPU
		{041E5A37-8678-451E-9500-EE3D7864C092}.Release CLR|Mixed Platforms.Build.0 = Release|Any CPU
		{041E5A37-8678-451E-9500-EE3D7864C092}.Release CLR|Pocket PC 2003 (ARMV4).ActiveCfg = Release|Any CPU
		{041E5A37-8678-451E-9500-EE3D7864C092}.Release CLR|Win32.ActiveCfg = Release|Any CPU
		{041E5A37-8678-451E-9500-EE3D7864C092}.Release CLR|x64.ActiveCfg = Release|Any CPU
		{041E5A37-8678-451E-9500-EE3D7864C092}.Release|Any CPU.ActiveCfg = Release|Any CPU
		{041E5A37-8678-451E-9500-EE3D7864C092}.Release|Any CPU.Build.0 = Release|Any CPU
		{041E5A37-8678-451E-9500-EE3D7864C092}.Release|Itanium.ActiveCfg = Release|Any CPU
		{041E5A37-8678-451E-9500-EE3D7864C092}.Release|Mixed Platforms.ActiveCfg = Release|Any CPU
		{041E5A37-8678-451E-9500-EE3D7864C092}.Release|Mixed Platforms.Build.0 = Release|Any CPU
		{041E5A37-8678-451E-9500-EE3D7864C092}.Release|Pocket PC 2003 (ARMV4).ActiveCfg = Release|Any CPU
		{041E5A37-8678-451E-9500-EE3D7864C092}.Release|Win32.ActiveCfg = Release|Any CPU
		{041E5A37-8678-451E-9500-EE3D7864C092}.Release|x64.ActiveCfg = Release|Any CPU
		{66EE6638-A4F4-4E08-886C-374C87D48935}.Debug C++|Any CPU.ActiveCfg = Debug|Any CPU
		{66EE6638-A4F4-4E08-886C-374C87D48935}.Debug C++|Any CPU.Build.0 = Debug|Any CPU
		{66EE6638-A4F4-4E08-886C-374C87D48935}.Debug C++|Itanium.ActiveCfg = Debug|Any CPU
		{66EE6638-A4F4-4E08-886C-374C87D48935}.Debug C++|Mixed Platforms.ActiveCfg = Debug|Any CPU
		{66EE6638-A4F4-4E08-886C-374C87D48935}.Debug C++|Mixed Platforms.Build.0 = Debug|Any CPU
		{66EE6638-A4F4-4E08-886C-374C87D48935}.Debug C++|Pocket PC 2003 (ARMV4).ActiveCfg = Debug|Any CPU
		{66EE6638-A4F4-4E08-886C-374C87D48935}.Debug C++|Win32.ActiveCfg = Debug|Any CPU
		{66EE6638-A4F4-4E08-886C-374C87D48935}.Debug C++|x64.ActiveCfg = Debug|Any CPU
		{66EE6638-A4F4-4E08-886C-374C87D48935}.Debug CLR|Any CPU.ActiveCfg = Debug|Any CPU
		{66EE6638-A4F4-4E08-886C-374C87D48935}.Debug CLR|Any CPU.Build.0 = Debug|Any CPU
		{66EE6638-A4F4-4E08-886C-374C87D48935}.Debug CLR|Itanium.ActiveCfg = Debug|Any CPU
		{66EE6638-A4F4-4E08-886C-374C87D48935}.Debug CLR|Mixed Platforms.ActiveCfg = Debug|Any CPU
		{66EE6638-A4F4-4E08-886C-374C87D48935}.Debug CLR|Mixed Platforms.Build.0 = Debug|Any CPU
		{66EE6638-A4F4-4E08-886C-374C87D48935}.Debug CLR|Pocket PC 2003 (ARMV4).ActiveCfg = Debug|Any CPU
		{66EE6638-A4F4-4E08-886C-374C87D48935}.Debug CLR|Win32.ActiveCfg = Debug|Any CPU
		{66EE6638-A4F4-4E08-886C-374C87D48935}.Debug CLR|x64.ActiveCfg = Debug|Any CPU
		{66EE6638-A4F4-4E08-886C-374C87D48935}.Debug|Any CPU.ActiveCfg = Debug|Any CPU
		{66EE6638-A4F4-4E08-886C-374C87D48935}.Debug|Any CPU.Build.0 = Debug|Any CPU
		{66EE6638-A4F4-4E08-886C-374C87D48935}.Debug|Itanium.ActiveCfg = Debug|Any CPU
		{66EE6638-A4F4-4E08-886C-374C87D48935}.Debug|Mixed Platforms.ActiveCfg = Debug|Any CPU
		{66EE6638-A4F4-4E08-886C-374C87D48935}.Debug|Mixed Platforms.Build.0 = Debug|Any CPU
		{66EE6638-A4F4-4E08-886C-374C87D48935}.Debug|Pocket PC 2003 (ARMV4).ActiveCfg = Debug|Any CPU
		{66EE6638-A4F4-4E08-886C-374C87D48935}.Debug|Win32.ActiveCfg = Debug|Any CPU
		{66EE6638-A4F4-4E08-886C-374C87D48935}.Debug|x64.ActiveCfg = Debug|Any CPU
		{66EE6638-A4F4-4E08-886C-374C87D48935}.Release C++|Any CPU.ActiveCfg = Release|Any CPU
		{66EE6638-A4F4-4E08-886C-374C87D48935}.Release C++|Any CPU.Build.0 = Release|Any CPU
		{66EE6638-A4F4-4E08-886C-374C87D48935}.Release C++|Itanium.ActiveCfg = Release|Any CPU
		{66EE6638-A4F4-4E08-886C-374C87D48935}.Release C++|Mixed Platforms.ActiveCfg = Release|Any CPU
		{66EE6638-A4F4-4E08-886C-374C87D48935}.Release C++|Mixed Platforms.Build.0 = Release|Any CPU
		{66EE6638-A4F4-4E08-886C-374C87D48935}.Release C++|Pocket PC 2003 (ARMV4).ActiveCfg = Release|Any CPU
		{66EE6638-A4F4-4E08-886C-374C87D48935}.Release C++|Win32.ActiveCfg = Release|Any CPU
		{66EE6638-A4F4-4E08-886C-374C87D48935}.Release C++|x64.ActiveCfg = Release|Any CPU
		{66EE6638-A4F4-4E08-886C-374C87D48935}.Release CLR|Any CPU.ActiveCfg = Release|Any CPU
		{66EE6638-A4F4-4E08-886C-374C87D48935}.Release CLR|Any CPU.Build.0 = Release|Any CPU
		{66EE6638-A4F4-4E08-886C-374C87D48935}.Release CLR|Itanium.ActiveCfg = Release|Any CPU
		{66EE6638-A4F4-4E08-886C-374C87D48935}.Release CLR|Mixed Platforms.ActiveCfg = Release|Any CPU
		{66EE6638-A4F4-4E08-886C-374C87D48935}.Release CLR|Mixed Platforms.Build.0 = Release|Any CPU
		{66EE6638-A4F4-4E08-886C-374C87D48935}.Release CLR|Pocket PC 2003 (ARMV4).ActiveCfg = Release|Any CPU
		{66EE6638-A4F4-4E08-886C-374C87D48935}.Release CLR|Win32.ActiveCfg = Release|Any CPU
		{66EE6638-A4F4-4E08-886C-374C87D48935}.Release CLR|x64.ActiveCfg = Release|Any CPU
		{66EE6638-A4F4-4E08-886C-374C87D48935}.Release|Any CPU.ActiveCfg = Release|Any CPU
		{66EE6638-A4F4-4E08-886C-374C87D48935}.Release|Any CPU.Build.0 = Release|Any CPU
		{66EE6638-A4F4-4E08-886C-374C87D48935}.Release|Itanium.ActiveCfg = Release|Any CPU
		{66EE6638-A4F4-4E08-886C-374C87D48935}.Release|Mixed Platforms.ActiveCfg = Release|Any CPU
		{66EE6638-A4F4-4E08-886C-374C87D48935}.Release|Mixed Platforms.Build.0 = Release|Any CPU
		{66EE6638-A4F4-4E08-886C-374C87D48935}.Release|Pocket PC 2003 (ARMV4).ActiveCfg = Release|Any CPU
		{66EE6638-A4F4-4E08-886C-374C87D48935}.Release|Win32.ActiveCfg = Release|Any CPU
		{66EE6638-A4F4-4E08-886C-374C87D48935}.Release|x64.ActiveCfg = Release|Any CPU
		{A7A40D2B-7CD5-4A9B-8B65-F24BAE8EA278}.Debug C++|Any CPU.ActiveCfg = Debug|Any CPU
		{A7A40D2B-7CD5-4A9B-8B65-F24BAE8EA278}.Debug C++|Any CPU.Build.0 = Debug|Any CPU
		{A7A40D2B-7CD5-4A9B-8B65-F24BAE8EA278}.Debug C++|Itanium.ActiveCfg = Debug|Any CPU
		{A7A40D2B-7CD5-4A9B-8B65-F24BAE8EA278}.Debug C++|Mixed Platforms.ActiveCfg = Debug|Any CPU
		{A7A40D2B-7CD5-4A9B-8B65-F24BAE8EA278}.Debug C++|Mixed Platforms.Build.0 = Debug|Any CPU
		{A7A40D2B-7CD5-4A9B-8B65-F24BAE8EA278}.Debug C++|Pocket PC 2003 (ARMV4).ActiveCfg = Debug|Any CPU
		{A7A40D2B-7CD5-4A9B-8B65-F24BAE8EA278}.Debug C++|Win32.ActiveCfg = Debug|Any CPU
		{A7A40D2B-7CD5-4A9B-8B65-F24BAE8EA278}.Debug C++|x64.ActiveCfg = Debug|Any CPU
		{A7A40D2B-7CD5-4A9B-8B65-F24BAE8EA278}.Debug CLR|Any CPU.ActiveCfg = Debug|Any CPU
		{A7A40D2B-7CD5-4A9B-8B65-F24BAE8EA278}.Debug CLR|Any CPU.Build.0 = Debug|Any CPU
		{A7A40D2B-7CD5-4A9B-8B65-F24BAE8EA278}.Debug CLR|Itanium.ActiveCfg = Debug|Any CPU
		{A7A40D2B-7CD5-4A9B-8B65-F24BAE8EA278}.Debug CLR|Mixed Platforms.ActiveCfg = Debug|Any CPU
		{A7A40D2B-7CD5-4A9B-8B65-F24BAE8EA278}.Debug CLR|Mixed Platforms.Build.0 = Debug|Any CPU
		{A7A40D2B-7CD5-4A9B-8B65-F24BAE8EA278}.Debug CLR|Pocket PC 2003 (ARMV4).ActiveCfg = Debug|Any CPU
		{A7A40D2B-7CD5-4A9B-8B65-F24BAE8EA278}.Debug CLR|Win32.ActiveCfg = Debug|Any CPU
		{A7A40D2B-7CD5-4A9B-8B65-F24BAE8EA278}.Debug CLR|x64.ActiveCfg = Debug|Any CPU
		{A7A40D2B-7CD5-4A9B-8B65-F24BAE8EA278}.Debug|Any CPU.ActiveCfg = Debug|Any CPU
		{A7A40D2B-7CD5-4A9B-8B65-F24BAE8EA278}.Debug|Any CPU.Build.0 = Debug|Any CPU
		{A7A40D2B-7CD5-4A9B-8B65-F24BAE8EA278}.Debug|Itanium.ActiveCfg = Debug|Any CPU
		{A7A40D2B-7CD5-4A9B-8B65-F24BAE8EA278}.Debug|Mixed Platforms.ActiveCfg = Debug|Any CPU
		{A7A40D2B-7CD5-4A9B-8B65-F24BAE8EA278}.Debug|Mixed Platforms.Build.0 = Debug|Any CPU
		{A7A40D2B-7CD5-4A9B-8B65-F24BAE8EA278}.Debug|Pocket PC 2003 (ARMV4).ActiveCfg = Debug|Any CPU
		{A7A40D2B-7CD5-4A9B-8B65-F24BAE8EA278}.Debug|Win32.ActiveCfg = Debug|Any CPU
		{A7A40D2B-7CD5-4A9B-8B65-F24BAE8EA278}.Debug|x64.ActiveCfg = Debug|Any CPU
		{A7A40D2B-7CD5-4A9B-8B65-F24BAE8EA278}.Release C++|Any CPU.ActiveCfg = Release|Any CPU
		{A7A40D2B-7CD5-4A9B-8B65-F24BAE8EA278}.Release C++|Any CPU.Build.0 = Release|Any CPU
		{A7A40D2B-7CD5-4A9B-8B65-F24BAE8EA278}.Release C++|Itanium.ActiveCfg = Release|Any CPU
		{A7A40D2B-7CD5-4A9B-8B65-F24BAE8EA278}.Release C++|Mixed Platforms.ActiveCfg = Release|Any CPU
		{A7A40D2B-7CD5-4A9B-8B65-F24BAE8EA278}.Release C++|Mixed Platforms.Build.0 = Release|Any CPU
		{A7A40D2B-7CD5-4A9B-8B65-F24BAE8EA278}.Release C++|Pocket PC 2003 (ARMV4).ActiveCfg = Release|Any CPU
		{A7A40D2B-7CD5-4A9B-8B65-F24BAE8EA278}.Release C++|Win32.ActiveCfg = Release|Any CPU
		{A7A40D2B-7CD5-4A9B-8B65-F24BAE8EA278}.Release C++|x64.ActiveCfg = Release|Any CPU
		{A7A40D2B-7CD5-4A9B-8B65-F24BAE8EA278}.Release CLR|Any CPU.ActiveCfg = Release|Any CPU
		{A7A40D2B-7CD5-4A9B-8B65-F24BAE8EA278}.Release CLR|Any CPU.Build.0 = Release|Any CPU
		{A7A40D2B-7CD5-4A9B-8B65-F24BAE8EA278}.Release CLR|Itanium.ActiveCfg = Release|Any CPU
		{A7A40D2B-7CD5-4A9B-8B65-F24BAE8EA278}.Release CLR|Mixed Platforms.ActiveCfg = Release|Any CPU
		{A7A40D2B-7CD5-4A9B-8B65-F24BAE8EA278}.Release CLR|Mixed Platforms.Build.0 = Release|Any CPU
		{A7A40D2B-7CD5-4A9B-8B65-F24BAE8EA278}.Release CLR|Pocket PC 2003 (ARMV4).ActiveCfg = Release|Any CPU
		{A7A40D2B-7CD5-4A9B-8B65-F24BAE8EA278}.Release CLR|Win32.ActiveCfg = Release|Any CPU
		{A7A40D2B-7CD5-4A9B-8B65-F24BAE8EA278}.Release CLR|x64.ActiveCfg = Release|Any CPU
		{A7A40D2B-7CD5-4A9B-8B65-F24BAE8EA278}.Release|Any CPU.ActiveCfg = Release|Any CPU
		{A7A40D2B-7CD5-4A9B-8B65-F24BAE8EA278}.Release|Any CPU.Build.0 = Release|Any CPU
		{A7A40D2B-7CD5-4A9B-8B65-F24BAE8EA278}.Release|Itanium.ActiveCfg = Release|Any CPU
		{A7A40D2B-7CD5-4A9B-8B65-F24BAE8EA278}.Release|Mixed Platforms.ActiveCfg = Release|Any CPU
		{A7A40D2B-7CD5-4A9B-8B65-F24BAE8EA278}.Release|Mixed Platforms.Build.0 = Release|Any CPU
		{A7A40D2B-7CD5-4A9B-8B65-F24BAE8EA278}.Release|Pocket PC 2003 (ARMV4).ActiveCfg = Release|Any CPU
		{A7A40D2B-7CD5-4A9B-8B65-F24BAE8EA278}.Release|Win32.ActiveCfg = Release|Any CPU
		{A7A40D2B-7CD5-4A9B-8B65-F24BAE8EA278}.Release|x64.ActiveCfg = Release|Any CPU
		{64CB49E6-965B-4A00-823B-4D5FF1702898}.Debug C++|Any CPU.ActiveCfg = Debug|Any CPU
		{64CB49E6-965B-4A00-823B-4D5FF1702898}.Debug C++|Any CPU.Build.0 = Debug|Any CPU
		{64CB49E6-965B-4A00-823B-4D5FF1702898}.Debug C++|Itanium.ActiveCfg = Debug|Any CPU
		{64CB49E6-965B-4A00-823B-4D5FF1702898}.Debug C++|Mixed Platforms.ActiveCfg = Debug|Any CPU
		{64CB49E6-965B-4A00-823B-4D5FF1702898}.Debug C++|Mixed Platforms.Build.0 = Debug|Any CPU
		{64CB49E6-965B-4A00-823B-4D5FF1702898}.Debug C++|Pocket PC 2003 (ARMV4).ActiveCfg = Debug|Any CPU
		{64CB49E6-965B-4A00-823B-4D5FF1702898}.Debug C++|Win32.ActiveCfg = Debug|Any CPU
		{64CB49E6-965B-4A00-823B-4D5FF1702898}.Debug C++|x64.ActiveCfg = Debug|Any CPU
		{64CB49E6-965B-4A00-823B-4D5FF1702898}.Debug CLR|Any CPU.ActiveCfg = Debug|Any CPU
		{64CB49E6-965B-4A00-823B-4D5FF1702898}.Debug CLR|Any CPU.Build.0 = Debug|Any CPU
		{64CB49E6-965B-4A00-823B-4D5FF1702898}.Debug CLR|Itanium.ActiveCfg = Debug|Any CPU
		{64CB49E6-965B-4A00-823B-4D5FF1702898}.Debug CLR|Mixed Platforms.ActiveCfg = Debug|Any CPU
		{64CB49E6-965B-4A00-823B-4D5FF1702898}.Debug CLR|Mixed Platforms.Build.0 = Debug|Any CPU
		{64CB49E6-965B-4A00-823B-4D5FF1702898}.Debug CLR|Pocket PC 2003 (ARMV4).ActiveCfg = Debug|Any CPU
		{64CB49E6-965B-4A00-823B-4D5FF1702898}.Debug CLR|Win32.ActiveCfg = Debug|Any CPU
		{64CB49E6-965B-4A00-823B-4D5FF1702898}.Debug CLR|x64.ActiveCfg = Debug|Any CPU
		{64CB49E6-965B-4A00-823B-4D5FF1702898}.Debug|Any CPU.ActiveCfg = Debug|Any CPU
		{64CB49E6-965B-4A00-823B-4D5FF1702898}.Debug|Any CPU.Build.0 = Debug|Any CPU
		{64CB49E6-965B-4A00-823B-4D5FF1702898}.Debug|Itanium.ActiveCfg = Debug|Any CPU
		{64CB49E6-965B-4A00-823B-4D5FF1702898}.Debug|Mixed Platforms.ActiveCfg = Debug|Any CPU
		{64CB49E6-965B-4A00-823B-4D5FF1702898}.Debug|Mixed Platforms.Build.0 = Debug|Any CPU
		{64CB49E6-965B-4A00-823B-4D5FF1702898}.Debug|Pocket PC 2003 (ARMV4).ActiveCfg = Debug|Any CPU
		{64CB49E6-965B-4A00-823B-4D5FF1702898}.Debug|Win32.ActiveCfg = Debug|Any CPU
		{64CB49E6-965B-4A00-823B-4D5FF1702898}.Debug|x64.ActiveCfg = Debug|Any CPU
		{64CB49E6-965B-4A00-823B-4D5FF1702898}.Release C++|Any CPU.ActiveCfg = Release|Any CPU
		{64CB49E6-965B-4A00-823B-4D5FF1702898}.Release C++|Any CPU.Build.0 = Release|Any CPU
		{64CB49E6-965B-4A00-823B-4D5FF1702898}.Release C++|Itanium.ActiveCfg = Release|Any CPU
		{64CB49E6-965B-4A00-823B-4D5FF1702898}.Release C++|Mixed Platforms.ActiveCfg = Release|Any CPU
		{64CB49E6-965B-4A00-823B-4D5FF1702898}.Release C++|Mixed Platforms.Build.0 = Release|Any CPU
		{64CB49E6-965B-4A00-823B-4D5FF1702898}.Release C++|Pocket PC 2003 (ARMV4).ActiveCfg = Release|Any CPU
		{64CB49E6-965B-4A00-823B-4D5FF1702898}.Release C++|Win32.ActiveCfg = Release|Any CPU
		{64CB49E6-965B-4A00-823B-4D5FF1702898}.Release C++|x64.ActiveCfg = Release|Any CPU
		{64CB49E6-965B-4A00-823B-4D5FF1702898}.Release CLR|Any CPU.ActiveCfg = Release|Any CPU
		{64CB49E6-965B-4A00-823B-4D5FF1702898}.Release CLR|Any CPU.Build.0 = Release|Any CPU
		{64CB49E6-965B-4A00-823B-4D5FF1702898}.Release CLR|Itanium.ActiveCfg = Release|Any CPU
		{64CB49E6-965B-4A00-823B-4D5FF1702898}.Release CLR|Mixed Platforms.ActiveCfg = Release|Any CPU
		{64CB49E6-965B-4A00-823B-4D5FF1702898}.Release CLR|Mixed Platforms.Build.0 = Release|Any CPU
		{64CB49E6-965B-4A00-823B-4D5FF1702898}.Release CLR|Pocket PC 2003 (ARMV4).ActiveCfg = Release|Any CPU
		{64CB49E6-965B-4A00-823B-4D5FF1702898}.Release CLR|Win32.ActiveCfg = Release|Any CPU
		{64CB49E6-965B-4A00-823B-4D5FF1702898}.Release CLR|x64.ActiveCfg = Release|Any CPU
		{64CB49E6-965B-4A00-823B-4D5FF1702898}.Release|Any CPU.ActiveCfg = Release|Any CPU
		{64CB49E6-965B-4A00-823B-4D5FF1702898}.Release|Any CPU.Build.0 = Release|Any CPU
		{64CB49E6-965B-4A00-823B-4D5FF1702898}.Release|Itanium.ActiveCfg = Release|Any CPU
		{64CB49E6-965B-4A00-823B-4D5FF1702898}.Release|Mixed Platforms.ActiveCfg = Release|Any CPU
		{64CB49E6-965B-4A00-823B-4D5FF1702898}.Release|Mixed Platforms.Build.0 = Release|Any CPU
		{64CB49E6-965B-4A00-823B-4D5FF1702898}.Release|Pocket PC 2003 (ARMV4).ActiveCfg = Release|Any CPU
		{64CB49E6-965B-4A00-823B-4D5FF1702898}.Release|Win32.ActiveCfg = Release|Any CPU
		{64CB49E6-965B-4A00-823B-4D5FF1702898}.Release|x64.ActiveCfg = Release|Any CPU
		{898ECB12-D464-4514-AE2E-45FE430FE04E}.Debug C++|Any CPU.ActiveCfg = Debug|Any CPU
		{898ECB12-D464-4514-AE2E-45FE430FE04E}.Debug C++|Any CPU.Build.0 = Debug|Any CPU
		{898ECB12-D464-4514-AE2E-45FE430FE04E}.Debug C++|Itanium.ActiveCfg = Debug|Any CPU
		{898ECB12-D464-4514-AE2E-45FE430FE04E}.Debug C++|Mixed Platforms.ActiveCfg = Debug|Any CPU
		{898ECB12-D464-4514-AE2E-45FE430FE04E}.Debug C++|Mixed Platforms.Build.0 = Debug|Any CPU
		{898ECB12-D464-4514-AE2E-45FE430FE04E}.Debug C++|Pocket PC 2003 (ARMV4).ActiveCfg = Debug|Any CPU
		{898ECB12-D464-4514-AE2E-45FE430FE04E}.Debug C++|Win32.ActiveCfg = Debug|Any CPU
		{898ECB12-D464-4514-AE2E-45FE430FE04E}.Debug C++|x64.ActiveCfg = Debug|Any CPU
		{898ECB12-D464-4514-AE2E-45FE430FE04E}.Debug CLR|Any CPU.ActiveCfg = Debug|Any CPU
		{898ECB12-D464-4514-AE2E-45FE430FE04E}.Debug CLR|Any CPU.Build.0 = Debug|Any CPU
		{898ECB12-D464-4514-AE2E-45FE430FE04E}.Debug CLR|Itanium.ActiveCfg = Debug|Any CPU
		{898ECB12-D464-4514-AE2E-45FE430FE04E}.Debug CLR|Mixed Platforms.ActiveCfg = Debug|Any CPU
		{898ECB12-D464-4514-AE2E-45FE430FE04E}.Debug CLR|Mixed Platforms.Build.0 = Debug|Any CPU
		{898ECB12-D464-4514-AE2E-45FE430FE04E}.Debug CLR|Pocket PC 2003 (ARMV4).ActiveCfg = Debug|Any CPU
		{898ECB12-D464-4514-AE2E-45FE430FE04E}.Debug CLR|Win32.ActiveCfg = Debug|Any CPU
		{898ECB12-D464-4514-AE2E-45FE430FE04E}.Debug CLR|x64.ActiveCfg = Debug|Any CPU
		{898ECB12-D464-4514-AE2E-45FE430FE04E}.Debug|Any CPU.ActiveCfg = Debug|Any CPU
		{898ECB12-D464-4514-AE2E-45FE430FE04E}.Debug|Any CPU.Build.0 = Debug|Any CPU
		{898ECB12-D464-4514-AE2E-45FE430FE04E}.Debug|Itanium.ActiveCfg = Debug|Any CPU
		{898ECB12-D464-4514-AE2E-45FE430FE04E}.Debug|Mixed Platforms.ActiveCfg = Debug|Any CPU
		{898ECB12-D464-4514-AE2E-45FE430FE04E}.Debug|Mixed Platforms.Build.0 = Debug|Any CPU
		{898ECB12-D464-4514-AE2E-45FE430FE04E}.Debug|Pocket PC 2003 (ARMV4).ActiveCfg = Debug|Any CPU
		{898ECB12-D464-4514-AE2E-45FE430FE04E}.Debug|Win32.ActiveCfg = Debug|Any CPU
		{898ECB12-D464-4514-AE2E-45FE430FE04E}.Debug|x64.ActiveCfg = Debug|Any CPU
		{898ECB12-D464-4514-AE2E-45FE430FE04E}.Release C++|Any CPU.ActiveCfg = Release|Any CPU
		{898ECB12-D464-4514-AE2E-45FE430FE04E}.Release C++|Any CPU.Build.0 = Release|Any CPU
		{898ECB12-D464-4514-AE2E-45FE430FE04E}.Release C++|Itanium.ActiveCfg = Release|Any CPU
		{898ECB12-D464-4514-AE2E-45FE430FE04E}.Release C++|Mixed Platforms.ActiveCfg = Release|Any CPU
		{898ECB12-D464-4514-AE2E-45FE430FE04E}.Release C++|Mixed Platforms.Build.0 = Release|Any CPU
		{898ECB12-D464-4514-AE2E-45FE430FE04E}.Release C++|Pocket PC 2003 (ARMV4).ActiveCfg = Release|Any CPU
		{898ECB12-D464-4514-AE2E-45FE430FE04E}.Release C++|Win32.ActiveCfg = Release|Any CPU
		{898ECB12-D464-4514-AE2E-45FE430FE04E}.Release C++|x64.ActiveCfg = Release|Any CPU
		{898ECB12-D464-4514-AE2E-45FE430FE04E}.Release CLR|Any CPU.ActiveCfg = Release|Any CPU
		{898ECB12-D464-4514-AE2E-45FE430FE04E}.Release CLR|Any CPU.Build.0 = Release|Any CPU
		{898ECB12-D464-4514-AE2E-45FE430FE04E}.Release CLR|Itanium.ActiveCfg = Release|Any CPU
		{898ECB12-D464-4514-AE2E-45FE430FE04E}.Release CLR|Mixed Platforms.ActiveCfg = Release|Any CPU
		{898ECB12-D464-4514-AE2E-45FE430FE04E}.Release CLR|Mixed Platforms.Build.0 = Release|Any CPU
		{898ECB12-D464-4514-AE2E-45FE430FE04E}.Release CLR|Pocket PC 2003 (ARMV4).ActiveCfg = Release|Any CPU
		{898ECB12-D464-4514-AE2E-45FE430FE04E}.Release CLR|Win32.ActiveCfg = Release|Any CPU
		{898ECB12-D464-4514-AE2E-45FE430FE04E}.Release CLR|x64.ActiveCfg = Release|Any CPU
		{898ECB12-D464-4514-AE2E-45FE430FE04E}.Release|Any CPU.ActiveCfg = Release|Any CPU
		{898ECB12-D464-4514-AE2E-45FE430FE04E}.Release|Any CPU.Build.0 = Release|Any CPU
		{898ECB12-D464-4514-AE2E-45FE430FE04E}.Release|Itanium.ActiveCfg = Release|Any CPU
		{898ECB12-D464-4514-AE2E-45FE430FE04E}.Release|Mixed Platforms.ActiveCfg = Release|Any CPU
		{898ECB12-D464-4514-AE2E-45FE430FE04E}.Release|Mixed Platforms.Build.0 = Release|Any CPU
		{898ECB12-D464-4514-AE2E-45FE430FE04E}.Release|Pocket PC 2003 (ARMV4).ActiveCfg = Release|Any CPU
		{898ECB12-D464-4514-AE2E-45FE430FE04E}.Release|Win32.ActiveCfg = Release|Any CPU
		{898ECB12-D464-4514-AE2E-45FE430FE04E}.Release|x64.ActiveCfg = Release|Any CPU
		{02476342-19F6-4CC8-9D1B-B888076BB1F7}.Debug C++|Any CPU.ActiveCfg = Debug
		{02476342-19F6-4CC8-9D1B-B888076BB1F7}.Debug C++|Any CPU.Build.0 = Debug
		{02476342-19F6-4CC8-9D1B-B888076BB1F7}.Debug C++|Itanium.ActiveCfg = Debug
		{02476342-19F6-4CC8-9D1B-B888076BB1F7}.Debug C++|Itanium.Build.0 = Debug
		{02476342-19F6-4CC8-9D1B-B888076BB1F7}.Debug C++|Mixed Platforms.ActiveCfg = Debug
		{02476342-19F6-4CC8-9D1B-B888076BB1F7}.Debug C++|Mixed Platforms.Build.0 = Debug
		{02476342-19F6-4CC8-9D1B-B888076BB1F7}.Debug C++|Pocket PC 2003 (ARMV4).ActiveCfg = Debug
		{02476342-19F6-4CC8-9D1B-B888076BB1F7}.Debug C++|Pocket PC 2003 (ARMV4).Build.0 = Debug
		{02476342-19F6-4CC8-9D1B-B888076BB1F7}.Debug C++|Win32.ActiveCfg = Debug
		{02476342-19F6-4CC8-9D1B-B888076BB1F7}.Debug C++|Win32.Build.0 = Debug
		{02476342-19F6-4CC8-9D1B-B888076BB1F7}.Debug C++|x64.ActiveCfg = Debug
		{02476342-19F6-4CC8-9D1B-B888076BB1F7}.Debug C++|x64.Build.0 = Debug
		{02476342-19F6-4CC8-9D1B-B888076BB1F7}.Debug CLR|Any CPU.ActiveCfg = Debug
		{02476342-19F6-4CC8-9D1B-B888076BB1F7}.Debug CLR|Any CPU.Build.0 = Debug
		{02476342-19F6-4CC8-9D1B-B888076BB1F7}.Debug CLR|Itanium.ActiveCfg = Debug
		{02476342-19F6-4CC8-9D1B-B888076BB1F7}.Debug CLR|Itanium.Build.0 = Debug
		{02476342-19F6-4CC8-9D1B-B888076BB1F7}.Debug CLR|Mixed Platforms.ActiveCfg = Debug
		{02476342-19F6-4CC8-9D1B-B888076BB1F7}.Debug CLR|Mixed Platforms.Build.0 = Debug
		{02476342-19F6-4CC8-9D1B-B888076BB1F7}.Debug CLR|Pocket PC 2003 (ARMV4).ActiveCfg = Debug
		{02476342-19F6-4CC8-9D1B-B888076BB1F7}.Debug CLR|Pocket PC 2003 (ARMV4).Build.0 = Debug
		{02476342-19F6-4CC8-9D1B-B888076BB1F7}.Debug CLR|Win32.ActiveCfg = Debug
		{02476342-19F6-4CC8-9D1B-B888076BB1F7}.Debug CLR|Win32.Build.0 = Debug
		{02476342-19F6-4CC8-9D1B-B888076BB1F7}.Debug CLR|x64.ActiveCfg = Debug
		{02476342-19F6-4CC8-9D1B-B888076BB1F7}.Debug CLR|x64.Build.0 = Debug
		{02476342-19F6-4CC8-9D1B-B888076BB1F7}.Debug|Any CPU.ActiveCfg = Debug
		{02476342-19F6-4CC8-9D1B-B888076BB1F7}.Debug|Any CPU.Build.0 = Debug
		{02476342-19F6-4CC8-9D1B-B888076BB1F7}.Debug|Itanium.ActiveCfg = Debug
		{02476342-19F6-4CC8-9D1B-B888076BB1F7}.Debug|Itanium.Build.0 = Debug
		{02476342-19F6-4CC8-9D1B-B888076BB1F7}.Debug|Mixed Platforms.ActiveCfg = Debug
		{02476342-19F6-4CC8-9D1B-B888076BB1F7}.Debug|Mixed Platforms.Build.0 = Debug
		{02476342-19F6-4CC8-9D1B-B888076BB1F7}.Debug|Pocket PC 2003 (ARMV4).ActiveCfg = Debug
		{02476342-19F6-4CC8-9D1B-B888076BB1F7}.Debug|Pocket PC 2003 (ARMV4).Build.0 = Debug
		{02476342-19F6-4CC8-9D1B-B888076BB1F7}.Debug|Win32.ActiveCfg = Debug
		{02476342-19F6-4CC8-9D1B-B888076BB1F7}.Debug|Win32.Build.0 = Debug
		{02476342-19F6-4CC8-9D1B-B888076BB1F7}.Debug|x64.ActiveCfg = Debug
		{02476342-19F6-4CC8-9D1B-B888076BB1F7}.Debug|x64.Build.0 = Debug
		{02476342-19F6-4CC8-9D1B-B888076BB1F7}.Release C++|Any CPU.ActiveCfg = Release
		{02476342-19F6-4CC8-9D1B-B888076BB1F7}.Release C++|Any CPU.Build.0 = Release
		{02476342-19F6-4CC8-9D1B-B888076BB1F7}.Release C++|Itanium.ActiveCfg = Release
		{02476342-19F6-4CC8-9D1B-B888076BB1F7}.Release C++|Itanium.Build.0 = Release
		{02476342-19F6-4CC8-9D1B-B888076BB1F7}.Release C++|Mixed Platforms.ActiveCfg = Release
		{02476342-19F6-4CC8-9D1B-B888076BB1F7}.Release C++|Mixed Platforms.Build.0 = Release
		{02476342-19F6-4CC8-9D1B-B888076BB1F7}.Release C++|Pocket PC 2003 (ARMV4).ActiveCfg = Release
		{02476342-19F6-4CC8-9D1B-B888076BB1F7}.Release C++|Pocket PC 2003 (ARMV4).Build.0 = Release
		{02476342-19F6-4CC8-9D1B-B888076BB1F7}.Release C++|Win32.ActiveCfg = Release
		{02476342-19F6-4CC8-9D1B-B888076BB1F7}.Release C++|Win32.Build.0 = Release
		{02476342-19F6-4CC8-9D1B-B888076BB1F7}.Release C++|x64.ActiveCfg = Release
		{02476342-19F6-4CC8-9D1B-B888076BB1F7}.Release C++|x64.Build.0 = Release
		{02476342-19F6-4CC8-9D1B-B888076BB1F7}.Release CLR|Any CPU.ActiveCfg = Release
		{02476342-19F6-4CC8-9D1B-B888076BB1F7}.Release CLR|Any CPU.Build.0 = Release
		{02476342-19F6-4CC8-9D1B-B888076BB1F7}.Release CLR|Itanium.ActiveCfg = Release
		{02476342-19F6-4CC8-9D1B-B888076BB1F7}.Release CLR|Itanium.Build.0 = Release
		{02476342-19F6-4CC8-9D1B-B888076BB1F7}.Release CLR|Mixed Platforms.ActiveCfg = Release
		{02476342-19F6-4CC8-9D1B-B888076BB1F7}.Release CLR|Mixed Platforms.Build.0 = Release
		{02476342-19F6-4CC8-9D1B-B888076BB1F7}.Release CLR|Pocket PC 2003 (ARMV4).ActiveCfg = Release
		{02476342-19F6-4CC8-9D1B-B888076BB1F7}.Release CLR|Pocket PC 2003 (ARMV4).Build.0 = Release
		{02476342-19F6-4CC8-9D1B-B888076BB1F7}.Release CLR|Win32.ActiveCfg = Release
		{02476342-19F6-4CC8-9D1B-B888076BB1F7}.Release CLR|Win32.Build.0 = Release
		{02476342-19F6-4CC8-9D1B-B888076BB1F7}.Release CLR|x64.ActiveCfg = Release
		{02476342-19F6-4CC8-9D1B-B888076BB1F7}.Release CLR|x64.Build.0 = Release
		{02476342-19F6-4CC8-9D1B-B888076BB1F7}.Release|Any CPU.ActiveCfg = Release
		{02476342-19F6-4CC8-9D1B-B888076BB1F7}.Release|Any CPU.Build.0 = Release
		{02476342-19F6-4CC8-9D1B-B888076BB1F7}.Release|Itanium.ActiveCfg = Release
		{02476342-19F6-4CC8-9D1B-B888076BB1F7}.Release|Itanium.Build.0 = Release
		{02476342-19F6-4CC8-9D1B-B888076BB1F7}.Release|Mixed Platforms.ActiveCfg = Release
		{02476342-19F6-4CC8-9D1B-B888076BB1F7}.Release|Mixed Platforms.Build.0 = Release
		{02476342-19F6-4CC8-9D1B-B888076BB1F7}.Release|Pocket PC 2003 (ARMV4).ActiveCfg = Release
		{02476342-19F6-4CC8-9D1B-B888076BB1F7}.Release|Pocket PC 2003 (ARMV4).Build.0 = Release
		{02476342-19F6-4CC8-9D1B-B888076BB1F7}.Release|Win32.ActiveCfg = Release
		{02476342-19F6-4CC8-9D1B-B888076BB1F7}.Release|Win32.Build.0 = Release
		{02476342-19F6-4CC8-9D1B-B888076BB1F7}.Release|x64.ActiveCfg = Release
		{02476342-19F6-4CC8-9D1B-B888076BB1F7}.Release|x64.Build.0 = Release
		{35C176F5-FCB8-4311-874C-D2D630DFD5A0}.Debug C++|Any CPU.ActiveCfg = Debug|Any CPU
		{35C176F5-FCB8-4311-874C-D2D630DFD5A0}.Debug C++|Any CPU.Build.0 = Debug|Any CPU
		{35C176F5-FCB8-4311-874C-D2D630DFD5A0}.Debug C++|Itanium.ActiveCfg = Debug|Any CPU
		{35C176F5-FCB8-4311-874C-D2D630DFD5A0}.Debug C++|Mixed Platforms.ActiveCfg = Debug|Any CPU
		{35C176F5-FCB8-4311-874C-D2D630DFD5A0}.Debug C++|Mixed Platforms.Build.0 = Debug|Any CPU
		{35C176F5-FCB8-4311-874C-D2D630DFD5A0}.Debug C++|Pocket PC 2003 (ARMV4).ActiveCfg = Debug|Any CPU
		{35C176F5-FCB8-4311-874C-D2D630DFD5A0}.Debug C++|Win32.ActiveCfg = Debug|Any CPU
		{35C176F5-FCB8-4311-874C-D2D630DFD5A0}.Debug C++|x64.ActiveCfg = Debug|Any CPU
		{35C176F5-FCB8-4311-874C-D2D630DFD5A0}.Debug CLR|Any CPU.ActiveCfg = Debug|Any CPU
		{35C176F5-FCB8-4311-874C-D2D630DFD5A0}.Debug CLR|Any CPU.Build.0 = Debug|Any CPU
		{35C176F5-FCB8-4311-874C-D2D630DFD5A0}.Debug CLR|Itanium.ActiveCfg = Debug|Any CPU
		{35C176F5-FCB8-4311-874C-D2D630DFD5A0}.Debug CLR|Mixed Platforms.ActiveCfg = Debug|Any CPU
		{35C176F5-FCB8-4311-874C-D2D630DFD5A0}.Debug CLR|Mixed Platforms.Build.0 = Debug|Any CPU
		{35C176F5-FCB8-4311-874C-D2D630DFD5A0}.Debug CLR|Pocket PC 2003 (ARMV4).ActiveCfg = Debug|Any CPU
		{35C176F5-FCB8-4311-874C-D2D630DFD5A0}.Debug CLR|Win32.ActiveCfg = Debug|Any CPU
		{35C176F5-FCB8-4311-874C-D2D630DFD5A0}.Debug CLR|x64.ActiveCfg = Debug|Any CPU
		{35C176F5-FCB8-4311-874C-D2D630DFD5A0}.Debug|Any CPU.ActiveCfg = Debug|Any CPU
		{35C176F5-FCB8-4311-874C-D2D630DFD5A0}.Debug|Any CPU.Build.0 = Debug|Any CPU
		{35C176F5-FCB8-4311-874C-D2D630DFD5A0}.Debug|Itanium.ActiveCfg = Debug|Any CPU
		{35C176F5-FCB8-4311-874C-D2D630DFD5A0}.Debug|Mixed Platforms.ActiveCfg = Debug|Any CPU
		{35C176F5-FCB8-4311-874C-D2D630DFD5A0}.Debug|Mixed Platforms.Build.0 = Debug|Any CPU
		{35C176F5-FCB8-4311-874C-D2D630DFD5A0}.Debug|Pocket PC 2003 (ARMV4).ActiveCfg = Debug|Any CPU
		{35C176F5-FCB8-4311-874C-D2D630DFD5A0}.Debug|Win32.ActiveCfg = Debug|Any CPU
		{35C176F5-FCB8-4311-874C-D2D630DFD5A0}.Debug|x64.ActiveCfg = Debug|Any CPU
		{35C176F5-FCB8-4311-874C-D2D630DFD5A0}.Release C++|Any CPU.ActiveCfg = Release|Any CPU
		{35C176F5-FCB8-4311-874C-D2D630DFD5A0}.Release C++|Any CPU.Build.0 = Release|Any CPU
		{35C176F5-FCB8-4311-874C-D2D630DFD5A0}.Release C++|Itanium.ActiveCfg = Release|Any CPU
		{35C176F5-FCB8-4311-874C-D2D630DFD5A0}.Release C++|Mixed Platforms.ActiveCfg = Release|Any CPU
		{35C176F5-FCB8-4311-874C-D2D630DFD5A0}.Release C++|Mixed Platforms.Build.0 = Release|Any CPU
		{35C176F5-FCB8-4311-874C-D2D630DFD5A0}.Release C++|Pocket PC 2003 (ARMV4).ActiveCfg = Release|Any CPU
		{35C176F5-FCB8-4311-874C-D2D630DFD5A0}.Release C++|Win32.ActiveCfg = Release|Any CPU
		{35C176F5-FCB8-4311-874C-D2D630DFD5A0}.Release C++|x64.ActiveCfg = Release|Any CPU
		{35C176F5-FCB8-4311-874C-D2D630DFD5A0}.Release CLR|Any CPU.ActiveCfg = Release|Any CPU
		{35C176F5-FCB8-4311-874C-D2D630DFD5A0}.Release CLR|Any CPU.Build.0 = Release|Any CPU
		{35C176F5-FCB8-4311-874C-D2D630DFD5A0}.Release CLR|Itanium.ActiveCfg = Release|Any CPU
		{35C176F5-FCB8-4311-874C-D2D630DFD5A0}.Release CLR|Mixed Platforms.ActiveCfg = Release|Any CPU
		{35C176F5-FCB8-4311-874C-D2D630DFD5A0}.Release CLR|Mixed Platforms.Build.0 = Release|Any CPU
		{35C176F5-FCB8-4311-874C-D2D630DFD5A0}.Release CLR|Pocket PC 2003 (ARMV4).ActiveCfg = Release|Any CPU
		{35C176F5-FCB8-4311-874C-D2D630DFD5A0}.Release CLR|Win32.ActiveCfg = Release|Any CPU
		{35C176F5-FCB8-4311-874C-D2D630DFD5A0}.Release CLR|x64.ActiveCfg = Release|Any CPU
		{35C176F5-FCB8-4311-874C-D2D630DFD5A0}.Release|Any CPU.ActiveCfg = Release|Any CPU
		{35C176F5-FCB8-4311-874C-D2D630DFD5A0}.Release|Any CPU.Build.0 = Release|Any CPU
		{35C176F5-FCB8-4311-874C-D2D630DFD5A0}.Release|Itanium.ActiveCfg = Release|Any CPU
		{35C176F5-FCB8-4311-874C-D2D630DFD5A0}.Release|Mixed Platforms.ActiveCfg = Release|Any CPU
		{35C176F5-FCB8-4311-874C-D2D630DFD5A0}.Release|Mixed Platforms.Build.0 = Release|Any CPU
		{35C176F5-FCB8-4311-874C-D2D630DFD5A0}.Release|Pocket PC 2003 (ARMV4).ActiveCfg = Release|Any CPU
		{35C176F5-FCB8-4311-874C-D2D630DFD5A0}.Release|Win32.ActiveCfg = Release|Any CPU
		{35C176F5-FCB8-4311-874C-D2D630DFD5A0}.Release|x64.ActiveCfg = Release|Any CPU
		{C846E374-31C0-4D4F-841B-429284D87EBD}.Debug C++|Any CPU.ActiveCfg = Debug|Any CPU
		{C846E374-31C0-4D4F-841B-429284D87EBD}.Debug C++|Any CPU.Build.0 = Debug|Any CPU
		{C846E374-31C0-4D4F-841B-429284D87EBD}.Debug C++|Itanium.ActiveCfg = Debug|Any CPU
		{C846E374-31C0-4D4F-841B-429284D87EBD}.Debug C++|Mixed Platforms.ActiveCfg = Debug|Any CPU
		{C846E374-31C0-4D4F-841B-429284D87EBD}.Debug C++|Mixed Platforms.Build.0 = Debug|Any CPU
		{C846E374-31C0-4D4F-841B-429284D87EBD}.Debug C++|Pocket PC 2003 (ARMV4).ActiveCfg = Debug|Any CPU
		{C846E374-31C0-4D4F-841B-429284D87EBD}.Debug C++|Win32.ActiveCfg = Debug|Any CPU
		{C846E374-31C0-4D4F-841B-429284D87EBD}.Debug C++|x64.ActiveCfg = Debug|Any CPU
		{C846E374-31C0-4D4F-841B-429284D87EBD}.Debug CLR|Any CPU.ActiveCfg = Debug|Any CPU
		{C846E374-31C0-4D4F-841B-429284D87EBD}.Debug CLR|Any CPU.Build.0 = Debug|Any CPU
		{C846E374-31C0-4D4F-841B-429284D87EBD}.Debug CLR|Itanium.ActiveCfg = Debug|Any CPU
		{C846E374-31C0-4D4F-841B-429284D87EBD}.Debug CLR|Mixed Platforms.ActiveCfg = Debug|Any CPU
		{C846E374-31C0-4D4F-841B-429284D87EBD}.Debug CLR|Mixed Platforms.Build.0 = Debug|Any CPU
		{C846E374-31C0-4D4F-841B-429284D87EBD}.Debug CLR|Pocket PC 2003 (ARMV4).ActiveCfg = Debug|Any CPU
		{C846E374-31C0-4D4F-841B-429284D87EBD}.Debug CLR|Win32.ActiveCfg = Debug|Any CPU
		{C846E374-31C0-4D4F-841B-429284D87EBD}.Debug CLR|x64.ActiveCfg = Debug|Any CPU
		{C846E374-31C0-4D4F-841B-429284D87EBD}.Debug|Any CPU.ActiveCfg = Debug|Any CPU
		{C846E374-31C0-4D4F-841B-429284D87EBD}.Debug|Any CPU.Build.0 = Debug|Any CPU
		{C846E374-31C0-4D4F-841B-429284D87EBD}.Debug|Itanium.ActiveCfg = Debug|Any CPU
		{C846E374-31C0-4D4F-841B-429284D87EBD}.Debug|Mixed Platforms.ActiveCfg = Debug|Any CPU
		{C846E374-31C0-4D4F-841B-429284D87EBD}.Debug|Mixed Platforms.Build.0 = Debug|Any CPU
		{C846E374-31C0-4D4F-841B-429284D87EBD}.Debug|Pocket PC 2003 (ARMV4).ActiveCfg = Debug|Any CPU
		{C846E374-31C0-4D4F-841B-429284D87EBD}.Debug|Win32.ActiveCfg = Debug|Any CPU
		{C846E374-31C0-4D4F-841B-429284D87EBD}.Debug|x64.ActiveCfg = Debug|Any CPU
		{C846E374-31C0-4D4F-841B-429284D87EBD}.Release C++|Any CPU.ActiveCfg = Release|Any CPU
		{C846E374-31C0-4D4F-841B-429284D87EBD}.Release C++|Any CPU.Build.0 = Release|Any CPU
		{C846E374-31C0-4D4F-841B-429284D87EBD}.Release C++|Itanium.ActiveCfg = Release|Any CPU
		{C846E374-31C0-4D4F-841B-429284D87EBD}.Release C++|Mixed Platforms.ActiveCfg = Release|Any CPU
		{C846E374-31C0-4D4F-841B-429284D87EBD}.Release C++|Mixed Platforms.Build.0 = Release|Any CPU
		{C846E374-31C0-4D4F-841B-429284D87EBD}.Release C++|Pocket PC 2003 (ARMV4).ActiveCfg = Release|Any CPU
		{C846E374-31C0-4D4F-841B-429284D87EBD}.Release C++|Win32.ActiveCfg = Release|Any CPU
		{C846E374-31C0-4D4F-841B-429284D87EBD}.Release C++|x64.ActiveCfg = Release|Any CPU
		{C846E374-31C0-4D4F-841B-429284D87EBD}.Release CLR|Any CPU.ActiveCfg = Release|Any CPU
		{C846E374-31C0-4D4F-841B-429284D87EBD}.Release CLR|Any CPU.Build.0 = Release|Any CPU
		{C846E374-31C0-4D4F-841B-429284D87EBD}.Release CLR|Itanium.ActiveCfg = Release|Any CPU
		{C846E374-31C0-4D4F-841B-429284D87EBD}.Release CLR|Mixed Platforms.ActiveCfg = Release|Any CPU
		{C846E374-31C0-4D4F-841B-429284D87EBD}.Release CLR|Mixed Platforms.Build.0 = Release|Any CPU
		{C846E374-31C0-4D4F-841B-429284D87EBD}.Release CLR|Pocket PC 2003 (ARMV4).ActiveCfg = Release|Any CPU
		{C846E374-31C0-4D4F-841B-429284D87EBD}.Release CLR|Win32.ActiveCfg = Release|Any CPU
		{C846E374-31C0-4D4F-841B-429284D87EBD}.Release CLR|x64.ActiveCfg = Release|Any CPU
		{C846E374-31C0-4D4F-841B-429284D87EBD}.Release|Any CPU.ActiveCfg = Release|Any CPU
		{C846E374-31C0-4D4F-841B-429284D87EBD}.Release|Any CPU.Build.0 = Release|Any CPU
		{C846E374-31C0-4D4F-841B-429284D87EBD}.Release|Itanium.ActiveCfg = Release|Any CPU
		{C846E374-31C0-4D4F-841B-429284D87EBD}.Release|Mixed Platforms.ActiveCfg = Release|Any CPU
		{C846E374-31C0-4D4F-841B-429284D87EBD}.Release|Mixed Platforms.Build.0 = Release|Any CPU
		{C846E374-31C0-4D4F-841B-429284D87EBD}.Release|Pocket PC 2003 (ARMV4).ActiveCfg = Release|Any CPU
		{C846E374-31C0-4D4F-841B-429284D87EBD}.Release|Win32.ActiveCfg = Release|Any CPU
		{C846E374-31C0-4D4F-841B-429284D87EBD}.Release|x64.ActiveCfg = Release|Any CPU
		{AE1DE6A9-5658-4E0B-B2E5-0A5B4F6EC60E}.Debug C++|Any CPU.ActiveCfg = Debug|Any CPU
		{AE1DE6A9-5658-4E0B-B2E5-0A5B4F6EC60E}.Debug C++|Any CPU.Build.0 = Debug|Any CPU
		{AE1DE6A9-5658-4E0B-B2E5-0A5B4F6EC60E}.Debug C++|Itanium.ActiveCfg = Debug|Any CPU
		{AE1DE6A9-5658-4E0B-B2E5-0A5B4F6EC60E}.Debug C++|Mixed Platforms.ActiveCfg = Debug|Any CPU
		{AE1DE6A9-5658-4E0B-B2E5-0A5B4F6EC60E}.Debug C++|Mixed Platforms.Build.0 = Debug|Any CPU
		{AE1DE6A9-5658-4E0B-B2E5-0A5B4F6EC60E}.Debug C++|Pocket PC 2003 (ARMV4).ActiveCfg = Debug|Any CPU
		{AE1DE6A9-5658-4E0B-B2E5-0A5B4F6EC60E}.Debug C++|Win32.ActiveCfg = Debug|Any CPU
		{AE1DE6A9-5658-4E0B-B2E5-0A5B4F6EC60E}.Debug C++|x64.ActiveCfg = Debug|Any CPU
		{AE1DE6A9-5658-4E0B-B2E5-0A5B4F6EC60E}.Debug CLR|Any CPU.ActiveCfg = Debug|Any CPU
		{AE1DE6A9-5658-4E0B-B2E5-0A5B4F6EC60E}.Debug CLR|Any CPU.Build.0 = Debug|Any CPU
		{AE1DE6A9-5658-4E0B-B2E5-0A5B4F6EC60E}.Debug CLR|Itanium.ActiveCfg = Debug|Any CPU
		{AE1DE6A9-5658-4E0B-B2E5-0A5B4F6EC60E}.Debug CLR|Mixed Platforms.ActiveCfg = Debug|Any CPU
		{AE1DE6A9-5658-4E0B-B2E5-0A5B4F6EC60E}.Debug CLR|Mixed Platforms.Build.0 = Debug|Any CPU
		{AE1DE6A9-5658-4E0B-B2E5-0A5B4F6EC60E}.Debug CLR|Pocket PC 2003 (ARMV4).ActiveCfg = Debug|Any CPU
		{AE1DE6A9-5658-4E0B-B2E5-0A5B4F6EC60E}.Debug CLR|Win32.ActiveCfg = Debug|Any CPU
		{AE1DE6A9-5658-4E0B-B2E5-0A5B4F6EC60E}.Debug CLR|x64.ActiveCfg = Debug|Any CPU
		{AE1DE6A9-5658-4E0B-B2E5-0A5B4F6EC60E}.Debug|Any CPU.ActiveCfg = Debug|Any CPU
		{AE1DE6A9-5658-4E0B-B2E5-0A5B4F6EC60E}.Debug|Any CPU.Build.0 = Debug|Any CPU
		{AE1DE6A9-5658-4E0B-B2E5-0A5B4F6EC60E}.Debug|Itanium.ActiveCfg = Debug|Any CPU
		{AE1DE6A9-5658-4E0B-B2E5-0A5B4F6EC60E}.Debug|Mixed Platforms.ActiveCfg = Debug|Any CPU
		{AE1DE6A9-5658-4E0B-B2E5-0A5B4F6EC60E}.Debug|Mixed Platforms.Build.0 = Debug|Any CPU
		{AE1DE6A9-5658-4E0B-B2E5-0A5B4F6EC60E}.Debug|Pocket PC 2003 (ARMV4).ActiveCfg = Debug|Any CPU
		{AE1DE6A9-5658-4E0B-B2E5-0A5B4F6EC60E}.Debug|Win32.ActiveCfg = Debug|Any CPU
		{AE1DE6A9-5658-4E0B-B2E5-0A5B4F6EC60E}.Debug|x64.ActiveCfg = Debug|Any CPU
		{AE1DE6A9-5658-4E0B-B2E5-0A5B4F6EC60E}.Release C++|Any CPU.ActiveCfg = Release|Any CPU
		{AE1DE6A9-5658-4E0B-B2E5-0A5B4F6EC60E}.Release C++|Any CPU.Build.0 = Release|Any CPU
		{AE1DE6A9-5658-4E0B-B2E5-0A5B4F6EC60E}.Release C++|Itanium.ActiveCfg = Release|Any CPU
		{AE1DE6A9-5658-4E0B-B2E5-0A5B4F6EC60E}.Release C++|Mixed Platforms.ActiveCfg = Release|Any CPU
		{AE1DE6A9-5658-4E0B-B2E5-0A5B4F6EC60E}.Release C++|Mixed Platforms.Build.0 = Release|Any CPU
		{AE1DE6A9-5658-4E0B-B2E5-0A5B4F6EC60E}.Release C++|Pocket PC 2003 (ARMV4).ActiveCfg = Release|Any CPU
		{AE1DE6A9-5658-4E0B-B2E5-0A5B4F6EC60E}.Release C++|Win32.ActiveCfg = Release|Any CPU
		{AE1DE6A9-5658-4E0B-B2E5-0A5B4F6EC60E}.Release C++|x64.ActiveCfg = Release|Any CPU
		{AE1DE6A9-5658-4E0B-B2E5-0A5B4F6EC60E}.Release CLR|Any CPU.ActiveCfg = Release|Any CPU
		{AE1DE6A9-5658-4E0B-B2E5-0A5B4F6EC60E}.Release CLR|Any CPU.Build.0 = Release|Any CPU
		{AE1DE6A9-5658-4E0B-B2E5-0A5B4F6EC60E}.Release CLR|Itanium.ActiveCfg = Release|Any CPU
		{AE1DE6A9-5658-4E0B-B2E5-0A5B4F6EC60E}.Release CLR|Mixed Platforms.ActiveCfg = Release|Any CPU
		{AE1DE6A9-5658-4E0B-B2E5-0A5B4F6EC60E}.Release CLR|Mixed Platforms.Build.0 = Release|Any CPU
		{AE1DE6A9-5658-4E0B-B2E5-0A5B4F6EC60E}.Release CLR|Pocket PC 2003 (ARMV4).ActiveCfg = Release|Any CPU
		{AE1DE6A9-5658-4E0B-B2E5-0A5B4F6EC60E}.Release CLR|Win32.ActiveCfg = Release|Any CPU
		{AE1DE6A9-5658-4E0B-B2E5-0A5B4F6EC60E}.Release CLR|x64.ActiveCfg = Release|Any CPU
		{AE1DE6A9-5658-4E0B-B2E5-0A5B4F6EC60E}.Release|Any CPU.ActiveCfg = Release|Any CPU
		{AE1DE6A9-5658-4E0B-B2E5-0A5B4F6EC60E}.Release|Any CPU.Build.0 = Release|Any CPU
		{AE1DE6A9-5658-4E0B-B2E5-0A5B4F6EC60E}.Release|Itanium.ActiveCfg = Release|Any CPU
		{AE1DE6A9-5658-4E0B-B2E5-0A5B4F6EC60E}.Release|Mixed Platforms.ActiveCfg = Release|Any CPU
		{AE1DE6A9-5658-4E0B-B2E5-0A5B4F6EC60E}.Release|Mixed Platforms.Build.0 = Release|Any CPU
		{AE1DE6A9-5658-4E0B-B2E5-0A5B4F6EC60E}.Release|Pocket PC 2003 (ARMV4).ActiveCfg = Release|Any CPU
		{AE1DE6A9-5658-4E0B-B2E5-0A5B4F6EC60E}.Release|Win32.ActiveCfg = Release|Any CPU
		{AE1DE6A9-5658-4E0B-B2E5-0A5B4F6EC60E}.Release|x64.ActiveCfg = Release|Any CPU
	EndGlobalSection
	GlobalSection(SolutionProperties) = preSolution
		HideSolutionNode = FALSE
	EndGlobalSection
EndGlobal
