
Microsoft Visual Studio Solution File, Format Version 10.00
# Visual Studio 2008
Project("{FAE04EC0-301F-11D3-BF4B-00C04F79EFBC}") = "MyFirstXNA", "MyFirstXNA\MyFirstXNA.csproj", "{9F522E84-8C1C-4E5D-AEC8-933BB6840D4B}"
EndProject
Project("{FAE04EC0-301F-11D3-BF4B-00C04F79EFBC}") = "GeneratedGeometryWindows", "..\..\..\..\..\Stereo\GeneratedGeometrySample\GeneratedGeometry\GeneratedGeometryWindows.csproj", "{1CC27BB9-AFF1-4344-BA30-BBC0977A8147}"
EndProject
Project("{FAE04EC0-301F-11D3-BF4B-00C04F79EFBC}") = "GeneratedGeometryPipeline", "..\..\..\..\..\Stereo\GeneratedGeometrySample\GeneratedGeometryPipeline\GeneratedGeometryPipeline.csproj", "{96B02956-4EB9-4AA1-972D-A211507EFC85}"
EndProject
Project("{FAE04EC0-301F-11D3-BF4B-00C04F79EFBC}") = "Triangles1", "..\..\..\..\..\Stereo\Triangles\Triangles1\Triangles1.csproj", "{EC0A20B7-CD90-41E0-95FC-C5BEEAA13F79}"
EndProject
Project("{FAE04EC0-301F-11D3-BF4B-00C04F79EFBC}") = "InputHandlers", "inputhandlers\inputhandlers\InputHandlers.csproj", "{69A83999-10E2-4847-AF22-CA403C4C8C69}"
EndProject
Project("{FAE04EC0-301F-11D3-BF4B-00C04F79EFBC}") = "xperdex.classes.vc9", "..\..\xperdex.classes\xperdex.classes.vc9.csproj", "{041E5A37-8678-451E-9500-EE3D7864C092}"
EndProject
Project("{FAE04EC0-301F-11D3-BF4B-00C04F79EFBC}") = "SpriteDemoWindows", "..\..\..\..\..\Stereo\SpriteDemo\SpriteDemoWindows\SpriteDemoWindows.csproj", "{7F22EE11-2F62-4E54-BF6E-6456AE5F2F9E}"
EndProject
Project("{FAE04EC0-301F-11D3-BF4B-00C04F79EFBC}") = "XNATerrainEngine", "Port1\XNATerrainEngine.csproj", "{BB186731-32A0-4C0A-89C4-BAC749D0BE57}"
EndProject
Project("{FAE04EC0-301F-11D3-BF4B-00C04F79EFBC}") = "billboard2", "billboard2\billboard2.csproj", "{B356D8BA-DE81-469A-AD1A-951C1F99284A}"
EndProject
Project("{FAE04EC0-301F-11D3-BF4B-00C04F79EFBC}") = "xperdex.brain.core.vc9", "..\automaton\xperdex.brain.net\xperdex.brain.core.vc9.csproj", "{6DB0F0A6-982D-49C8-B48F-52ACA6A178D6}"
EndProject
Global
	GlobalSection(SolutionConfigurationPlatforms) = preSolution
		Debug|Any CPU = Debug|Any CPU
		Debug|Mixed Platforms = Debug|Mixed Platforms
		Debug|x86 = Debug|x86
		Debug|Xbox 360 = Debug|Xbox 360
		Release|Any CPU = Release|Any CPU
		Release|Mixed Platforms = Release|Mixed Platforms
		Release|x86 = Release|x86
		Release|Xbox 360 = Release|Xbox 360
	EndGlobalSection
	GlobalSection(ProjectConfigurationPlatforms) = postSolution
		{9F522E84-8C1C-4E5D-AEC8-933BB6840D4B}.Debug|Any CPU.ActiveCfg = Debug|x86
		{9F522E84-8C1C-4E5D-AEC8-933BB6840D4B}.Debug|Mixed Platforms.ActiveCfg = Debug|x86
		{9F522E84-8C1C-4E5D-AEC8-933BB6840D4B}.Debug|Mixed Platforms.Build.0 = Debug|x86
		{9F522E84-8C1C-4E5D-AEC8-933BB6840D4B}.Debug|x86.ActiveCfg = Debug|x86
		{9F522E84-8C1C-4E5D-AEC8-933BB6840D4B}.Debug|x86.Build.0 = Debug|x86
		{9F522E84-8C1C-4E5D-AEC8-933BB6840D4B}.Debug|Xbox 360.ActiveCfg = Debug|x86
		{9F522E84-8C1C-4E5D-AEC8-933BB6840D4B}.Release|Any CPU.ActiveCfg = Release|x86
		{9F522E84-8C1C-4E5D-AEC8-933BB6840D4B}.Release|Mixed Platforms.ActiveCfg = Release|x86
		{9F522E84-8C1C-4E5D-AEC8-933BB6840D4B}.Release|Mixed Platforms.Build.0 = Release|x86
		{9F522E84-8C1C-4E5D-AEC8-933BB6840D4B}.Release|x86.ActiveCfg = Release|x86
		{9F522E84-8C1C-4E5D-AEC8-933BB6840D4B}.Release|x86.Build.0 = Release|x86
		{9F522E84-8C1C-4E5D-AEC8-933BB6840D4B}.Release|Xbox 360.ActiveCfg = Release|x86
		{1CC27BB9-AFF1-4344-BA30-BBC0977A8147}.Debug|Any CPU.ActiveCfg = Debug|x86
		{1CC27BB9-AFF1-4344-BA30-BBC0977A8147}.Debug|Mixed Platforms.ActiveCfg = Debug|x86
		{1CC27BB9-AFF1-4344-BA30-BBC0977A8147}.Debug|Mixed Platforms.Build.0 = Debug|x86
		{1CC27BB9-AFF1-4344-BA30-BBC0977A8147}.Debug|x86.ActiveCfg = Debug|x86
		{1CC27BB9-AFF1-4344-BA30-BBC0977A8147}.Debug|x86.Build.0 = Debug|x86
		{1CC27BB9-AFF1-4344-BA30-BBC0977A8147}.Debug|Xbox 360.ActiveCfg = Debug|x86
		{1CC27BB9-AFF1-4344-BA30-BBC0977A8147}.Release|Any CPU.ActiveCfg = Release|x86
		{1CC27BB9-AFF1-4344-BA30-BBC0977A8147}.Release|Mixed Platforms.ActiveCfg = Release|x86
		{1CC27BB9-AFF1-4344-BA30-BBC0977A8147}.Release|Mixed Platforms.Build.0 = Release|x86
		{1CC27BB9-AFF1-4344-BA30-BBC0977A8147}.Release|x86.ActiveCfg = Release|x86
		{1CC27BB9-AFF1-4344-BA30-BBC0977A8147}.Release|x86.Build.0 = Release|x86
		{1CC27BB9-AFF1-4344-BA30-BBC0977A8147}.Release|Xbox 360.ActiveCfg = Release|x86
		{96B02956-4EB9-4AA1-972D-A211507EFC85}.Debug|Any CPU.ActiveCfg = Debug|Xbox 360
		{96B02956-4EB9-4AA1-972D-A211507EFC85}.Debug|Mixed Platforms.ActiveCfg = Debug|Xbox 360
		{96B02956-4EB9-4AA1-972D-A211507EFC85}.Debug|Mixed Platforms.Build.0 = Debug|Xbox 360
		{96B02956-4EB9-4AA1-972D-A211507EFC85}.Debug|x86.ActiveCfg = Debug|x86
		{96B02956-4EB9-4AA1-972D-A211507EFC85}.Debug|x86.Build.0 = Debug|x86
		{96B02956-4EB9-4AA1-972D-A211507EFC85}.Debug|Xbox 360.ActiveCfg = Debug|Xbox 360
		{96B02956-4EB9-4AA1-972D-A211507EFC85}.Debug|Xbox 360.Build.0 = Debug|Xbox 360
		{96B02956-4EB9-4AA1-972D-A211507EFC85}.Release|Any CPU.ActiveCfg = Release|Xbox 360
		{96B02956-4EB9-4AA1-972D-A211507EFC85}.Release|Mixed Platforms.ActiveCfg = Release|Xbox 360
		{96B02956-4EB9-4AA1-972D-A211507EFC85}.Release|Mixed Platforms.Build.0 = Release|Xbox 360
		{96B02956-4EB9-4AA1-972D-A211507EFC85}.Release|x86.ActiveCfg = Release|x86
		{96B02956-4EB9-4AA1-972D-A211507EFC85}.Release|x86.Build.0 = Release|x86
		{96B02956-4EB9-4AA1-972D-A211507EFC85}.Release|Xbox 360.ActiveCfg = Release|Xbox 360
		{96B02956-4EB9-4AA1-972D-A211507EFC85}.Release|Xbox 360.Build.0 = Release|Xbox 360
		{EC0A20B7-CD90-41E0-95FC-C5BEEAA13F79}.Debug|Any CPU.ActiveCfg = Debug|x86
		{EC0A20B7-CD90-41E0-95FC-C5BEEAA13F79}.Debug|Mixed Platforms.ActiveCfg = Debug|x86
		{EC0A20B7-CD90-41E0-95FC-C5BEEAA13F79}.Debug|Mixed Platforms.Build.0 = Debug|x86
		{EC0A20B7-CD90-41E0-95FC-C5BEEAA13F79}.Debug|x86.ActiveCfg = Debug|x86
		{EC0A20B7-CD90-41E0-95FC-C5BEEAA13F79}.Debug|x86.Build.0 = Debug|x86
		{EC0A20B7-CD90-41E0-95FC-C5BEEAA13F79}.Debug|Xbox 360.ActiveCfg = Debug|x86
		{EC0A20B7-CD90-41E0-95FC-C5BEEAA13F79}.Release|Any CPU.ActiveCfg = Release|x86
		{EC0A20B7-CD90-41E0-95FC-C5BEEAA13F79}.Release|Mixed Platforms.ActiveCfg = Release|x86
		{EC0A20B7-CD90-41E0-95FC-C5BEEAA13F79}.Release|Mixed Platforms.Build.0 = Release|x86
		{EC0A20B7-CD90-41E0-95FC-C5BEEAA13F79}.Release|x86.ActiveCfg = Release|x86
		{EC0A20B7-CD90-41E0-95FC-C5BEEAA13F79}.Release|x86.Build.0 = Release|x86
		{EC0A20B7-CD90-41E0-95FC-C5BEEAA13F79}.Release|Xbox 360.ActiveCfg = Release|x86
		{69A83999-10E2-4847-AF22-CA403C4C8C69}.Debug|Any CPU.ActiveCfg = Debug|x86
		{69A83999-10E2-4847-AF22-CA403C4C8C69}.Debug|Mixed Platforms.ActiveCfg = Debug|x86
		{69A83999-10E2-4847-AF22-CA403C4C8C69}.Debug|Mixed Platforms.Build.0 = Debug|x86
		{69A83999-10E2-4847-AF22-CA403C4C8C69}.Debug|x86.ActiveCfg = Debug|x86
		{69A83999-10E2-4847-AF22-CA403C4C8C69}.Debug|x86.Build.0 = Debug|x86
		{69A83999-10E2-4847-AF22-CA403C4C8C69}.Debug|Xbox 360.ActiveCfg = Debug|x86
		{69A83999-10E2-4847-AF22-CA403C4C8C69}.Release|Any CPU.ActiveCfg = Release|x86
		{69A83999-10E2-4847-AF22-CA403C4C8C69}.Release|Mixed Platforms.ActiveCfg = Release|x86
		{69A83999-10E2-4847-AF22-CA403C4C8C69}.Release|Mixed Platforms.Build.0 = Release|x86
		{69A83999-10E2-4847-AF22-CA403C4C8C69}.Release|x86.ActiveCfg = Release|x86
		{69A83999-10E2-4847-AF22-CA403C4C8C69}.Release|x86.Build.0 = Release|x86
		{69A83999-10E2-4847-AF22-CA403C4C8C69}.Release|Xbox 360.ActiveCfg = Release|x86
		{041E5A37-8678-451E-9500-EE3D7864C092}.Debug|Any CPU.ActiveCfg = Debug|Any CPU
		{041E5A37-8678-451E-9500-EE3D7864C092}.Debug|Any CPU.Build.0 = Debug|Any CPU
		{041E5A37-8678-451E-9500-EE3D7864C092}.Debug|Mixed Platforms.ActiveCfg = Debug|Any CPU
		{041E5A37-8678-451E-9500-EE3D7864C092}.Debug|Mixed Platforms.Build.0 = Debug|Any CPU
		{041E5A37-8678-451E-9500-EE3D7864C092}.Debug|x86.ActiveCfg = Debug|Any CPU
		{041E5A37-8678-451E-9500-EE3D7864C092}.Debug|Xbox 360.ActiveCfg = Debug|Any CPU
		{041E5A37-8678-451E-9500-EE3D7864C092}.Release|Any CPU.ActiveCfg = Release|Any CPU
		{041E5A37-8678-451E-9500-EE3D7864C092}.Release|Any CPU.Build.0 = Release|Any CPU
		{041E5A37-8678-451E-9500-EE3D7864C092}.Release|Mixed Platforms.ActiveCfg = Release|Any CPU
		{041E5A37-8678-451E-9500-EE3D7864C092}.Release|Mixed Platforms.Build.0 = Release|Any CPU
		{041E5A37-8678-451E-9500-EE3D7864C092}.Release|x86.ActiveCfg = Release|Any CPU
		{041E5A37-8678-451E-9500-EE3D7864C092}.Release|Xbox 360.ActiveCfg = Release|Any CPU
		{7F22EE11-2F62-4E54-BF6E-6456AE5F2F9E}.Debug|Any CPU.ActiveCfg = Debug|x86
		{7F22EE11-2F62-4E54-BF6E-6456AE5F2F9E}.Debug|Mixed Platforms.ActiveCfg = Debug|x86
		{7F22EE11-2F62-4E54-BF6E-6456AE5F2F9E}.Debug|Mixed Platforms.Build.0 = Debug|x86
		{7F22EE11-2F62-4E54-BF6E-6456AE5F2F9E}.Debug|x86.ActiveCfg = Debug|x86
		{7F22EE11-2F62-4E54-BF6E-6456AE5F2F9E}.Debug|x86.Build.0 = Debug|x86
		{7F22EE11-2F62-4E54-BF6E-6456AE5F2F9E}.Debug|Xbox 360.ActiveCfg = Debug|x86
		{7F22EE11-2F62-4E54-BF6E-6456AE5F2F9E}.Release|Any CPU.ActiveCfg = Release|x86
		{7F22EE11-2F62-4E54-BF6E-6456AE5F2F9E}.Release|Mixed Platforms.ActiveCfg = Release|x86
		{7F22EE11-2F62-4E54-BF6E-6456AE5F2F9E}.Release|Mixed Platforms.Build.0 = Release|x86
		{7F22EE11-2F62-4E54-BF6E-6456AE5F2F9E}.Release|x86.ActiveCfg = Release|x86
		{7F22EE11-2F62-4E54-BF6E-6456AE5F2F9E}.Release|x86.Build.0 = Release|x86
		{7F22EE11-2F62-4E54-BF6E-6456AE5F2F9E}.Release|Xbox 360.ActiveCfg = Release|x86
		{BB186731-32A0-4C0A-89C4-BAC749D0BE57}.Debug|Any CPU.ActiveCfg = Debug|x86
		{BB186731-32A0-4C0A-89C4-BAC749D0BE57}.Debug|Mixed Platforms.ActiveCfg = Debug|x86
		{BB186731-32A0-4C0A-89C4-BAC749D0BE57}.Debug|Mixed Platforms.Build.0 = Debug|x86
		{BB186731-32A0-4C0A-89C4-BAC749D0BE57}.Debug|x86.ActiveCfg = Debug|x86
		{BB186731-32A0-4C0A-89C4-BAC749D0BE57}.Debug|x86.Build.0 = Debug|x86
		{BB186731-32A0-4C0A-89C4-BAC749D0BE57}.Debug|Xbox 360.ActiveCfg = Debug|x86
		{BB186731-32A0-4C0A-89C4-BAC749D0BE57}.Release|Any CPU.ActiveCfg = Release|x86
		{BB186731-32A0-4C0A-89C4-BAC749D0BE57}.Release|Mixed Platforms.ActiveCfg = Release|x86
		{BB186731-32A0-4C0A-89C4-BAC749D0BE57}.Release|Mixed Platforms.Build.0 = Release|x86
		{BB186731-32A0-4C0A-89C4-BAC749D0BE57}.Release|x86.ActiveCfg = Release|x86
		{BB186731-32A0-4C0A-89C4-BAC749D0BE57}.Release|x86.Build.0 = Release|x86
		{BB186731-32A0-4C0A-89C4-BAC749D0BE57}.Release|Xbox 360.ActiveCfg = Release|x86
		{B356D8BA-DE81-469A-AD1A-951C1F99284A}.Debug|Any CPU.ActiveCfg = Debug|x86
		{B356D8BA-DE81-469A-AD1A-951C1F99284A}.Debug|Mixed Platforms.ActiveCfg = Debug|x86
		{B356D8BA-DE81-469A-AD1A-951C1F99284A}.Debug|Mixed Platforms.Build.0 = Debug|x86
		{B356D8BA-DE81-469A-AD1A-951C1F99284A}.Debug|x86.ActiveCfg = Debug|x86
		{B356D8BA-DE81-469A-AD1A-951C1F99284A}.Debug|x86.Build.0 = Debug|x86
		{B356D8BA-DE81-469A-AD1A-951C1F99284A}.Debug|Xbox 360.ActiveCfg = Debug|x86
		{B356D8BA-DE81-469A-AD1A-951C1F99284A}.Release|Any CPU.ActiveCfg = Release|x86
		{B356D8BA-DE81-469A-AD1A-951C1F99284A}.Release|Mixed Platforms.ActiveCfg = Release|x86
		{B356D8BA-DE81-469A-AD1A-951C1F99284A}.Release|Mixed Platforms.Build.0 = Release|x86
		{B356D8BA-DE81-469A-AD1A-951C1F99284A}.Release|x86.ActiveCfg = Release|x86
		{B356D8BA-DE81-469A-AD1A-951C1F99284A}.Release|x86.Build.0 = Release|x86
		{B356D8BA-DE81-469A-AD1A-951C1F99284A}.Release|Xbox 360.ActiveCfg = Release|x86
		{7879F6CD-7516-4BD5-A4DB-09B3F64607C0}.Debug|Any CPU.ActiveCfg = Debug|x86
		{7879F6CD-7516-4BD5-A4DB-09B3F64607C0}.Debug|Mixed Platforms.ActiveCfg = Debug|x86
		{7879F6CD-7516-4BD5-A4DB-09B3F64607C0}.Debug|x86.ActiveCfg = Debug|x86
		{7879F6CD-7516-4BD5-A4DB-09B3F64607C0}.Debug|Xbox 360.ActiveCfg = Debug|x86
		{7879F6CD-7516-4BD5-A4DB-09B3F64607C0}.Release|Any CPU.ActiveCfg = Release|x86
		{7879F6CD-7516-4BD5-A4DB-09B3F64607C0}.Release|Mixed Platforms.ActiveCfg = Release|x86
		{7879F6CD-7516-4BD5-A4DB-09B3F64607C0}.Release|x86.ActiveCfg = Release|x86
		{7879F6CD-7516-4BD5-A4DB-09B3F64607C0}.Release|Xbox 360.ActiveCfg = Release|x86
		{BFF47E18-72F7-40D0-8EA7-F848810B0BC6}.Debug|Any CPU.ActiveCfg = Debug|x86
		{BFF47E18-72F7-40D0-8EA7-F848810B0BC6}.Debug|Mixed Platforms.ActiveCfg = Debug|x86
		{BFF47E18-72F7-40D0-8EA7-F848810B0BC6}.Debug|x86.ActiveCfg = Debug|x86
		{BFF47E18-72F7-40D0-8EA7-F848810B0BC6}.Debug|Xbox 360.ActiveCfg = Debug|x86
		{BFF47E18-72F7-40D0-8EA7-F848810B0BC6}.Release|Any CPU.ActiveCfg = Release|x86
		{BFF47E18-72F7-40D0-8EA7-F848810B0BC6}.Release|Mixed Platforms.ActiveCfg = Release|x86
		{BFF47E18-72F7-40D0-8EA7-F848810B0BC6}.Release|x86.ActiveCfg = Release|x86
		{BFF47E18-72F7-40D0-8EA7-F848810B0BC6}.Release|Xbox 360.ActiveCfg = Release|x86
		{67F535E8-BE2A-4FB7-8611-5BBAAB5BB144}.Debug|Any CPU.ActiveCfg = Debug|x86
		{67F535E8-BE2A-4FB7-8611-5BBAAB5BB144}.Debug|Mixed Platforms.ActiveCfg = Debug|x86
		{67F535E8-BE2A-4FB7-8611-5BBAAB5BB144}.Debug|x86.ActiveCfg = Debug|x86
		{67F535E8-BE2A-4FB7-8611-5BBAAB5BB144}.Debug|Xbox 360.ActiveCfg = Debug|x86
		{67F535E8-BE2A-4FB7-8611-5BBAAB5BB144}.Release|Any CPU.ActiveCfg = Release|x86
		{67F535E8-BE2A-4FB7-8611-5BBAAB5BB144}.Release|Mixed Platforms.ActiveCfg = Release|x86
		{67F535E8-BE2A-4FB7-8611-5BBAAB5BB144}.Release|x86.ActiveCfg = Release|x86
		{67F535E8-BE2A-4FB7-8611-5BBAAB5BB144}.Release|Xbox 360.ActiveCfg = Release|x86
		{B0671EC1-493B-431B-9409-4102714A8EF0}.Debug|Any CPU.ActiveCfg = Debug|x86
		{B0671EC1-493B-431B-9409-4102714A8EF0}.Debug|Mixed Platforms.ActiveCfg = Debug|x86
		{B0671EC1-493B-431B-9409-4102714A8EF0}.Debug|x86.ActiveCfg = Debug|x86
		{B0671EC1-493B-431B-9409-4102714A8EF0}.Debug|Xbox 360.ActiveCfg = Debug|x86
		{B0671EC1-493B-431B-9409-4102714A8EF0}.Release|Any CPU.ActiveCfg = Release|x86
		{B0671EC1-493B-431B-9409-4102714A8EF0}.Release|Mixed Platforms.ActiveCfg = Release|x86
		{B0671EC1-493B-431B-9409-4102714A8EF0}.Release|x86.ActiveCfg = Release|x86
		{B0671EC1-493B-431B-9409-4102714A8EF0}.Release|Xbox 360.ActiveCfg = Release|x86
		{EC4F21AA-D53C-4738-9FA2-F2E1BEDE79CD}.Debug|Any CPU.ActiveCfg = Debug|Any CPU
		{EC4F21AA-D53C-4738-9FA2-F2E1BEDE79CD}.Debug|Mixed Platforms.ActiveCfg = Debug|Any CPU
		{EC4F21AA-D53C-4738-9FA2-F2E1BEDE79CD}.Debug|x86.ActiveCfg = Debug|Any CPU
		{EC4F21AA-D53C-4738-9FA2-F2E1BEDE79CD}.Debug|Xbox 360.ActiveCfg = Debug|Any CPU
		{EC4F21AA-D53C-4738-9FA2-F2E1BEDE79CD}.Release|Any CPU.ActiveCfg = Debug|Any CPU
		{EC4F21AA-D53C-4738-9FA2-F2E1BEDE79CD}.Release|Mixed Platforms.ActiveCfg = Debug|Any CPU
		{EC4F21AA-D53C-4738-9FA2-F2E1BEDE79CD}.Release|x86.ActiveCfg = Debug|Any CPU
		{EC4F21AA-D53C-4738-9FA2-F2E1BEDE79CD}.Release|Xbox 360.ActiveCfg = Debug|Any CPU
		{677A5415-E597-4BB0-8EA2-C2EAD8B7C6BD}.Debug|Any CPU.ActiveCfg = Debug|x86
		{677A5415-E597-4BB0-8EA2-C2EAD8B7C6BD}.Debug|Mixed Platforms.ActiveCfg = Debug|x86
		{677A5415-E597-4BB0-8EA2-C2EAD8B7C6BD}.Debug|x86.ActiveCfg = Debug|x86
		{677A5415-E597-4BB0-8EA2-C2EAD8B7C6BD}.Debug|Xbox 360.ActiveCfg = Debug|x86
		{677A5415-E597-4BB0-8EA2-C2EAD8B7C6BD}.Release|Any CPU.ActiveCfg = Release|x86
		{677A5415-E597-4BB0-8EA2-C2EAD8B7C6BD}.Release|Mixed Platforms.ActiveCfg = Release|x86
		{677A5415-E597-4BB0-8EA2-C2EAD8B7C6BD}.Release|x86.ActiveCfg = Release|x86
		{677A5415-E597-4BB0-8EA2-C2EAD8B7C6BD}.Release|Xbox 360.ActiveCfg = Release|x86
		{E94DEDCC-731E-4C99-8C2E-F161AF411A7B}.Debug|Any CPU.ActiveCfg = Debug|x86
		{E94DEDCC-731E-4C99-8C2E-F161AF411A7B}.Debug|Mixed Platforms.ActiveCfg = Debug|x86
		{E94DEDCC-731E-4C99-8C2E-F161AF411A7B}.Debug|x86.ActiveCfg = Debug|x86
		{E94DEDCC-731E-4C99-8C2E-F161AF411A7B}.Debug|Xbox 360.ActiveCfg = Debug|x86
		{E94DEDCC-731E-4C99-8C2E-F161AF411A7B}.Release|Any CPU.ActiveCfg = Release|x86
		{E94DEDCC-731E-4C99-8C2E-F161AF411A7B}.Release|Mixed Platforms.ActiveCfg = Release|x86
		{E94DEDCC-731E-4C99-8C2E-F161AF411A7B}.Release|x86.ActiveCfg = Release|x86
		{E94DEDCC-731E-4C99-8C2E-F161AF411A7B}.Release|Xbox 360.ActiveCfg = Release|x86
		{6DB0F0A6-982D-49C8-B48F-52ACA6A178D6}.Debug|Any CPU.ActiveCfg = Debug|Any CPU
		{6DB0F0A6-982D-49C8-B48F-52ACA6A178D6}.Debug|Any CPU.Build.0 = Debug|Any CPU
		{6DB0F0A6-982D-49C8-B48F-52ACA6A178D6}.Debug|Mixed Platforms.ActiveCfg = Debug|Any CPU
		{6DB0F0A6-982D-49C8-B48F-52ACA6A178D6}.Debug|Mixed Platforms.Build.0 = Debug|Any CPU
		{6DB0F0A6-982D-49C8-B48F-52ACA6A178D6}.Debug|x86.ActiveCfg = Debug|Any CPU
		{6DB0F0A6-982D-49C8-B48F-52ACA6A178D6}.Debug|Xbox 360.ActiveCfg = Debug|Any CPU
		{6DB0F0A6-982D-49C8-B48F-52ACA6A178D6}.Release|Any CPU.ActiveCfg = Release|Any CPU
		{6DB0F0A6-982D-49C8-B48F-52ACA6A178D6}.Release|Any CPU.Build.0 = Release|Any CPU
		{6DB0F0A6-982D-49C8-B48F-52ACA6A178D6}.Release|Mixed Platforms.ActiveCfg = Release|Any CPU
		{6DB0F0A6-982D-49C8-B48F-52ACA6A178D6}.Release|Mixed Platforms.Build.0 = Release|Any CPU
		{6DB0F0A6-982D-49C8-B48F-52ACA6A178D6}.Release|x86.ActiveCfg = Release|Any CPU
		{6DB0F0A6-982D-49C8-B48F-52ACA6A178D6}.Release|Xbox 360.ActiveCfg = Release|Any CPU
	EndGlobalSection
	GlobalSection(SolutionProperties) = preSolution
		HideSolutionNode = FALSE
	EndGlobalSection
EndGlobal
